<?xml version="1.0" encoding="UTF-8" standalone="yes" ?>
<CodeBlocks_project_file>
	<FileVersion major="1" minor="6" />
	<Project>
		<Option title="vDome" />
		<Option makefile_is_custom="1" />
		<Option pch_mode="2" />
		<Option compiler="gcc" />
		<Option virtualFolders="addons/;src/;build config/;addons/ofxBezierSurface/src/;addons/ofxM3U/src/;addons/ofxMediaType/libs/ofxMediaType/include/ofx/Media/;addons/ofxMediaType/libs/ofxMediaType/src/;addons/ofxMediaType/src/;addons/ofxMultiGLFWWindow/src/;addons/ofxOpenCv/libs/opencv/include/opencv/;addons/ofxOpenCv/libs/opencv/include/opencv2/calib3d/;addons/ofxOpenCv/libs/opencv/include/opencv2/contrib/;addons/ofxOpenCv/libs/opencv/include/opencv2/core/;addons/ofxOpenCv/libs/opencv/include/opencv2/features2d/;addons/ofxOpenCv/libs/opencv/include/opencv2/flann/;addons/ofxOpenCv/libs/opencv/include/opencv2/gpu/;addons/ofxOpenCv/libs/opencv/include/opencv2/highgui/;addons/ofxOpenCv/libs/opencv/include/opencv2/imgproc/;addons/ofxOpenCv/libs/opencv/include/opencv2/legacy/;addons/ofxOpenCv/libs/opencv/include/opencv2/ml/;addons/ofxOpenCv/libs/opencv/include/opencv2/objdetect/;addons/ofxOpenCv/libs/opencv/include/opencv2/;addons/ofxOpenCv/libs/opencv/include/opencv2/ts/;addons/ofxOpenCv/libs/opencv/include/opencv2/video/;addons/ofxOpenCv/src/;addons/ofxOsc/libs/oscpack/src/ip/;addons/ofxOsc/libs/oscpack/src/ip/posix/;addons/ofxOsc/libs/oscpack/src/ip/win32/;addons/ofxOsc/libs/oscpack/src/osc/;addons/ofxOsc/src/;src/vdome/;src/vdome/input/;src/vdome/menu/;src/vdome/renderer/;src/vdome/input/media/;src/vdome/renderer/projector/;" />
		<Build>
			<Target title="Debug">
				<Option output="bin/$(PROJECT_NAME)_debug" prefix_auto="1" extension_auto="1" />
				<Option working_dir="bin" />
				<Option object_output="obj/Debug/" />
				<Option external_deps="../../../libs/openFrameworksCompiled/lib/linux64/libopenFrameworksDebug.a;" />
				<Option type="1" />
				<Option compiler="gcc" />
				<Option projectLinkerOptionsRelation="2" />
			</Target>
			<Target title="Release">
				<Option output="bin/$(PROJECT_NAME)" prefix_auto="1" extension_auto="1" />
				<Option working_dir="bin" />
				<Option object_output="obj/Release/" />
				<Option external_deps="../../../libs/openFrameworksCompiled/lib/linux64/libopenFrameworks.a;" />
				<Option type="1" />
				<Option compiler="gcc" />
				<Option projectLinkerOptionsRelation="2" />
			</Target>
		</Build>
		<Unit filename="../../../addons/ofxBezierSurface/src/ofxBezierSurface.cpp">
			<Option virtualFolder="addons/ofxBezierSurface/src" />
		</Unit>
		<Unit filename="../../../addons/ofxBezierSurface/src/ofxBezierSurface.h">
			<Option virtualFolder="addons/ofxBezierSurface/src" />
		</Unit>
        <Unit filename="../../../addons/ofxCurvesTool/src/ofxCurvesTool.cpp">
			<Option virtualFolder="addons/ofxCurvesTool/src" />
		</Unit>
        <Unit filename="../../../addons/ofxCurvesTool/src/ofxCurvesTool.h">
			<Option virtualFolder="addons/ofxCurvesTool/src" />
		</Unit>
<Unit filename="../../../addons/ofxCurvesTool/src/CurveLut.cpp">
			<Option virtualFolder="addons/ofxCurvesTool/src" />
		</Unit>
        <Unit filename="../../../addons/ofxCurvesTool/src/CurveLut.h">
			<Option virtualFolder="addons/ofxCurvesTool/src" />
		</Unit>
		<Unit filename="../../../addons/ofxM3U/src/ofxM3U.cpp">
			<Option virtualFolder="addons/ofxM3U/src" />
		</Unit>
		<Unit filename="../../../addons/ofxM3U/src/ofxM3U.h">
			<Option virtualFolder="addons/ofxM3U/src" />
		</Unit>
		<Unit filename="../../../addons/ofxMediaType/libs/ofxMediaType/include/ofx/Media/AbstractMediaTypeProvider.h">
			<Option virtualFolder="addons/ofxMediaType/libs/ofxMediaType/include/ofx/Media" />
		</Unit>
		<Unit filename="../../../addons/ofxMediaType/libs/ofxMediaType/include/ofx/Media/MediaTypeMap.h">
			<Option virtualFolder="addons/ofxMediaType/libs/ofxMediaType/include/ofx/Media" />
		</Unit>
		<Unit filename="../../../addons/ofxMediaType/libs/ofxMediaType/src/MediaTypeMap.cpp">
			<Option virtualFolder="addons/ofxMediaType/libs/ofxMediaType/src" />
		</Unit>
		<Unit filename="../../../addons/ofxMediaType/src/ofxMediaType.h">
			<Option virtualFolder="addons/ofxMediaType/src" />
		</Unit>
		<Unit filename="../../../addons/ofxMultiGLFWWindow/src/ofxMultiGLFWWindow.cpp">
			<Option virtualFolder="addons/ofxMultiGLFWWindow/src" />
		</Unit>
		<Unit filename="../../../addons/ofxMultiGLFWWindow/src/ofxMultiGLFWWindow.h">
			<Option virtualFolder="addons/ofxMultiGLFWWindow/src" />
		</Unit>
		<Unit filename="../../../addons/ofxOpenCv/libs/opencv/include/opencv/cv.h">
			<Option virtualFolder="addons/ofxOpenCv/libs/opencv/include/opencv" />
		</Unit>
		<Unit filename="../../../addons/ofxOpenCv/libs/opencv/include/opencv/cv.hpp">
			<Option virtualFolder="addons/ofxOpenCv/libs/opencv/include/opencv" />
		</Unit>
		<Unit filename="../../../addons/ofxOpenCv/libs/opencv/include/opencv/cvaux.h">
			<Option virtualFolder="addons/ofxOpenCv/libs/opencv/include/opencv" />
		</Unit>
		<Unit filename="../../../addons/ofxOpenCv/libs/opencv/include/opencv/cvaux.hpp">
			<Option virtualFolder="addons/ofxOpenCv/libs/opencv/include/opencv" />
		</Unit>
		<Unit filename="../../../addons/ofxOpenCv/libs/opencv/include/opencv/cvwimage.h">
			<Option virtualFolder="addons/ofxOpenCv/libs/opencv/include/opencv" />
		</Unit>
		<Unit filename="../../../addons/ofxOpenCv/libs/opencv/include/opencv/cxcore.h">
			<Option virtualFolder="addons/ofxOpenCv/libs/opencv/include/opencv" />
		</Unit>
		<Unit filename="../../../addons/ofxOpenCv/libs/opencv/include/opencv/cxcore.hpp">
			<Option virtualFolder="addons/ofxOpenCv/libs/opencv/include/opencv" />
		</Unit>
		<Unit filename="../../../addons/ofxOpenCv/libs/opencv/include/opencv/cxeigen.hpp">
			<Option virtualFolder="addons/ofxOpenCv/libs/opencv/include/opencv" />
		</Unit>
		<Unit filename="../../../addons/ofxOpenCv/libs/opencv/include/opencv/cxmisc.h">
			<Option virtualFolder="addons/ofxOpenCv/libs/opencv/include/opencv" />
		</Unit>
		<Unit filename="../../../addons/ofxOpenCv/libs/opencv/include/opencv/highgui.h">
			<Option virtualFolder="addons/ofxOpenCv/libs/opencv/include/opencv" />
		</Unit>
		<Unit filename="../../../addons/ofxOpenCv/libs/opencv/include/opencv/ml.h">
			<Option virtualFolder="addons/ofxOpenCv/libs/opencv/include/opencv" />
		</Unit>
		<Unit filename="../../../addons/ofxOpenCv/libs/opencv/include/opencv2/calib3d/calib3d.hpp">
			<Option virtualFolder="addons/ofxOpenCv/libs/opencv/include/opencv2/calib3d" />
		</Unit>
		<Unit filename="../../../addons/ofxOpenCv/libs/opencv/include/opencv2/contrib/contrib.hpp">
			<Option virtualFolder="addons/ofxOpenCv/libs/opencv/include/opencv2/contrib" />
		</Unit>
		<Unit filename="../../../addons/ofxOpenCv/libs/opencv/include/opencv2/contrib/retina.hpp">
			<Option virtualFolder="addons/ofxOpenCv/libs/opencv/include/opencv2/contrib" />
		</Unit>
		<Unit filename="../../../addons/ofxOpenCv/libs/opencv/include/opencv2/core/core.hpp">
			<Option virtualFolder="addons/ofxOpenCv/libs/opencv/include/opencv2/core" />
		</Unit>
		<Unit filename="../../../addons/ofxOpenCv/libs/opencv/include/opencv2/core/core_c.h">
			<Option virtualFolder="addons/ofxOpenCv/libs/opencv/include/opencv2/core" />
		</Unit>
		<Unit filename="../../../addons/ofxOpenCv/libs/opencv/include/opencv2/core/eigen.hpp">
			<Option virtualFolder="addons/ofxOpenCv/libs/opencv/include/opencv2/core" />
		</Unit>
		<Unit filename="../../../addons/ofxOpenCv/libs/opencv/include/opencv2/core/internal.hpp">
			<Option virtualFolder="addons/ofxOpenCv/libs/opencv/include/opencv2/core" />
		</Unit>
		<Unit filename="../../../addons/ofxOpenCv/libs/opencv/include/opencv2/core/mat.hpp">
			<Option virtualFolder="addons/ofxOpenCv/libs/opencv/include/opencv2/core" />
		</Unit>
		<Unit filename="../../../addons/ofxOpenCv/libs/opencv/include/opencv2/core/operations.hpp">
			<Option virtualFolder="addons/ofxOpenCv/libs/opencv/include/opencv2/core" />
		</Unit>
		<Unit filename="../../../addons/ofxOpenCv/libs/opencv/include/opencv2/core/types_c.h">
			<Option virtualFolder="addons/ofxOpenCv/libs/opencv/include/opencv2/core" />
		</Unit>
		<Unit filename="../../../addons/ofxOpenCv/libs/opencv/include/opencv2/core/version.hpp">
			<Option virtualFolder="addons/ofxOpenCv/libs/opencv/include/opencv2/core" />
		</Unit>
		<Unit filename="../../../addons/ofxOpenCv/libs/opencv/include/opencv2/core/wimage.hpp">
			<Option virtualFolder="addons/ofxOpenCv/libs/opencv/include/opencv2/core" />
		</Unit>
		<Unit filename="../../../addons/ofxOpenCv/libs/opencv/include/opencv2/features2d/features2d.hpp">
			<Option virtualFolder="addons/ofxOpenCv/libs/opencv/include/opencv2/features2d" />
		</Unit>
		<Unit filename="../../../addons/ofxOpenCv/libs/opencv/include/opencv2/flann/all_indices.h">
			<Option virtualFolder="addons/ofxOpenCv/libs/opencv/include/opencv2/flann" />
		</Unit>
		<Unit filename="../../../addons/ofxOpenCv/libs/opencv/include/opencv2/flann/allocator.h">
			<Option virtualFolder="addons/ofxOpenCv/libs/opencv/include/opencv2/flann" />
		</Unit>
		<Unit filename="../../../addons/ofxOpenCv/libs/opencv/include/opencv2/flann/any.h">
			<Option virtualFolder="addons/ofxOpenCv/libs/opencv/include/opencv2/flann" />
		</Unit>
		<Unit filename="../../../addons/ofxOpenCv/libs/opencv/include/opencv2/flann/autotuned_index.h">
			<Option virtualFolder="addons/ofxOpenCv/libs/opencv/include/opencv2/flann" />
		</Unit>
		<Unit filename="../../../addons/ofxOpenCv/libs/opencv/include/opencv2/flann/composite_index.h">
			<Option virtualFolder="addons/ofxOpenCv/libs/opencv/include/opencv2/flann" />
		</Unit>
		<Unit filename="../../../addons/ofxOpenCv/libs/opencv/include/opencv2/flann/config.h">
			<Option virtualFolder="addons/ofxOpenCv/libs/opencv/include/opencv2/flann" />
		</Unit>
		<Unit filename="../../../addons/ofxOpenCv/libs/opencv/include/opencv2/flann/defines.h">
			<Option virtualFolder="addons/ofxOpenCv/libs/opencv/include/opencv2/flann" />
		</Unit>
		<Unit filename="../../../addons/ofxOpenCv/libs/opencv/include/opencv2/flann/dist.h">
			<Option virtualFolder="addons/ofxOpenCv/libs/opencv/include/opencv2/flann" />
		</Unit>
		<Unit filename="../../../addons/ofxOpenCv/libs/opencv/include/opencv2/flann/dummy.h">
			<Option virtualFolder="addons/ofxOpenCv/libs/opencv/include/opencv2/flann" />
		</Unit>
		<Unit filename="../../../addons/ofxOpenCv/libs/opencv/include/opencv2/flann/dynamic_bitset.h">
			<Option virtualFolder="addons/ofxOpenCv/libs/opencv/include/opencv2/flann" />
		</Unit>
		<Unit filename="../../../addons/ofxOpenCv/libs/opencv/include/opencv2/flann/flann.hpp">
			<Option virtualFolder="addons/ofxOpenCv/libs/opencv/include/opencv2/flann" />
		</Unit>
		<Unit filename="../../../addons/ofxOpenCv/libs/opencv/include/opencv2/flann/flann_base.hpp">
			<Option virtualFolder="addons/ofxOpenCv/libs/opencv/include/opencv2/flann" />
		</Unit>
		<Unit filename="../../../addons/ofxOpenCv/libs/opencv/include/opencv2/flann/general.h">
			<Option virtualFolder="addons/ofxOpenCv/libs/opencv/include/opencv2/flann" />
		</Unit>
		<Unit filename="../../../addons/ofxOpenCv/libs/opencv/include/opencv2/flann/ground_truth.h">
			<Option virtualFolder="addons/ofxOpenCv/libs/opencv/include/opencv2/flann" />
		</Unit>
		<Unit filename="../../../addons/ofxOpenCv/libs/opencv/include/opencv2/flann/hdf5.h">
			<Option virtualFolder="addons/ofxOpenCv/libs/opencv/include/opencv2/flann" />
		</Unit>
		<Unit filename="../../../addons/ofxOpenCv/libs/opencv/include/opencv2/flann/heap.h">
			<Option virtualFolder="addons/ofxOpenCv/libs/opencv/include/opencv2/flann" />
		</Unit>
		<Unit filename="../../../addons/ofxOpenCv/libs/opencv/include/opencv2/flann/hierarchical_clustering_index.h">
			<Option virtualFolder="addons/ofxOpenCv/libs/opencv/include/opencv2/flann" />
		</Unit>
		<Unit filename="../../../addons/ofxOpenCv/libs/opencv/include/opencv2/flann/index_testing.h">
			<Option virtualFolder="addons/ofxOpenCv/libs/opencv/include/opencv2/flann" />
		</Unit>
		<Unit filename="../../../addons/ofxOpenCv/libs/opencv/include/opencv2/flann/kdtree_index.h">
			<Option virtualFolder="addons/ofxOpenCv/libs/opencv/include/opencv2/flann" />
		</Unit>
		<Unit filename="../../../addons/ofxOpenCv/libs/opencv/include/opencv2/flann/kdtree_single_index.h">
			<Option virtualFolder="addons/ofxOpenCv/libs/opencv/include/opencv2/flann" />
		</Unit>
		<Unit filename="../../../addons/ofxOpenCv/libs/opencv/include/opencv2/flann/kmeans_index.h">
			<Option virtualFolder="addons/ofxOpenCv/libs/opencv/include/opencv2/flann" />
		</Unit>
		<Unit filename="../../../addons/ofxOpenCv/libs/opencv/include/opencv2/flann/linear_index.h">
			<Option virtualFolder="addons/ofxOpenCv/libs/opencv/include/opencv2/flann" />
		</Unit>
		<Unit filename="../../../addons/ofxOpenCv/libs/opencv/include/opencv2/flann/logger.h">
			<Option virtualFolder="addons/ofxOpenCv/libs/opencv/include/opencv2/flann" />
		</Unit>
		<Unit filename="../../../addons/ofxOpenCv/libs/opencv/include/opencv2/flann/lsh_index.h">
			<Option virtualFolder="addons/ofxOpenCv/libs/opencv/include/opencv2/flann" />
		</Unit>
		<Unit filename="../../../addons/ofxOpenCv/libs/opencv/include/opencv2/flann/lsh_table.h">
			<Option virtualFolder="addons/ofxOpenCv/libs/opencv/include/opencv2/flann" />
		</Unit>
		<Unit filename="../../../addons/ofxOpenCv/libs/opencv/include/opencv2/flann/matrix.h">
			<Option virtualFolder="addons/ofxOpenCv/libs/opencv/include/opencv2/flann" />
		</Unit>
		<Unit filename="../../../addons/ofxOpenCv/libs/opencv/include/opencv2/flann/miniflann.hpp">
			<Option virtualFolder="addons/ofxOpenCv/libs/opencv/include/opencv2/flann" />
		</Unit>
		<Unit filename="../../../addons/ofxOpenCv/libs/opencv/include/opencv2/flann/nn_index.h">
			<Option virtualFolder="addons/ofxOpenCv/libs/opencv/include/opencv2/flann" />
		</Unit>
		<Unit filename="../../../addons/ofxOpenCv/libs/opencv/include/opencv2/flann/object_factory.h">
			<Option virtualFolder="addons/ofxOpenCv/libs/opencv/include/opencv2/flann" />
		</Unit>
		<Unit filename="../../../addons/ofxOpenCv/libs/opencv/include/opencv2/flann/params.h">
			<Option virtualFolder="addons/ofxOpenCv/libs/opencv/include/opencv2/flann" />
		</Unit>
		<Unit filename="../../../addons/ofxOpenCv/libs/opencv/include/opencv2/flann/random.h">
			<Option virtualFolder="addons/ofxOpenCv/libs/opencv/include/opencv2/flann" />
		</Unit>
		<Unit filename="../../../addons/ofxOpenCv/libs/opencv/include/opencv2/flann/result_set.h">
			<Option virtualFolder="addons/ofxOpenCv/libs/opencv/include/opencv2/flann" />
		</Unit>
		<Unit filename="../../../addons/ofxOpenCv/libs/opencv/include/opencv2/flann/sampling.h">
			<Option virtualFolder="addons/ofxOpenCv/libs/opencv/include/opencv2/flann" />
		</Unit>
		<Unit filename="../../../addons/ofxOpenCv/libs/opencv/include/opencv2/flann/saving.h">
			<Option virtualFolder="addons/ofxOpenCv/libs/opencv/include/opencv2/flann" />
		</Unit>
		<Unit filename="../../../addons/ofxOpenCv/libs/opencv/include/opencv2/flann/simplex_downhill.h">
			<Option virtualFolder="addons/ofxOpenCv/libs/opencv/include/opencv2/flann" />
		</Unit>
		<Unit filename="../../../addons/ofxOpenCv/libs/opencv/include/opencv2/flann/timer.h">
			<Option virtualFolder="addons/ofxOpenCv/libs/opencv/include/opencv2/flann" />
		</Unit>
		<Unit filename="../../../addons/ofxOpenCv/libs/opencv/include/opencv2/gpu/devmem2d.hpp">
			<Option virtualFolder="addons/ofxOpenCv/libs/opencv/include/opencv2/gpu" />
		</Unit>
		<Unit filename="../../../addons/ofxOpenCv/libs/opencv/include/opencv2/gpu/gpu.hpp">
			<Option virtualFolder="addons/ofxOpenCv/libs/opencv/include/opencv2/gpu" />
		</Unit>
		<Unit filename="../../../addons/ofxOpenCv/libs/opencv/include/opencv2/gpu/gpumat.hpp">
			<Option virtualFolder="addons/ofxOpenCv/libs/opencv/include/opencv2/gpu" />
		</Unit>
		<Unit filename="../../../addons/ofxOpenCv/libs/opencv/include/opencv2/gpu/matrix_operations.hpp">
			<Option virtualFolder="addons/ofxOpenCv/libs/opencv/include/opencv2/gpu" />
		</Unit>
		<Unit filename="../../../addons/ofxOpenCv/libs/opencv/include/opencv2/gpu/stream_accessor.hpp">
			<Option virtualFolder="addons/ofxOpenCv/libs/opencv/include/opencv2/gpu" />
		</Unit>
		<Unit filename="../../../addons/ofxOpenCv/libs/opencv/include/opencv2/highgui/highgui.hpp">
			<Option virtualFolder="addons/ofxOpenCv/libs/opencv/include/opencv2/highgui" />
		</Unit>
		<Unit filename="../../../addons/ofxOpenCv/libs/opencv/include/opencv2/highgui/highgui_c.h">
			<Option virtualFolder="addons/ofxOpenCv/libs/opencv/include/opencv2/highgui" />
		</Unit>
		<Unit filename="../../../addons/ofxOpenCv/libs/opencv/include/opencv2/imgproc/imgproc.hpp">
			<Option virtualFolder="addons/ofxOpenCv/libs/opencv/include/opencv2/imgproc" />
		</Unit>
		<Unit filename="../../../addons/ofxOpenCv/libs/opencv/include/opencv2/imgproc/imgproc_c.h">
			<Option virtualFolder="addons/ofxOpenCv/libs/opencv/include/opencv2/imgproc" />
		</Unit>
		<Unit filename="../../../addons/ofxOpenCv/libs/opencv/include/opencv2/imgproc/types_c.h">
			<Option virtualFolder="addons/ofxOpenCv/libs/opencv/include/opencv2/imgproc" />
		</Unit>
		<Unit filename="../../../addons/ofxOpenCv/libs/opencv/include/opencv2/legacy/blobtrack.hpp">
			<Option virtualFolder="addons/ofxOpenCv/libs/opencv/include/opencv2/legacy" />
		</Unit>
		<Unit filename="../../../addons/ofxOpenCv/libs/opencv/include/opencv2/legacy/compat.hpp">
			<Option virtualFolder="addons/ofxOpenCv/libs/opencv/include/opencv2/legacy" />
		</Unit>
		<Unit filename="../../../addons/ofxOpenCv/libs/opencv/include/opencv2/legacy/legacy.hpp">
			<Option virtualFolder="addons/ofxOpenCv/libs/opencv/include/opencv2/legacy" />
		</Unit>
		<Unit filename="../../../addons/ofxOpenCv/libs/opencv/include/opencv2/legacy/streams.hpp">
			<Option virtualFolder="addons/ofxOpenCv/libs/opencv/include/opencv2/legacy" />
		</Unit>
		<Unit filename="../../../addons/ofxOpenCv/libs/opencv/include/opencv2/ml/ml.hpp">
			<Option virtualFolder="addons/ofxOpenCv/libs/opencv/include/opencv2/ml" />
		</Unit>
		<Unit filename="../../../addons/ofxOpenCv/libs/opencv/include/opencv2/objdetect/objdetect.hpp">
			<Option virtualFolder="addons/ofxOpenCv/libs/opencv/include/opencv2/objdetect" />
		</Unit>
		<Unit filename="../../../addons/ofxOpenCv/libs/opencv/include/opencv2/opencv.hpp">
			<Option virtualFolder="addons/ofxOpenCv/libs/opencv/include/opencv2" />
		</Unit>
		<Unit filename="../../../addons/ofxOpenCv/libs/opencv/include/opencv2/ts/ts.hpp">
			<Option virtualFolder="addons/ofxOpenCv/libs/opencv/include/opencv2/ts" />
		</Unit>
		<Unit filename="../../../addons/ofxOpenCv/libs/opencv/include/opencv2/ts/ts_gtest.h">
			<Option virtualFolder="addons/ofxOpenCv/libs/opencv/include/opencv2/ts" />
		</Unit>
		<Unit filename="../../../addons/ofxOpenCv/libs/opencv/include/opencv2/video/background_segm.hpp">
			<Option virtualFolder="addons/ofxOpenCv/libs/opencv/include/opencv2/video" />
		</Unit>
		<Unit filename="../../../addons/ofxOpenCv/libs/opencv/include/opencv2/video/tracking.hpp">
			<Option virtualFolder="addons/ofxOpenCv/libs/opencv/include/opencv2/video" />
		</Unit>
		<Unit filename="../../../addons/ofxOpenCv/libs/opencv/include/opencv2/video/video.hpp">
			<Option virtualFolder="addons/ofxOpenCv/libs/opencv/include/opencv2/video" />
		</Unit>
		<Unit filename="../../../addons/ofxOpenCv/src/ofxCvBlob.h">
			<Option virtualFolder="addons/ofxOpenCv/src" />
		</Unit>
		<Unit filename="../../../addons/ofxOpenCv/src/ofxCvColorImage.cpp">
			<Option virtualFolder="addons/ofxOpenCv/src" />
		</Unit>
		<Unit filename="../../../addons/ofxOpenCv/src/ofxCvColorImage.h">
			<Option virtualFolder="addons/ofxOpenCv/src" />
		</Unit>
		<Unit filename="../../../addons/ofxOpenCv/src/ofxCvConstants.h">
			<Option virtualFolder="addons/ofxOpenCv/src" />
		</Unit>
		<Unit filename="../../../addons/ofxOpenCv/src/ofxCvContourFinder.cpp">
			<Option virtualFolder="addons/ofxOpenCv/src" />
		</Unit>
		<Unit filename="../../../addons/ofxOpenCv/src/ofxCvContourFinder.h">
			<Option virtualFolder="addons/ofxOpenCv/src" />
		</Unit>
		<Unit filename="../../../addons/ofxOpenCv/src/ofxCvFloatImage.cpp">
			<Option virtualFolder="addons/ofxOpenCv/src" />
		</Unit>
		<Unit filename="../../../addons/ofxOpenCv/src/ofxCvFloatImage.h">
			<Option virtualFolder="addons/ofxOpenCv/src" />
		</Unit>
		<Unit filename="../../../addons/ofxOpenCv/src/ofxCvGrayscaleImage.cpp">
			<Option virtualFolder="addons/ofxOpenCv/src" />
		</Unit>
		<Unit filename="../../../addons/ofxOpenCv/src/ofxCvGrayscaleImage.h">
			<Option virtualFolder="addons/ofxOpenCv/src" />
		</Unit>
		<Unit filename="../../../addons/ofxOpenCv/src/ofxCvHaarFinder.cpp">
			<Option virtualFolder="addons/ofxOpenCv/src" />
		</Unit>
		<Unit filename="../../../addons/ofxOpenCv/src/ofxCvHaarFinder.h">
			<Option virtualFolder="addons/ofxOpenCv/src" />
		</Unit>
		<Unit filename="../../../addons/ofxOpenCv/src/ofxCvImage.cpp">
			<Option virtualFolder="addons/ofxOpenCv/src" />
		</Unit>
		<Unit filename="../../../addons/ofxOpenCv/src/ofxCvImage.h">
			<Option virtualFolder="addons/ofxOpenCv/src" />
		</Unit>
		<Unit filename="../../../addons/ofxOpenCv/src/ofxCvShortImage.cpp">
			<Option virtualFolder="addons/ofxOpenCv/src" />
		</Unit>
		<Unit filename="../../../addons/ofxOpenCv/src/ofxCvShortImage.h">
			<Option virtualFolder="addons/ofxOpenCv/src" />
		</Unit>
		<Unit filename="../../../addons/ofxOpenCv/src/ofxOpenCv.h">
			<Option virtualFolder="addons/ofxOpenCv/src" />
		</Unit>
		<Unit filename="../../../addons/ofxOsc/libs/oscpack/src/ip/IpEndpointName.cpp">
			<Option virtualFolder="addons/ofxOsc/libs/oscpack/src/ip" />
		</Unit>
		<Unit filename="../../../addons/ofxOsc/libs/oscpack/src/ip/IpEndpointName.h">
			<Option virtualFolder="addons/ofxOsc/libs/oscpack/src/ip" />
		</Unit>
		<Unit filename="../../../addons/ofxOsc/libs/oscpack/src/ip/NetworkingUtils.h">
			<Option virtualFolder="addons/ofxOsc/libs/oscpack/src/ip" />
		</Unit>
		<Unit filename="../../../addons/ofxOsc/libs/oscpack/src/ip/PacketListener.h">
			<Option virtualFolder="addons/ofxOsc/libs/oscpack/src/ip" />
		</Unit>
		<Unit filename="../../../addons/ofxOsc/libs/oscpack/src/ip/TimerListener.h">
			<Option virtualFolder="addons/ofxOsc/libs/oscpack/src/ip" />
		</Unit>
		<Unit filename="../../../addons/ofxOsc/libs/oscpack/src/ip/UdpSocket.h">
			<Option virtualFolder="addons/ofxOsc/libs/oscpack/src/ip" />
		</Unit>
		<Unit filename="../../../addons/ofxOsc/libs/oscpack/src/ip/posix/NetworkingUtils.cpp">
			<Option virtualFolder="addons/ofxOsc/libs/oscpack/src/ip/posix" />
		</Unit>
		<Unit filename="../../../addons/ofxOsc/libs/oscpack/src/ip/posix/UdpSocket.cpp">
			<Option virtualFolder="addons/ofxOsc/libs/oscpack/src/ip/posix" />
		</Unit>
		<Unit filename="../../../addons/ofxOsc/libs/oscpack/src/ip/win32/NetworkingUtilsWin.cpp">
			<Option virtualFolder="addons/ofxOsc/libs/oscpack/src/ip/win32" />
		</Unit>
		<Unit filename="../../../addons/ofxOsc/libs/oscpack/src/ip/win32/UdpSocketWin.cpp">
			<Option virtualFolder="addons/ofxOsc/libs/oscpack/src/ip/win32" />
		</Unit>
		<Unit filename="../../../addons/ofxOsc/libs/oscpack/src/osc/MessageMappingOscPacketListener.h">
			<Option virtualFolder="addons/ofxOsc/libs/oscpack/src/osc" />
		</Unit>
		<Unit filename="../../../addons/ofxOsc/libs/oscpack/src/osc/OscException.h">
			<Option virtualFolder="addons/ofxOsc/libs/oscpack/src/osc" />
		</Unit>
		<Unit filename="../../../addons/ofxOsc/libs/oscpack/src/osc/OscHostEndianness.h">
			<Option virtualFolder="addons/ofxOsc/libs/oscpack/src/osc" />
		</Unit>
		<Unit filename="../../../addons/ofxOsc/libs/oscpack/src/osc/OscOutboundPacketStream.cpp">
			<Option virtualFolder="addons/ofxOsc/libs/oscpack/src/osc" />
		</Unit>
		<Unit filename="../../../addons/ofxOsc/libs/oscpack/src/osc/OscOutboundPacketStream.h">
			<Option virtualFolder="addons/ofxOsc/libs/oscpack/src/osc" />
		</Unit>
		<Unit filename="../../../addons/ofxOsc/libs/oscpack/src/osc/OscPacketListener.h">
			<Option virtualFolder="addons/ofxOsc/libs/oscpack/src/osc" />
		</Unit>
		<Unit filename="../../../addons/ofxOsc/libs/oscpack/src/osc/OscPrintReceivedElements.cpp">
			<Option virtualFolder="addons/ofxOsc/libs/oscpack/src/osc" />
		</Unit>
		<Unit filename="../../../addons/ofxOsc/libs/oscpack/src/osc/OscPrintReceivedElements.h">
			<Option virtualFolder="addons/ofxOsc/libs/oscpack/src/osc" />
		</Unit>
		<Unit filename="../../../addons/ofxOsc/libs/oscpack/src/osc/OscReceivedElements.cpp">
			<Option virtualFolder="addons/ofxOsc/libs/oscpack/src/osc" />
		</Unit>
		<Unit filename="../../../addons/ofxOsc/libs/oscpack/src/osc/OscReceivedElements.h">
			<Option virtualFolder="addons/ofxOsc/libs/oscpack/src/osc" />
		</Unit>
		<Unit filename="../../../addons/ofxOsc/libs/oscpack/src/osc/OscTypes.cpp">
			<Option virtualFolder="addons/ofxOsc/libs/oscpack/src/osc" />
		</Unit>
		<Unit filename="../../../addons/ofxOsc/libs/oscpack/src/osc/OscTypes.h">
			<Option virtualFolder="addons/ofxOsc/libs/oscpack/src/osc" />
		</Unit>
		<Unit filename="../../../addons/ofxOsc/src/ofxOsc.h">
			<Option virtualFolder="addons/ofxOsc/src" />
		</Unit>
		<Unit filename="../../../addons/ofxOsc/src/ofxOscArg.h">
			<Option virtualFolder="addons/ofxOsc/src" />
		</Unit>
		<Unit filename="../../../addons/ofxOsc/src/ofxOscBundle.cpp">
			<Option virtualFolder="addons/ofxOsc/src" />
		</Unit>
		<Unit filename="../../../addons/ofxOsc/src/ofxOscBundle.h">
			<Option virtualFolder="addons/ofxOsc/src" />
		</Unit>
		<Unit filename="../../../addons/ofxOsc/src/ofxOscMessage.cpp">
			<Option virtualFolder="addons/ofxOsc/src" />
		</Unit>
		<Unit filename="../../../addons/ofxOsc/src/ofxOscMessage.h">
			<Option virtualFolder="addons/ofxOsc/src" />
		</Unit>
		<Unit filename="../../../addons/ofxOsc/src/ofxOscParameterSync.cpp">
			<Option virtualFolder="addons/ofxOsc/src" />
		</Unit>
		<Unit filename="../../../addons/ofxOsc/src/ofxOscParameterSync.h">
			<Option virtualFolder="addons/ofxOsc/src" />
		</Unit>
		<Unit filename="../../../addons/ofxOsc/src/ofxOscReceiver.cpp">
			<Option virtualFolder="addons/ofxOsc/src" />
		</Unit>
		<Unit filename="../../../addons/ofxOsc/src/ofxOscReceiver.h">
			<Option virtualFolder="addons/ofxOsc/src" />
		</Unit>
		<Unit filename="../../../addons/ofxOsc/src/ofxOscSender.cpp">
			<Option virtualFolder="addons/ofxOsc/src" />
		</Unit>
		<Unit filename="../../../addons/ofxOsc/src/ofxOscSender.h">
			<Option virtualFolder="addons/ofxOsc/src" />
		</Unit>
		<Unit filename="config.make">
			<Option virtualFolder="src/vdome/input/" />
		</Unit>
		<Unit filename="src/main.cpp">
			<Option virtualFolder="src/" />
		</Unit>
		<Unit filename="src/vdome/input/capture.cpp">
			<Option virtualFolder="src/vdome/input/" />
		</Unit>
		<Unit filename="src/vdome/input/capture.h">
			<Option virtualFolder="src/vdome/input/" />
		</Unit>
		<Unit filename="src/vdome/input/color.cpp">
			<Option virtualFolder="src/vdome/input/" />
		</Unit>
		<Unit filename="src/vdome/input/color.h">
			<Option virtualFolder="src/vdome/input/" />
		</Unit>
		<Unit filename="src/vdome/input/input.cpp">
			<Option virtualFolder="src/vdome/input/" />
		</Unit>
		<Unit filename="src/vdome/input/input.h">
			<Option virtualFolder="src/vdome/input/" />
		</Unit>
		<Unit filename="src/vdome/input/media/image.cpp">
			<Option virtualFolder="src/vdome/input/media/" />
		</Unit>
		<Unit filename="src/vdome/input/media/image.h">
			<Option virtualFolder="src/vdome/input/media/" />
		</Unit>
		<Unit filename="src/vdome/input/media/media.cpp">
			<Option virtualFolder="src/vdome/input/media/" />
		</Unit>
		<Unit filename="src/vdome/input/media/media.h">
			<Option virtualFolder="src/vdome/input/media/" />
		</Unit>
		<Unit filename="src/vdome/input/media/videoGST.cpp">
			<Option virtualFolder="src/vdome/input/media/" />
		</Unit>
		<Unit filename="src/vdome/input/media/videoGST.h">
			<Option virtualFolder="src/vdome/input/media/" />
		</Unit>
		<Unit filename="src/vdome/input/media/videoLinux.cpp">
			<Option virtualFolder="src/vdome/input/media/" />
		</Unit>
		<Unit filename="src/vdome/input/media/videoLinux.h">
			<Option virtualFolder="src/vdome/input/media/" />
		</Unit>
		<Unit filename="src/vdome/input/ofPBO.cpp">
			<Option virtualFolder="src/vdome/input/" />
		</Unit>
		<Unit filename="src/vdome/input/ofPBO.h">
			<Option virtualFolder="src/vdome/input/" />
		</Unit>
		<Unit filename="src/vdome/menu/command.cpp">
			<Option virtualFolder="src/vdome/menu/" />
		</Unit>
		<Unit filename="src/vdome/menu/command.h">
			<Option virtualFolder="src/vdome/menu/" />
		</Unit>
		<Unit filename="src/vdome/menu/menu.cpp">
			<Option virtualFolder="src/vdome/menu/" />
		</Unit>
		<Unit filename="src/vdome/menu/menu.h">
			<Option virtualFolder="src/vdome/menu/" />
		</Unit>
		<Unit filename="src/vdome/menu/saveThread.h">
			<Option virtualFolder="src/vdome/menu/" />
		</Unit>
		<Unit filename="src/vdome/menu/socket.cpp">
			<Option virtualFolder="src/vdome/menu/" />
		</Unit>
		<Unit filename="src/vdome/menu/socket.h">
			<Option virtualFolder="src/vdome/menu/" />
		</Unit>
		<Unit filename="src/vdome/renderer/model.cpp">
			<Option virtualFolder="src/vdome/renderer/" />
		</Unit>
		<Unit filename="src/vdome/renderer/model.h">
			<Option virtualFolder="src/vdome/renderer/" />
		</Unit>
		<Unit filename="src/vdome/renderer/projector/camera.cpp">
			<Option virtualFolder="src/vdome/renderer/projector/" />
		</Unit>
		<Unit filename="src/vdome/renderer/projector/camera.h">
			<Option virtualFolder="src/vdome/renderer/projector/" />
		</Unit>
		<Unit filename="src/vdome/renderer/projector/cornerpin.cpp">
			<Option virtualFolder="src/vdome/renderer/projector/" />
		</Unit>
		<Unit filename="src/vdome/renderer/projector/cornerpin.h">
			<Option virtualFolder="src/vdome/renderer/projector/" />
		</Unit>
		<Unit filename="src/vdome/renderer/projector/mask.cpp">
			<Option virtualFolder="src/vdome/renderer/projector/" />
		</Unit>
		<Unit filename="src/vdome/renderer/projector/mask.h">
			<Option virtualFolder="src/vdome/renderer/projector/" />
		</Unit>
		<Unit filename="src/vdome/renderer/projector/plane.cpp">
			<Option virtualFolder="src/vdome/renderer/projector/" />
		</Unit>
		<Unit filename="src/vdome/renderer/projector/plane.h">
			<Option virtualFolder="src/vdome/renderer/projector/" />
		</Unit>
		<Unit filename="src/vdome/renderer/projector/projector.cpp">
			<Option virtualFolder="src/vdome/renderer/projector/" />
		</Unit>
		<Unit filename="src/vdome/renderer/projector/projector.h">
			<Option virtualFolder="src/vdome/renderer/projector/" />
		</Unit>
        <Unit filename="src/vdome/renderer/projector/curves.cpp">
			<Option virtualFolder="src/vdome/renderer/projector/" />
		</Unit>
		<Unit filename="src/vdome/renderer/projector/curves.h">
			<Option virtualFolder="src/vdome/renderer/projector/" />
		</Unit>
		<Unit filename="src/vdome/renderer/render.cpp">
			<Option virtualFolder="src/vdome/renderer/" />
		</Unit>
		<Unit filename="src/vdome/renderer/render.h">
			<Option virtualFolder="src/vdome/renderer/" />
		</Unit>
		<Unit filename="src/vdome/renderer/window.cpp">
			<Option virtualFolder="src/vdome/renderer/" />
		</Unit>
		<Unit filename="src/vdome/renderer/window.h">
			<Option virtualFolder="src/vdome/renderer/" />
		</Unit>
		<Unit filename="src/vdome/vdome.cpp">
			<Option virtualFolder="src/vdome/" />
		</Unit>
		<Unit filename="src/vdome/vdome.h">
			<Option virtualFolder="src/vdome/" />
		</Unit>
		<Extensions>
			<code_completion />
			<envvars />
			<debugger />
		</Extensions>
	</Project>
</CodeBlocks_project_file>
