<?xml version="1.0" encoding="utf-8"?>
<Project ToolsVersion="4.0" xmlns="http://schemas.microsoft.com/developer/msbuild/2003">
  <ItemGroup>
    <ClCompile Include="src\main.cpp">
      <Filter>src</Filter>
    </ClCompile>
    <ClCompile Include="..\..\..\addons\ofxLibwebsockets\libs\jsoncpp\jsoncpp.cpp">
      <Filter>addons\ofxLibwebsockets\libs\jsoncpp</Filter>
    </ClCompile>
    <ClCompile Include="..\..\..\addons\ofxLibwebsockets\libs\ofxLibwebsockets\src\Client.cpp">
      <Filter>addons\ofxLibwebsockets\libs\ofxLibwebsockets\src</Filter>
    </ClCompile>
    <ClCompile Include="..\..\..\addons\ofxLibwebsockets\libs\ofxLibwebsockets\src\Connection.cpp">
      <Filter>addons\ofxLibwebsockets\libs\ofxLibwebsockets\src</Filter>
    </ClCompile>
    <ClCompile Include="..\..\..\addons\ofxLibwebsockets\libs\ofxLibwebsockets\src\Events.cpp">
      <Filter>addons\ofxLibwebsockets\libs\ofxLibwebsockets\src</Filter>
    </ClCompile>
    <ClCompile Include="..\..\..\addons\ofxLibwebsockets\libs\ofxLibwebsockets\src\Protocol.cpp">
      <Filter>addons\ofxLibwebsockets\libs\ofxLibwebsockets\src</Filter>
    </ClCompile>
    <ClCompile Include="..\..\..\addons\ofxLibwebsockets\libs\ofxLibwebsockets\src\Reactor.cpp">
      <Filter>addons\ofxLibwebsockets\libs\ofxLibwebsockets\src</Filter>
    </ClCompile>
    <ClCompile Include="..\..\..\addons\ofxLibwebsockets\libs\ofxLibwebsockets\src\Server.cpp">
      <Filter>addons\ofxLibwebsockets\libs\ofxLibwebsockets\src</Filter>
    </ClCompile>
    <ClCompile Include="..\..\..\addons\ofxLibwebsockets\libs\ofxLibwebsockets\src\Util.cpp">
      <Filter>addons\ofxLibwebsockets\libs\ofxLibwebsockets\src</Filter>
    </ClCompile>
    <ClCompile Include="..\..\..\addons\ofxOsc\src\ofxOscBundle.cpp">
      <Filter>addons\ofxOsc\src</Filter>
    </ClCompile>
    <ClCompile Include="..\..\..\addons\ofxOsc\src\ofxOscMessage.cpp">
      <Filter>addons\ofxOsc\src</Filter>
    </ClCompile>
    <ClCompile Include="..\..\..\addons\ofxOsc\src\ofxOscParameterSync.cpp">
      <Filter>addons\ofxOsc\src</Filter>
    </ClCompile>
    <ClCompile Include="..\..\..\addons\ofxOsc\src\ofxOscReceiver.cpp">
      <Filter>addons\ofxOsc\src</Filter>
    </ClCompile>
    <ClCompile Include="..\..\..\addons\ofxOsc\src\ofxOscSender.cpp">
      <Filter>addons\ofxOsc\src</Filter>
    </ClCompile>
    <ClCompile Include="..\..\..\addons\ofxOsc\libs\oscpack\src\ip\IpEndpointName.cpp">
      <Filter>addons\ofxOsc\libs\oscpack\src\ip</Filter>
    </ClCompile>
    <ClCompile Include="..\..\..\addons\ofxOsc\libs\oscpack\src\ip\win32\NetworkingUtils.cpp">
      <Filter>addons\ofxOsc\libs\oscpack\src\ip\win32</Filter>
    </ClCompile>
    <ClCompile Include="..\..\..\addons\ofxOsc\libs\oscpack\src\ip\win32\UdpSocket.cpp">
      <Filter>addons\ofxOsc\libs\oscpack\src\ip\win32</Filter>
    </ClCompile>
    <ClCompile Include="..\..\..\addons\ofxOsc\libs\oscpack\src\osc\OscOutboundPacketStream.cpp">
      <Filter>addons\ofxOsc\libs\oscpack\src\osc</Filter>
    </ClCompile>
    <ClCompile Include="..\..\..\addons\ofxOsc\libs\oscpack\src\osc\OscPrintReceivedElements.cpp">
      <Filter>addons\ofxOsc\libs\oscpack\src\osc</Filter>
    </ClCompile>
    <ClCompile Include="..\..\..\addons\ofxOsc\libs\oscpack\src\osc\OscReceivedElements.cpp">
      <Filter>addons\ofxOsc\libs\oscpack\src\osc</Filter>
    </ClCompile>
    <ClCompile Include="..\..\..\addons\ofxOsc\libs\oscpack\src\osc\OscTypes.cpp">
      <Filter>addons\ofxOsc\libs\oscpack\src\osc</Filter>
    </ClCompile>
    <ClCompile Include="..\..\..\addons\ofxWarping\src\Warp.cpp">
      <Filter>addons\ofxWarping\src</Filter>
    </ClCompile>
    <ClCompile Include="..\..\..\addons\ofxWarping\src\WarpBilinear.cpp">
      <Filter>addons\ofxWarping\src</Filter>
    </ClCompile>
    <ClCompile Include="..\..\..\addons\ofxWarping\src\WarpPerspective.cpp">
      <Filter>addons\ofxWarping\src</Filter>
    </ClCompile>
    <ClCompile Include="..\..\..\addons\ofxWarping\src\WarpPerspectiveBilinear.cpp">
      <Filter>addons\ofxWarping\src</Filter>
    </ClCompile>
    <ClCompile Include="..\..\..\addons\ofxWarping\libs\BSpline.cpp">
      <Filter>addons\ofxWarping\libs</Filter>
    </ClCompile>
    <ClCompile Include="..\..\..\addons\ofxWMFVideoPlayer\src\ofxWMFVideoPlayer.cpp">
      <Filter>addons\ofxWMFVideoPlayer\src</Filter>
    </ClCompile>
    <ClCompile Include="..\..\..\addons\ofxWMFVideoPlayer\src\ofxWMFVideoPlayerUtils.cpp">
      <Filter>addons\ofxWMFVideoPlayer\src</Filter>
    </ClCompile>
    <ClCompile Include="..\..\..\addons\ofxWMFVideoPlayer\src\presenter\Helpers.cpp">
      <Filter>addons\ofxWMFVideoPlayer\src\presenter</Filter>
    </ClCompile>
    <ClCompile Include="..\..\..\addons\ofxWMFVideoPlayer\src\presenter\PresentEngine.cpp">
      <Filter>addons\ofxWMFVideoPlayer\src\presenter</Filter>
    </ClCompile>
    <ClCompile Include="..\..\..\addons\ofxWMFVideoPlayer\src\presenter\Presenter.cpp">
      <Filter>addons\ofxWMFVideoPlayer\src\presenter</Filter>
    </ClCompile>
    <ClCompile Include="..\..\..\addons\ofxWMFVideoPlayer\src\presenter\scheduler.cpp">
      <Filter>addons\ofxWMFVideoPlayer\src\presenter</Filter>
    </ClCompile>
    <ClCompile Include="src\vdome\vdome.cpp">
      <Filter>src\vdome</Filter>
    </ClCompile>
    <ClCompile Include="src\vdome\input\capture.cpp">
      <Filter>src\vdome\input</Filter>
    </ClCompile>
    <ClCompile Include="src\vdome\input\color.cpp">
      <Filter>src\vdome\input</Filter>
    </ClCompile>
    <ClCompile Include="src\vdome\input\input.cpp">
      <Filter>src\vdome\input</Filter>
    </ClCompile>
    <ClCompile Include="src\vdome\input\media\image.cpp">
      <Filter>src\vdome\input\media</Filter>
    </ClCompile>
    <ClCompile Include="src\vdome\input\media\media.cpp">
      <Filter>src\vdome\input\media</Filter>
    </ClCompile>
    <ClCompile Include="src\vdome\input\media\video.cpp">
      <Filter>src\vdome\input\media</Filter>
    </ClCompile>
    <ClCompile Include="src\vdome\input\media\video\videoWin.cpp">
      <Filter>src\vdome\input\media\video</Filter>
    </ClCompile>
    <ClCompile Include="src\vdome\input\media\video\videoWMF.cpp">
      <Filter>src\vdome\input\media\video</Filter>
    </ClCompile>
    <ClCompile Include="src\vdome\menu\command.cpp">
      <Filter>src\vdome\menu</Filter>
    </ClCompile>
    <ClCompile Include="src\vdome\menu\menu.cpp">
      <Filter>src\vdome\menu</Filter>
    </ClCompile>
    <ClCompile Include="src\vdome\menu\socket.cpp">
      <Filter>src\vdome\menu</Filter>
    </ClCompile>
    <ClCompile Include="src\vdome\menu\systemUtil.cpp">
      <Filter>src\vdome\menu</Filter>
    </ClCompile>
    <ClCompile Include="src\vdome\renderer\curves.cpp">
      <Filter>src\vdome\renderer</Filter>
    </ClCompile>
    <ClCompile Include="src\vdome\renderer\model.cpp">
      <Filter>src\vdome\renderer</Filter>
    </ClCompile>
    <ClCompile Include="src\vdome\renderer\projector.cpp">
      <Filter>src\vdome\renderer</Filter>
    </ClCompile>
    <ClCompile Include="src\vdome\renderer\window.cpp">
      <Filter>src\vdome\renderer</Filter>
    </ClCompile>
    <ClCompile Include="..\..\..\addons\ofxCurvesTool\src\CurveLut.cpp">
      <Filter>addons\ofxCurvesTool\src</Filter>
    </ClCompile>
    <ClCompile Include="..\..\..\addons\ofxCurvesTool\src\ofxCurvesTool.cpp">
      <Filter>addons\ofxCurvesTool\src</Filter>
    </ClCompile>
    <ClCompile Include="src\vdome\input\spout\spoutR.cpp">
      <Filter>src\vdome\input\spout</Filter>
    </ClCompile>
    <ClCompile Include="src\vdome\input\spout\SpoutSDK\SpoutDirectX.cpp">
      <Filter>src\vdome\input\spout\SpoutSDK</Filter>
    </ClCompile>
    <ClCompile Include="src\vdome\input\spout\SpoutSDK\SpoutGLDXinterop.cpp">
      <Filter>src\vdome\input\spout\SpoutSDK</Filter>
    </ClCompile>
    <ClCompile Include="src\vdome\input\spout\SpoutSDK\SpoutGLextensions.cpp">
      <Filter>src\vdome\input\spout\SpoutSDK</Filter>
    </ClCompile>
    <ClCompile Include="src\vdome\input\spout\SpoutSDK\SpoutMemoryShare.cpp">
      <Filter>src\vdome\input\spout\SpoutSDK</Filter>
    </ClCompile>
    <ClCompile Include="src\vdome\input\spout\SpoutSDK\SpoutReceiver.cpp">
      <Filter>src\vdome\input\spout\SpoutSDK</Filter>
    </ClCompile>
    <ClCompile Include="src\vdome\input\spout\SpoutSDK\SpoutSDK.cpp">
      <Filter>src\vdome\input\spout\SpoutSDK</Filter>
    </ClCompile>
    <ClCompile Include="src\vdome\input\spout\SpoutSDK\SpoutSender.cpp">
      <Filter>src\vdome\input\spout\SpoutSDK</Filter>
    </ClCompile>
    <ClCompile Include="src\vdome\input\spout\SpoutSDK\SpoutSenderNames.cpp">
      <Filter>src\vdome\input\spout\SpoutSDK</Filter>
    </ClCompile>
    <ClCompile Include="src\vdome\input\spout\SpoutSDK\SpoutSharedMemory.cpp">
      <Filter>src\vdome\input\spout\SpoutSDK</Filter>
    </ClCompile>
  </ItemGroup>
  <ItemGroup>
    <Filter Include="src">
      <UniqueIdentifier>{d8376475-7454-4a24-b08a-aac121d3ad6f}</UniqueIdentifier>
    </Filter>
    <Filter Include="addons">
      <UniqueIdentifier>{71834F65-F3A9-211E-73B8-DC85}</UniqueIdentifier>
    </Filter>
    <Filter Include="addons\ofxLibwebsockets">
      <UniqueIdentifier>{04A0ABD3-BEB0-79C1-78DC-1B0C}</UniqueIdentifier>
    </Filter>
    <Filter Include="addons\ofxLibwebsockets\src">
      <UniqueIdentifier>{BD45AF89-23CA-D761-87B2-E28B}</UniqueIdentifier>
    </Filter>
    <Filter Include="addons\ofxLibwebsockets\libs">
      <UniqueIdentifier>{93A2255B-E819-7999-658F-5C8B}</UniqueIdentifier>
    </Filter>
    <Filter Include="addons\ofxLibwebsockets\libs\jsoncpp">
      <UniqueIdentifier>{EDF3DFA8-3A48-F2BE-828A-56B4}</UniqueIdentifier>
    </Filter>
    <Filter Include="addons\ofxLibwebsockets\libs\jsoncpp\json">
      <UniqueIdentifier>{E61DA5C1-FC26-09C7-51F3-45B4}</UniqueIdentifier>
    </Filter>
    <Filter Include="addons\ofxLibwebsockets\libs\libwebsockets">
      <UniqueIdentifier>{F5CB4033-7B46-FD26-E6BF-225D}</UniqueIdentifier>
    </Filter>
    <Filter Include="addons\ofxLibwebsockets\libs\libwebsockets\include">
      <UniqueIdentifier>{A9821612-3A92-AF18-4416-E910}</UniqueIdentifier>
    </Filter>
    <Filter Include="addons\ofxLibwebsockets\libs\ofxLibwebsockets">
      <UniqueIdentifier>{246E3DDA-BF78-504E-9BF2-6FA8}</UniqueIdentifier>
    </Filter>
    <Filter Include="addons\ofxLibwebsockets\libs\ofxLibwebsockets\include">
      <UniqueIdentifier>{D876D8D2-B863-D307-0F4A-F791}</UniqueIdentifier>
    </Filter>
    <Filter Include="addons\ofxLibwebsockets\libs\ofxLibwebsockets\include\ofxLibwebsockets">
      <UniqueIdentifier>{A5834E6F-4120-53E7-CD52-711C}</UniqueIdentifier>
    </Filter>
    <Filter Include="addons\ofxLibwebsockets\libs\ofxLibwebsockets\src">
      <UniqueIdentifier>{D616296F-164E-00EF-4F39-D224}</UniqueIdentifier>
    </Filter>
    <Filter Include="addons\ofxOsc">
      <UniqueIdentifier>{D91DCA33-6E5D-4481-2AEC-9FBB}</UniqueIdentifier>
    </Filter>
    <Filter Include="addons\ofxOsc\src">
      <UniqueIdentifier>{B9DD339A-D93D-92A1-0A2F-4B41}</UniqueIdentifier>
    </Filter>
    <Filter Include="addons\ofxOsc\libs">
      <UniqueIdentifier>{99ECA1D9-873F-4622-8FC0-FC7B}</UniqueIdentifier>
    </Filter>
    <Filter Include="addons\ofxOsc\libs\oscpack">
      <UniqueIdentifier>{D3A98534-1602-4FEF-57A6-6593}</UniqueIdentifier>
    </Filter>
    <Filter Include="addons\ofxOsc\libs\oscpack\src">
      <UniqueIdentifier>{BFB5BB47-98C8-BBCB-3066-1046}</UniqueIdentifier>
    </Filter>
    <Filter Include="addons\ofxOsc\libs\oscpack\src\ip">
      <UniqueIdentifier>{5A029128-EB41-95C5-CBC0-CDED}</UniqueIdentifier>
    </Filter>
    <Filter Include="addons\ofxOsc\libs\oscpack\src\ip\win32">
      <UniqueIdentifier>{79DFDFE2-400B-8654-3675-01A3}</UniqueIdentifier>
    </Filter>
    <Filter Include="addons\ofxOsc\libs\oscpack\src\osc">
      <UniqueIdentifier>{EDACB89C-9768-9551-4D41-B590}</UniqueIdentifier>
    </Filter>
    <Filter Include="addons\ofxWarping">
      <UniqueIdentifier>{4230E518-D00B-78B6-AA7C-4E0F}</UniqueIdentifier>
    </Filter>
    <Filter Include="addons\ofxWarping\src">
      <UniqueIdentifier>{779C067D-9451-9CCB-D6AF-9B12}</UniqueIdentifier>
    </Filter>
    <Filter Include="addons\ofxWarping\libs">
      <UniqueIdentifier>{A9365503-6879-F0FB-9FC6-2AC4}</UniqueIdentifier>
    </Filter>
    <Filter Include="addons\ofxWMFVideoPlayer">
      <UniqueIdentifier>{0D998C22-15FA-2D4D-B14F-3097}</UniqueIdentifier>
    </Filter>
    <Filter Include="addons\ofxWMFVideoPlayer\src">
      <UniqueIdentifier>{F82D83B9-0D21-7132-BD40-6A3F}</UniqueIdentifier>
    </Filter>
    <Filter Include="addons\ofxWMFVideoPlayer\src\presenter">
      <UniqueIdentifier>{BE3E8290-7E8D-C507-ABFC-7796}</UniqueIdentifier>
    </Filter>
    <Filter Include="addons\ofxWMFVideoPlayer\src\presenter\common">
      <UniqueIdentifier>{7C551AFE-871E-B43E-36A9-EE73}</UniqueIdentifier>
    </Filter>
    <Filter Include="src\vdome">
      <UniqueIdentifier>{2aaf78f8-4c8b-4cad-85bc-01f84462f220}</UniqueIdentifier>
    </Filter>
    <Filter Include="src\vdome\input">
      <UniqueIdentifier>{f97f6fe6-1e70-4a1a-9e77-9f9bc617782d}</UniqueIdentifier>
    </Filter>
    <Filter Include="src\vdome\menu">
      <UniqueIdentifier>{14a17501-3267-41dd-ba4b-8b865482dda7}</UniqueIdentifier>
    </Filter>
    <Filter Include="src\vdome\renderer">
      <UniqueIdentifier>{0067ae14-b6b6-4454-ba3b-a269f955301c}</UniqueIdentifier>
    </Filter>
    <Filter Include="src\vdome\input\media">
      <UniqueIdentifier>{cf5aab6d-670e-4172-bcc9-0f0cca7eee2a}</UniqueIdentifier>
    </Filter>
    <Filter Include="src\vdome\input\media\video">
      <UniqueIdentifier>{c50ae38d-a4d1-4831-b9c3-ba70e7c6df77}</UniqueIdentifier>
    </Filter>
    <Filter Include="addons\ofxCurvesTool">
      <UniqueIdentifier>{3d2e01fa-d65a-4bc2-8547-98fa21d4f2fe}</UniqueIdentifier>
    </Filter>
    <Filter Include="addons\ofxCurvesTool\src">
      <UniqueIdentifier>{6ef09120-16de-4246-a3c7-a54fea32898b}</UniqueIdentifier>
    </Filter>
    <Filter Include="src\vdome\input\spout">
      <UniqueIdentifier>{feb569ef-c85b-4dac-9442-b8224638314a}</UniqueIdentifier>
    </Filter>
    <Filter Include="src\vdome\input\spout\SpoutSDK">
      <UniqueIdentifier>{8823c138-4114-4229-ac0a-3b2bf2ba4197}</UniqueIdentifier>
    </Filter>
  </ItemGroup>
  <ItemGroup>
    <ClInclude Include="..\..\..\addons\ofxLibwebsockets\src\ofxLibwebsockets.h">
      <Filter>addons\ofxLibwebsockets\src</Filter>
    </ClInclude>
    <ClInclude Include="..\..\..\addons\ofxLibwebsockets\libs\jsoncpp\json\json-forwards.h">
      <Filter>addons\ofxLibwebsockets\libs\jsoncpp\json</Filter>
    </ClInclude>
    <ClInclude Include="..\..\..\addons\ofxLibwebsockets\libs\jsoncpp\json\json.h">
      <Filter>addons\ofxLibwebsockets\libs\jsoncpp\json</Filter>
    </ClInclude>
    <ClInclude Include="..\..\..\addons\ofxLibwebsockets\libs\libwebsockets\include\libwebsockets.h">
      <Filter>addons\ofxLibwebsockets\libs\libwebsockets\include</Filter>
    </ClInclude>
    <ClInclude Include="..\..\..\addons\ofxLibwebsockets\libs\libwebsockets\include\lws_config.h">
      <Filter>addons\ofxLibwebsockets\libs\libwebsockets\include</Filter>
    </ClInclude>
    <ClInclude Include="..\..\..\addons\ofxLibwebsockets\libs\ofxLibwebsockets\include\ofxLibwebsockets\Client.h">
      <Filter>addons\ofxLibwebsockets\libs\ofxLibwebsockets\include\ofxLibwebsockets</Filter>
    </ClInclude>
    <ClInclude Include="..\..\..\addons\ofxLibwebsockets\libs\ofxLibwebsockets\include\ofxLibwebsockets\Connection.h">
      <Filter>addons\ofxLibwebsockets\libs\ofxLibwebsockets\include\ofxLibwebsockets</Filter>
    </ClInclude>
    <ClInclude Include="..\..\..\addons\ofxLibwebsockets\libs\ofxLibwebsockets\include\ofxLibwebsockets\Events.h">
      <Filter>addons\ofxLibwebsockets\libs\ofxLibwebsockets\include\ofxLibwebsockets</Filter>
    </ClInclude>
    <ClInclude Include="..\..\..\addons\ofxLibwebsockets\libs\ofxLibwebsockets\include\ofxLibwebsockets\Protocol.h">
      <Filter>addons\ofxLibwebsockets\libs\ofxLibwebsockets\include\ofxLibwebsockets</Filter>
    </ClInclude>
    <ClInclude Include="..\..\..\addons\ofxLibwebsockets\libs\ofxLibwebsockets\include\ofxLibwebsockets\Reactor.h">
      <Filter>addons\ofxLibwebsockets\libs\ofxLibwebsockets\include\ofxLibwebsockets</Filter>
    </ClInclude>
    <ClInclude Include="..\..\..\addons\ofxLibwebsockets\libs\ofxLibwebsockets\include\ofxLibwebsockets\Server.h">
      <Filter>addons\ofxLibwebsockets\libs\ofxLibwebsockets\include\ofxLibwebsockets</Filter>
    </ClInclude>
    <ClInclude Include="..\..\..\addons\ofxLibwebsockets\libs\ofxLibwebsockets\include\ofxLibwebsockets\Util.h">
      <Filter>addons\ofxLibwebsockets\libs\ofxLibwebsockets\include\ofxLibwebsockets</Filter>
    </ClInclude>
    <ClInclude Include="..\..\..\addons\ofxOsc\src\ofxOsc.h">
      <Filter>addons\ofxOsc\src</Filter>
    </ClInclude>
    <ClInclude Include="..\..\..\addons\ofxOsc\src\ofxOscArg.h">
      <Filter>addons\ofxOsc\src</Filter>
    </ClInclude>
    <ClInclude Include="..\..\..\addons\ofxOsc\src\ofxOscBundle.h">
      <Filter>addons\ofxOsc\src</Filter>
    </ClInclude>
    <ClInclude Include="..\..\..\addons\ofxOsc\src\ofxOscMessage.h">
      <Filter>addons\ofxOsc\src</Filter>
    </ClInclude>
    <ClInclude Include="..\..\..\addons\ofxOsc\src\ofxOscParameterSync.h">
      <Filter>addons\ofxOsc\src</Filter>
    </ClInclude>
    <ClInclude Include="..\..\..\addons\ofxOsc\src\ofxOscReceiver.h">
      <Filter>addons\ofxOsc\src</Filter>
    </ClInclude>
    <ClInclude Include="..\..\..\addons\ofxOsc\src\ofxOscSender.h">
      <Filter>addons\ofxOsc\src</Filter>
    </ClInclude>
    <ClInclude Include="..\..\..\addons\ofxOsc\libs\oscpack\src\ip\IpEndpointName.h">
      <Filter>addons\ofxOsc\libs\oscpack\src\ip</Filter>
    </ClInclude>
    <ClInclude Include="..\..\..\addons\ofxOsc\libs\oscpack\src\ip\NetworkingUtils.h">
      <Filter>addons\ofxOsc\libs\oscpack\src\ip</Filter>
    </ClInclude>
    <ClInclude Include="..\..\..\addons\ofxOsc\libs\oscpack\src\ip\PacketListener.h">
      <Filter>addons\ofxOsc\libs\oscpack\src\ip</Filter>
    </ClInclude>
    <ClInclude Include="..\..\..\addons\ofxOsc\libs\oscpack\src\ip\TimerListener.h">
      <Filter>addons\ofxOsc\libs\oscpack\src\ip</Filter>
    </ClInclude>
    <ClInclude Include="..\..\..\addons\ofxOsc\libs\oscpack\src\ip\UdpSocket.h">
      <Filter>addons\ofxOsc\libs\oscpack\src\ip</Filter>
    </ClInclude>
    <ClInclude Include="..\..\..\addons\ofxOsc\libs\oscpack\src\osc\MessageMappingOscPacketListener.h">
      <Filter>addons\ofxOsc\libs\oscpack\src\osc</Filter>
    </ClInclude>
    <ClInclude Include="..\..\..\addons\ofxOsc\libs\oscpack\src\osc\OscException.h">
      <Filter>addons\ofxOsc\libs\oscpack\src\osc</Filter>
    </ClInclude>
    <ClInclude Include="..\..\..\addons\ofxOsc\libs\oscpack\src\osc\OscHostEndianness.h">
      <Filter>addons\ofxOsc\libs\oscpack\src\osc</Filter>
    </ClInclude>
    <ClInclude Include="..\..\..\addons\ofxOsc\libs\oscpack\src\osc\OscOutboundPacketStream.h">
      <Filter>addons\ofxOsc\libs\oscpack\src\osc</Filter>
    </ClInclude>
    <ClInclude Include="..\..\..\addons\ofxOsc\libs\oscpack\src\osc\OscPacketListener.h">
      <Filter>addons\ofxOsc\libs\oscpack\src\osc</Filter>
    </ClInclude>
    <ClInclude Include="..\..\..\addons\ofxOsc\libs\oscpack\src\osc\OscPrintReceivedElements.h">
      <Filter>addons\ofxOsc\libs\oscpack\src\osc</Filter>
    </ClInclude>
    <ClInclude Include="..\..\..\addons\ofxOsc\libs\oscpack\src\osc\OscReceivedElements.h">
      <Filter>addons\ofxOsc\libs\oscpack\src\osc</Filter>
    </ClInclude>
    <ClInclude Include="..\..\..\addons\ofxOsc\libs\oscpack\src\osc\OscTypes.h">
      <Filter>addons\ofxOsc\libs\oscpack\src\osc</Filter>
    </ClInclude>
    <ClInclude Include="..\..\..\addons\ofxWarping\src\Warp.h">
      <Filter>addons\ofxWarping\src</Filter>
    </ClInclude>
    <ClInclude Include="..\..\..\addons\ofxWarping\libs\BSpline.h">
      <Filter>addons\ofxWarping\libs</Filter>
    </ClInclude>
    <ClInclude Include="..\..\..\addons\ofxWMFVideoPlayer\src\ofxWMFVideoPlayer.h">
      <Filter>addons\ofxWMFVideoPlayer\src</Filter>
    </ClInclude>
    <ClInclude Include="..\..\..\addons\ofxWMFVideoPlayer\src\ofxWMFVideoPlayerUtils.h">
      <Filter>addons\ofxWMFVideoPlayer\src</Filter>
    </ClInclude>
    <ClInclude Include="..\..\..\addons\ofxWMFVideoPlayer\src\presenter\common\AsyncCB.h">
      <Filter>addons\ofxWMFVideoPlayer\src\presenter\common</Filter>
    </ClInclude>
    <ClInclude Include="..\..\..\addons\ofxWMFVideoPlayer\src\presenter\common\BufferLock.h">
      <Filter>addons\ofxWMFVideoPlayer\src\presenter\common</Filter>
    </ClInclude>
    <ClInclude Include="..\..\..\addons\ofxWMFVideoPlayer\src\presenter\common\ClassFactory.h">
      <Filter>addons\ofxWMFVideoPlayer\src\presenter\common</Filter>
    </ClInclude>
    <ClInclude Include="..\..\..\addons\ofxWMFVideoPlayer\src\presenter\common\common.h">
      <Filter>addons\ofxWMFVideoPlayer\src\presenter\common</Filter>
    </ClInclude>
    <ClInclude Include="..\..\..\addons\ofxWMFVideoPlayer\src\presenter\common\critsec.h">
      <Filter>addons\ofxWMFVideoPlayer\src\presenter\common</Filter>
    </ClInclude>
    <ClInclude Include="..\..\..\addons\ofxWMFVideoPlayer\src\presenter\common\GrowArray.h">
      <Filter>addons\ofxWMFVideoPlayer\src\presenter\common</Filter>
    </ClInclude>
    <ClInclude Include="..\..\..\addons\ofxWMFVideoPlayer\src\presenter\common\linklist.h">
      <Filter>addons\ofxWMFVideoPlayer\src\presenter\common</Filter>
    </ClInclude>
    <ClInclude Include="..\..\..\addons\ofxWMFVideoPlayer\src\presenter\common\logging.h">
      <Filter>addons\ofxWMFVideoPlayer\src\presenter\common</Filter>
    </ClInclude>
    <ClInclude Include="..\..\..\addons\ofxWMFVideoPlayer\src\presenter\common\logmediatype.h">
      <Filter>addons\ofxWMFVideoPlayer\src\presenter\common</Filter>
    </ClInclude>
    <ClInclude Include="..\..\..\addons\ofxWMFVideoPlayer\src\presenter\common\mediatype.h">
      <Filter>addons\ofxWMFVideoPlayer\src\presenter\common</Filter>
    </ClInclude>
    <ClInclude Include="..\..\..\addons\ofxWMFVideoPlayer\src\presenter\common\mfutils.h">
      <Filter>addons\ofxWMFVideoPlayer\src\presenter\common</Filter>
    </ClInclude>
    <ClInclude Include="..\..\..\addons\ofxWMFVideoPlayer\src\presenter\common\PropVar.h">
      <Filter>addons\ofxWMFVideoPlayer\src\presenter\common</Filter>
    </ClInclude>
    <ClInclude Include="..\..\..\addons\ofxWMFVideoPlayer\src\presenter\common\registry.h">
      <Filter>addons\ofxWMFVideoPlayer\src\presenter\common</Filter>
    </ClInclude>
    <ClInclude Include="..\..\..\addons\ofxWMFVideoPlayer\src\presenter\common\TinyMap.h">
      <Filter>addons\ofxWMFVideoPlayer\src\presenter\common</Filter>
    </ClInclude>
    <ClInclude Include="..\..\..\addons\ofxWMFVideoPlayer\src\presenter\common\trace.h">
      <Filter>addons\ofxWMFVideoPlayer\src\presenter\common</Filter>
    </ClInclude>
    <ClInclude Include="..\..\..\addons\ofxWMFVideoPlayer\src\presenter\EVRPresenter.h">
      <Filter>addons\ofxWMFVideoPlayer\src\presenter</Filter>
    </ClInclude>
    <ClInclude Include="..\..\..\addons\ofxWMFVideoPlayer\src\presenter\EVRPresenterUuid.h">
      <Filter>addons\ofxWMFVideoPlayer\src\presenter</Filter>
    </ClInclude>
    <ClInclude Include="..\..\..\addons\ofxWMFVideoPlayer\src\presenter\Helpers.h">
      <Filter>addons\ofxWMFVideoPlayer\src\presenter</Filter>
    </ClInclude>
    <ClInclude Include="..\..\..\addons\ofxWMFVideoPlayer\src\presenter\PresentEngine.h">
      <Filter>addons\ofxWMFVideoPlayer\src\presenter</Filter>
    </ClInclude>
    <ClInclude Include="..\..\..\addons\ofxWMFVideoPlayer\src\presenter\Presenter.h">
      <Filter>addons\ofxWMFVideoPlayer\src\presenter</Filter>
    </ClInclude>
    <ClInclude Include="..\..\..\addons\ofxWMFVideoPlayer\src\presenter\scheduler.h">
      <Filter>addons\ofxWMFVideoPlayer\src\presenter</Filter>
    </ClInclude>
    <ClInclude Include="src\vdome\vdome.h">
      <Filter>src\vdome</Filter>
    </ClInclude>
    <ClInclude Include="src\vdome\input\capture.h">
      <Filter>src\vdome\input</Filter>
    </ClInclude>
    <ClInclude Include="src\vdome\input\color.h">
      <Filter>src\vdome\input</Filter>
    </ClInclude>
    <ClInclude Include="src\vdome\input\input.h">
      <Filter>src\vdome\input</Filter>
    </ClInclude>
    <ClInclude Include="src\vdome\input\media\image.h">
      <Filter>src\vdome\input\media</Filter>
    </ClInclude>
    <ClInclude Include="src\vdome\input\media\media.h">
      <Filter>src\vdome\input\media</Filter>
    </ClInclude>
    <ClInclude Include="src\vdome\input\media\video.h">
      <Filter>src\vdome\input\media</Filter>
    </ClInclude>
    <ClInclude Include="src\vdome\input\media\video\videoDS.h">
      <Filter>src\vdome\input\media\video</Filter>
    </ClInclude>
    <ClInclude Include="src\vdome\input\media\video\videoWin.h">
      <Filter>src\vdome\input\media\video</Filter>
    </ClInclude>
    <ClInclude Include="src\vdome\input\media\video\videoWMF.h">
      <Filter>src\vdome\input\media\video</Filter>
    </ClInclude>
    <ClInclude Include="src\vdome\menu\command.h">
      <Filter>src\vdome\menu</Filter>
    </ClInclude>
    <ClInclude Include="src\vdome\menu\commands.h">
      <Filter>src\vdome\menu</Filter>
    </ClInclude>
    <ClInclude Include="src\vdome\menu\menu.h">
      <Filter>src\vdome\menu</Filter>
    </ClInclude>
    <ClInclude Include="src\vdome\menu\saveThread.h">
      <Filter>src\vdome\menu</Filter>
    </ClInclude>
    <ClInclude Include="src\vdome\menu\socket.h">
      <Filter>src\vdome\menu</Filter>
    </ClInclude>
    <ClInclude Include="src\vdome\menu\systemUtil.h">
      <Filter>src\vdome\menu</Filter>
    </ClInclude>
    <ClInclude Include="src\vdome\renderer\curves.h">
      <Filter>src\vdome\renderer</Filter>
    </ClInclude>
    <ClInclude Include="src\vdome\renderer\model.h">
      <Filter>src\vdome\renderer</Filter>
    </ClInclude>
    <ClInclude Include="src\vdome\renderer\projector.h">
      <Filter>src\vdome\renderer</Filter>
    </ClInclude>
    <ClInclude Include="src\vdome\renderer\window.h">
      <Filter>src\vdome\renderer</Filter>
    </ClInclude>
    <ClInclude Include="..\..\..\addons\ofxCurvesTool\src\CurveLut.h">
      <Filter>addons\ofxCurvesTool\src</Filter>
    </ClInclude>
    <ClInclude Include="..\..\..\addons\ofxCurvesTool\src\ofxCurvesTool.h">
      <Filter>addons\ofxCurvesTool\src</Filter>
    </ClInclude>
    <ClInclude Include="src\vdome\input\spout\spoutR.h">
      <Filter>src\vdome\input\spout</Filter>
    </ClInclude>
    <ClInclude Include="src\vdome\input\spout\SpoutSDK\Spout.h">
      <Filter>src\vdome\input\spout\SpoutSDK</Filter>
    </ClInclude>
    <ClInclude Include="src\vdome\input\spout\SpoutSDK\SpoutCommon.h">
      <Filter>src\vdome\input\spout\SpoutSDK</Filter>
    </ClInclude>
    <ClInclude Include="src\vdome\input\spout\SpoutSDK\SpoutDirectX.h">
      <Filter>src\vdome\input\spout\SpoutSDK</Filter>
    </ClInclude>
    <ClInclude Include="src\vdome\input\spout\SpoutSDK\SpoutGLDXinterop.h">
      <Filter>src\vdome\input\spout\SpoutSDK</Filter>
    </ClInclude>
    <ClInclude Include="src\vdome\input\spout\SpoutSDK\SpoutGLextensions.h">
      <Filter>src\vdome\input\spout\SpoutSDK</Filter>
    </ClInclude>
    <ClInclude Include="src\vdome\input\spout\SpoutSDK\SpoutMemoryShare.h">
      <Filter>src\vdome\input\spout\SpoutSDK</Filter>
    </ClInclude>
    <ClInclude Include="src\vdome\input\spout\SpoutSDK\SpoutReceiver.h">
      <Filter>src\vdome\input\spout\SpoutSDK</Filter>
    </ClInclude>
    <ClInclude Include="src\vdome\input\spout\SpoutSDK\SpoutSDK.h">
      <Filter>src\vdome\input\spout\SpoutSDK</Filter>
    </ClInclude>
    <ClInclude Include="src\vdome\input\spout\SpoutSDK\SpoutSender.h">
      <Filter>src\vdome\input\spout\SpoutSDK</Filter>
    </ClInclude>
    <ClInclude Include="src\vdome\input\spout\SpoutSDK\SpoutSenderNames.h">
      <Filter>src\vdome\input\spout\SpoutSDK</Filter>
    </ClInclude>
    <ClInclude Include="src\vdome\input\spout\SpoutSDK\SpoutSharedMemory.h">
      <Filter>src\vdome\input\spout\SpoutSDK</Filter>
    </ClInclude>
  </ItemGroup>
  <ItemGroup>
    <ResourceCompile Include="icon.rc" />
  </ItemGroup>
</Project>