<?xml version="1.0" encoding="utf-8"?>
<Project ToolsVersion="4.0" xmlns="http://schemas.microsoft.com/developer/msbuild/2003">
  <ItemGroup>
    <ClCompile Include="..\..\..\addons\ofxCurvesTool\src\CurveLut.cpp">
      <Filter>addons\ofxCurvesTool\src</Filter>
    </ClCompile>
    <ClCompile Include="..\..\..\addons\ofxCurvesTool\src\ofxCurvesTool.cpp">
      <Filter>addons\ofxCurvesTool\src</Filter>
    </ClCompile>
    <ClCompile Include="..\..\..\addons\ofxOsc\src\ofxOscBundle.cpp">
      <Filter>addons\ofxOsc\src</Filter>
    </ClCompile>
    <ClCompile Include="..\..\..\addons\ofxOsc\src\ofxOscMessage.cpp">
      <Filter>addons\ofxOsc\src</Filter>
    </ClCompile>
    <ClCompile Include="..\..\..\addons\ofxOsc\src\ofxOscParameterSync.cpp">
      <Filter>addons\ofxOsc\src</Filter>
    </ClCompile>
    <ClCompile Include="..\..\..\addons\ofxOsc\src\ofxOscReceiver.cpp">
      <Filter>addons\ofxOsc\src</Filter>
    </ClCompile>
    <ClCompile Include="..\..\..\addons\ofxOsc\src\ofxOscSender.cpp">
      <Filter>addons\ofxOsc\src</Filter>
    </ClCompile>
    <ClCompile Include="..\..\..\addons\ofxOsc\libs\oscpack\src\ip\IpEndpointName.cpp">
      <Filter>addons\ofxOsc\libs\oscpack\src\ip</Filter>
    </ClCompile>
    <ClCompile Include="..\..\..\addons\ofxOsc\libs\oscpack\src\ip\win32\NetworkingUtils.cpp">
      <Filter>addons\ofxOsc\libs\oscpack\src\ip\win32</Filter>
    </ClCompile>
    <ClCompile Include="..\..\..\addons\ofxOsc\libs\oscpack\src\ip\win32\UdpSocket.cpp">
      <Filter>addons\ofxOsc\libs\oscpack\src\ip\win32</Filter>
    </ClCompile>
    <ClCompile Include="..\..\..\addons\ofxOsc\libs\oscpack\src\osc\OscOutboundPacketStream.cpp">
      <Filter>addons\ofxOsc\libs\oscpack\src\osc</Filter>
    </ClCompile>
    <ClCompile Include="..\..\..\addons\ofxOsc\libs\oscpack\src\osc\OscPrintReceivedElements.cpp">
      <Filter>addons\ofxOsc\libs\oscpack\src\osc</Filter>
    </ClCompile>
    <ClCompile Include="..\..\..\addons\ofxOsc\libs\oscpack\src\osc\OscReceivedElements.cpp">
      <Filter>addons\ofxOsc\libs\oscpack\src\osc</Filter>
    </ClCompile>
    <ClCompile Include="..\..\..\addons\ofxOsc\libs\oscpack\src\osc\OscTypes.cpp">
      <Filter>addons\ofxOsc\libs\oscpack\src\osc</Filter>
    </ClCompile>
    <ClCompile Include="..\..\..\addons\ofxWarping\src\Warp.cpp">
      <Filter>addons\ofxWarping\src</Filter>
    </ClCompile>
    <ClCompile Include="..\..\..\addons\ofxWarping\src\WarpBilinear.cpp">
      <Filter>addons\ofxWarping\src</Filter>
    </ClCompile>
    <ClCompile Include="..\..\..\addons\ofxWarping\src\WarpPerspective.cpp">
      <Filter>addons\ofxWarping\src</Filter>
    </ClCompile>
    <ClCompile Include="..\..\..\addons\ofxWarping\src\WarpPerspectiveBilinear.cpp">
      <Filter>addons\ofxWarping\src</Filter>
    </ClCompile>
    <ClCompile Include="..\..\..\addons\ofxWarping\libs\BSpline.cpp">
      <Filter>addons\ofxWarping\libs</Filter>
    </ClCompile>
    <ClCompile Include="..\..\..\addons\ofxWarping\libs\glm\detail\glm.cpp">
      <Filter>addons\ofxWarping\libs\glm\detail</Filter>
    </ClCompile>
    <ClCompile Include="..\..\..\addons\ofxWMFVideoPlayer\src\ofxWMFVideoPlayer.cpp">
      <Filter>addons\ofxWMFVideoPlayer\src</Filter>
    </ClCompile>
    <ClCompile Include="..\..\..\addons\ofxWMFVideoPlayer\src\ofxWMFVideoPlayerUtils.cpp">
      <Filter>addons\ofxWMFVideoPlayer\src</Filter>
    </ClCompile>
    <ClCompile Include="..\..\..\addons\ofxWMFVideoPlayer\src\presenter\Helpers.cpp">
      <Filter>addons\ofxWMFVideoPlayer\src\presenter</Filter>
    </ClCompile>
    <ClCompile Include="..\..\..\addons\ofxWMFVideoPlayer\src\presenter\PresentEngine.cpp">
      <Filter>addons\ofxWMFVideoPlayer\src\presenter</Filter>
    </ClCompile>
    <ClCompile Include="..\..\..\addons\ofxWMFVideoPlayer\src\presenter\Presenter.cpp">
      <Filter>addons\ofxWMFVideoPlayer\src\presenter</Filter>
    </ClCompile>
    <ClCompile Include="..\..\..\addons\ofxWMFVideoPlayer\src\presenter\scheduler.cpp">
      <Filter>addons\ofxWMFVideoPlayer\src\presenter</Filter>
    </ClCompile>
    <ClCompile Include="src\main.cpp">
      <Filter>src</Filter>
    </ClCompile>
    <ClCompile Include="src\vdome\vdome.cpp">
      <Filter>src\vdome</Filter>
    </ClCompile>
    <ClCompile Include="src\vdome\input\capture.cpp">
      <Filter>src\vdome\input</Filter>
    </ClCompile>
    <ClCompile Include="src\vdome\input\color.cpp">
      <Filter>src\vdome\input</Filter>
    </ClCompile>
    <ClCompile Include="src\vdome\input\input.cpp">
      <Filter>src\vdome\input</Filter>
    </ClCompile>
    <ClCompile Include="src\vdome\input\media\image.cpp">
      <Filter>src\vdome\input\media</Filter>
    </ClCompile>
    <ClCompile Include="src\vdome\input\media\media.cpp">
      <Filter>src\vdome\input\media</Filter>
    </ClCompile>
    <ClCompile Include="src\vdome\input\media\video.cpp">
      <Filter>src\vdome\input\media</Filter>
    </ClCompile>
    <ClCompile Include="src\vdome\input\media\video\videoWMF.cpp">
      <Filter>src\vdome\input\media\video</Filter>
    </ClCompile>
    <ClCompile Include="src\vdome\input\spout\spoutR.cpp">
      <Filter>src\vdome\input\spout</Filter>
    </ClCompile>
    <ClCompile Include="src\vdome\input\spout\SpoutSDK\SpoutDirectX.cpp">
      <Filter>src\vdome\input\spout\SpoutSDK</Filter>
    </ClCompile>
    <ClCompile Include="src\vdome\input\spout\SpoutSDK\SpoutGLDXinterop.cpp">
      <Filter>src\vdome\input\spout\SpoutSDK</Filter>
    </ClCompile>
    <ClCompile Include="src\vdome\input\spout\SpoutSDK\SpoutGLextensions.cpp">
      <Filter>src\vdome\input\spout\SpoutSDK</Filter>
    </ClCompile>
    <ClCompile Include="src\vdome\input\spout\SpoutSDK\SpoutMemoryShare.cpp">
      <Filter>src\vdome\input\spout\SpoutSDK</Filter>
    </ClCompile>
    <ClCompile Include="src\vdome\input\spout\SpoutSDK\SpoutReceiver.cpp">
      <Filter>src\vdome\input\spout\SpoutSDK</Filter>
    </ClCompile>
    <ClCompile Include="src\vdome\input\spout\SpoutSDK\SpoutSDK.cpp">
      <Filter>src\vdome\input\spout\SpoutSDK</Filter>
    </ClCompile>
    <ClCompile Include="src\vdome\input\spout\SpoutSDK\SpoutSender.cpp">
      <Filter>src\vdome\input\spout\SpoutSDK</Filter>
    </ClCompile>
    <ClCompile Include="src\vdome\input\spout\SpoutSDK\SpoutSenderNames.cpp">
      <Filter>src\vdome\input\spout\SpoutSDK</Filter>
    </ClCompile>
    <ClCompile Include="src\vdome\input\spout\SpoutSDK\SpoutSharedMemory.cpp">
      <Filter>src\vdome\input\spout\SpoutSDK</Filter>
    </ClCompile>
    <ClCompile Include="src\vdome\menu\command.cpp">
      <Filter>src\vdome\menu</Filter>
    </ClCompile>
    <ClCompile Include="src\vdome\menu\menu.cpp">
      <Filter>src\vdome\menu</Filter>
    </ClCompile>
    <ClCompile Include="src\vdome\menu\socket.cpp">
      <Filter>src\vdome\menu</Filter>
    </ClCompile>
    <ClCompile Include="src\vdome\renderer\model.cpp">
      <Filter>src\vdome\renderer</Filter>
    </ClCompile>
    <ClCompile Include="src\vdome\renderer\window.cpp">
      <Filter>src\vdome\renderer</Filter>
    </ClCompile>
    <ClCompile Include="src\vdome\renderer\projector\curves.cpp">
      <Filter>src\vdome\renderer\projector</Filter>
    </ClCompile>
    <ClCompile Include="src\vdome\renderer\projector\projector.cpp">
      <Filter>src\vdome\renderer\projector</Filter>
    </ClCompile>
    <ClCompile Include="src\vdome\menu\systemUtil.cpp">
      <Filter>src\vdome\menu</Filter>
    </ClCompile>
  </ItemGroup>
  <ItemGroup>
    <Filter Include="src">
      <UniqueIdentifier>{d8376475-7454-4a24-b08a-aac121d3ad6f}</UniqueIdentifier>
    </Filter>
    <Filter Include="addons">
      <UniqueIdentifier>{71834F65-F3A9-211E-73B8-DC85}</UniqueIdentifier>
    </Filter>
    <Filter Include="addons\ofxCurvesTool">
      <UniqueIdentifier>{125BA1A5-1AAC-DAB4-76FE-E7AF}</UniqueIdentifier>
    </Filter>
    <Filter Include="addons\ofxCurvesTool\src">
      <UniqueIdentifier>{7EC6BEEA-0CA5-414A-8F83-7EB2}</UniqueIdentifier>
    </Filter>
    <Filter Include="addons\ofxOsc">
      <UniqueIdentifier>{D91DCA33-6E5D-4481-2AEC-9FBB}</UniqueIdentifier>
    </Filter>
    <Filter Include="addons\ofxOsc\src">
      <UniqueIdentifier>{B9DD339A-D93D-92A1-0A2F-4B41}</UniqueIdentifier>
    </Filter>
    <Filter Include="addons\ofxOsc\libs">
      <UniqueIdentifier>{99ECA1D9-873F-4622-8FC0-FC7B}</UniqueIdentifier>
    </Filter>
    <Filter Include="addons\ofxOsc\libs\oscpack">
      <UniqueIdentifier>{D3A98534-1602-4FEF-57A6-6593}</UniqueIdentifier>
    </Filter>
    <Filter Include="addons\ofxOsc\libs\oscpack\src">
      <UniqueIdentifier>{BFB5BB47-98C8-BBCB-3066-1046}</UniqueIdentifier>
    </Filter>
    <Filter Include="addons\ofxOsc\libs\oscpack\src\ip">
      <UniqueIdentifier>{5A029128-EB41-95C5-CBC0-CDED}</UniqueIdentifier>
    </Filter>
    <Filter Include="addons\ofxOsc\libs\oscpack\src\ip\win32">
      <UniqueIdentifier>{79DFDFE2-400B-8654-3675-01A3}</UniqueIdentifier>
    </Filter>
    <Filter Include="addons\ofxOsc\libs\oscpack\src\osc">
      <UniqueIdentifier>{EDACB89C-9768-9551-4D41-B590}</UniqueIdentifier>
    </Filter>
    <Filter Include="addons\ofxWarping">
      <UniqueIdentifier>{4230E518-D00B-78B6-AA7C-4E0F}</UniqueIdentifier>
    </Filter>
    <Filter Include="addons\ofxWarping\src">
      <UniqueIdentifier>{779C067D-9451-9CCB-D6AF-9B12}</UniqueIdentifier>
    </Filter>
    <Filter Include="addons\ofxWarping\libs">
      <UniqueIdentifier>{A9365503-6879-F0FB-9FC6-2AC4}</UniqueIdentifier>
    </Filter>
    <Filter Include="addons\ofxWarping\libs\glm">
      <UniqueIdentifier>{85EAAAA7-950A-EB83-987C-4BE8}</UniqueIdentifier>
    </Filter>
    <Filter Include="addons\ofxWarping\libs\glm\detail">
      <UniqueIdentifier>{7241330D-5FAB-37BC-996A-0E91}</UniqueIdentifier>
    </Filter>
    <Filter Include="addons\ofxWarping\libs\glm\gtc">
      <UniqueIdentifier>{D02BCEBC-6779-2A56-7E3B-5524}</UniqueIdentifier>
    </Filter>
    <Filter Include="addons\ofxWarping\libs\glm\gtx">
      <UniqueIdentifier>{B0A35FBD-D7E9-7B6E-9FB9-758E}</UniqueIdentifier>
    </Filter>
    <Filter Include="addons\ofxWMFVideoPlayer">
      <UniqueIdentifier>{0D998C22-15FA-2D4D-B14F-3097}</UniqueIdentifier>
    </Filter>
    <Filter Include="addons\ofxWMFVideoPlayer\src">
      <UniqueIdentifier>{F82D83B9-0D21-7132-BD40-6A3F}</UniqueIdentifier>
    </Filter>
    <Filter Include="addons\ofxWMFVideoPlayer\src\presenter">
      <UniqueIdentifier>{BE3E8290-7E8D-C507-ABFC-7796}</UniqueIdentifier>
    </Filter>
    <Filter Include="addons\ofxWMFVideoPlayer\src\presenter\common">
      <UniqueIdentifier>{7C551AFE-871E-B43E-36A9-EE73}</UniqueIdentifier>
    </Filter>
    <Filter Include="src\vdome">
      <UniqueIdentifier>{4acb8ef2-669c-4c7f-9330-d8de645bb1cb}</UniqueIdentifier>
    </Filter>
    <Filter Include="src\vdome\input">
      <UniqueIdentifier>{2f99ace3-6303-4355-9de3-cc974319db97}</UniqueIdentifier>
    </Filter>
    <Filter Include="src\vdome\menu">
      <UniqueIdentifier>{1788d9c8-dd79-45d7-82ab-b36473bf6736}</UniqueIdentifier>
    </Filter>
    <Filter Include="src\vdome\renderer">
      <UniqueIdentifier>{374aae13-d050-4cd4-b486-c8cc94dca7ff}</UniqueIdentifier>
    </Filter>
    <Filter Include="src\vdome\input\media">
      <UniqueIdentifier>{9fba7a70-3608-4117-83f5-0da84d309397}</UniqueIdentifier>
    </Filter>
    <Filter Include="src\vdome\input\spout">
      <UniqueIdentifier>{d82ceb4c-a18c-4f72-8b9f-2d8a1ae58eca}</UniqueIdentifier>
    </Filter>
    <Filter Include="src\vdome\input\media\video">
      <UniqueIdentifier>{5f24a6d7-c864-4c7d-8b15-1c43a1b14bc1}</UniqueIdentifier>
    </Filter>
    <Filter Include="src\vdome\input\spout\SpoutSDK">
      <UniqueIdentifier>{ab2d230c-aa93-4ef8-8422-eee6f136d6b7}</UniqueIdentifier>
    </Filter>
    <Filter Include="src\vdome\renderer\projector">
      <UniqueIdentifier>{c07f69b8-b5ec-43d6-9204-42491e151f58}</UniqueIdentifier>
    </Filter>
  </ItemGroup>
  <ItemGroup>
    <ClInclude Include="..\..\..\addons\ofxCurvesTool\src\CurveLut.h">
      <Filter>addons\ofxCurvesTool\src</Filter>
    </ClInclude>
    <ClInclude Include="..\..\..\addons\ofxCurvesTool\src\ofxCurvesTool.h">
      <Filter>addons\ofxCurvesTool\src</Filter>
    </ClInclude>
    <ClInclude Include="..\..\..\addons\ofxOsc\src\ofxOsc.h">
      <Filter>addons\ofxOsc\src</Filter>
    </ClInclude>
    <ClInclude Include="..\..\..\addons\ofxOsc\src\ofxOscArg.h">
      <Filter>addons\ofxOsc\src</Filter>
    </ClInclude>
    <ClInclude Include="..\..\..\addons\ofxOsc\src\ofxOscBundle.h">
      <Filter>addons\ofxOsc\src</Filter>
    </ClInclude>
    <ClInclude Include="..\..\..\addons\ofxOsc\src\ofxOscMessage.h">
      <Filter>addons\ofxOsc\src</Filter>
    </ClInclude>
    <ClInclude Include="..\..\..\addons\ofxOsc\src\ofxOscParameterSync.h">
      <Filter>addons\ofxOsc\src</Filter>
    </ClInclude>
    <ClInclude Include="..\..\..\addons\ofxOsc\src\ofxOscReceiver.h">
      <Filter>addons\ofxOsc\src</Filter>
    </ClInclude>
    <ClInclude Include="..\..\..\addons\ofxOsc\src\ofxOscSender.h">
      <Filter>addons\ofxOsc\src</Filter>
    </ClInclude>
    <ClInclude Include="..\..\..\addons\ofxOsc\libs\oscpack\src\ip\IpEndpointName.h">
      <Filter>addons\ofxOsc\libs\oscpack\src\ip</Filter>
    </ClInclude>
    <ClInclude Include="..\..\..\addons\ofxOsc\libs\oscpack\src\ip\NetworkingUtils.h">
      <Filter>addons\ofxOsc\libs\oscpack\src\ip</Filter>
    </ClInclude>
    <ClInclude Include="..\..\..\addons\ofxOsc\libs\oscpack\src\ip\PacketListener.h">
      <Filter>addons\ofxOsc\libs\oscpack\src\ip</Filter>
    </ClInclude>
    <ClInclude Include="..\..\..\addons\ofxOsc\libs\oscpack\src\ip\TimerListener.h">
      <Filter>addons\ofxOsc\libs\oscpack\src\ip</Filter>
    </ClInclude>
    <ClInclude Include="..\..\..\addons\ofxOsc\libs\oscpack\src\ip\UdpSocket.h">
      <Filter>addons\ofxOsc\libs\oscpack\src\ip</Filter>
    </ClInclude>
    <ClInclude Include="..\..\..\addons\ofxOsc\libs\oscpack\src\osc\MessageMappingOscPacketListener.h">
      <Filter>addons\ofxOsc\libs\oscpack\src\osc</Filter>
    </ClInclude>
    <ClInclude Include="..\..\..\addons\ofxOsc\libs\oscpack\src\osc\OscException.h">
      <Filter>addons\ofxOsc\libs\oscpack\src\osc</Filter>
    </ClInclude>
    <ClInclude Include="..\..\..\addons\ofxOsc\libs\oscpack\src\osc\OscHostEndianness.h">
      <Filter>addons\ofxOsc\libs\oscpack\src\osc</Filter>
    </ClInclude>
    <ClInclude Include="..\..\..\addons\ofxOsc\libs\oscpack\src\osc\OscOutboundPacketStream.h">
      <Filter>addons\ofxOsc\libs\oscpack\src\osc</Filter>
    </ClInclude>
    <ClInclude Include="..\..\..\addons\ofxOsc\libs\oscpack\src\osc\OscPacketListener.h">
      <Filter>addons\ofxOsc\libs\oscpack\src\osc</Filter>
    </ClInclude>
    <ClInclude Include="..\..\..\addons\ofxOsc\libs\oscpack\src\osc\OscPrintReceivedElements.h">
      <Filter>addons\ofxOsc\libs\oscpack\src\osc</Filter>
    </ClInclude>
    <ClInclude Include="..\..\..\addons\ofxOsc\libs\oscpack\src\osc\OscReceivedElements.h">
      <Filter>addons\ofxOsc\libs\oscpack\src\osc</Filter>
    </ClInclude>
    <ClInclude Include="..\..\..\addons\ofxOsc\libs\oscpack\src\osc\OscTypes.h">
      <Filter>addons\ofxOsc\libs\oscpack\src\osc</Filter>
    </ClInclude>
    <ClInclude Include="..\..\..\addons\ofxWarping\src\Warp.h">
      <Filter>addons\ofxWarping\src</Filter>
    </ClInclude>
    <ClInclude Include="..\..\..\addons\ofxWarping\libs\BSpline.h">
      <Filter>addons\ofxWarping\libs</Filter>
    </ClInclude>
    <ClInclude Include="..\..\..\addons\ofxWarping\libs\glm\common.hpp">
      <Filter>addons\ofxWarping\libs\glm</Filter>
    </ClInclude>
    <ClInclude Include="..\..\..\addons\ofxWarping\libs\glm\detail\func_common.hpp">
      <Filter>addons\ofxWarping\libs\glm\detail</Filter>
    </ClInclude>
    <ClInclude Include="..\..\..\addons\ofxWarping\libs\glm\detail\func_exponential.hpp">
      <Filter>addons\ofxWarping\libs\glm\detail</Filter>
    </ClInclude>
    <ClInclude Include="..\..\..\addons\ofxWarping\libs\glm\detail\func_geometric.hpp">
      <Filter>addons\ofxWarping\libs\glm\detail</Filter>
    </ClInclude>
    <ClInclude Include="..\..\..\addons\ofxWarping\libs\glm\detail\func_integer.hpp">
      <Filter>addons\ofxWarping\libs\glm\detail</Filter>
    </ClInclude>
    <ClInclude Include="..\..\..\addons\ofxWarping\libs\glm\detail\func_matrix.hpp">
      <Filter>addons\ofxWarping\libs\glm\detail</Filter>
    </ClInclude>
    <ClInclude Include="..\..\..\addons\ofxWarping\libs\glm\detail\func_noise.hpp">
      <Filter>addons\ofxWarping\libs\glm\detail</Filter>
    </ClInclude>
    <ClInclude Include="..\..\..\addons\ofxWarping\libs\glm\detail\func_packing.hpp">
      <Filter>addons\ofxWarping\libs\glm\detail</Filter>
    </ClInclude>
    <ClInclude Include="..\..\..\addons\ofxWarping\libs\glm\detail\func_trigonometric.hpp">
      <Filter>addons\ofxWarping\libs\glm\detail</Filter>
    </ClInclude>
    <ClInclude Include="..\..\..\addons\ofxWarping\libs\glm\detail\func_vector_relational.hpp">
      <Filter>addons\ofxWarping\libs\glm\detail</Filter>
    </ClInclude>
    <ClInclude Include="..\..\..\addons\ofxWarping\libs\glm\detail\intrinsic_common.hpp">
      <Filter>addons\ofxWarping\libs\glm\detail</Filter>
    </ClInclude>
    <ClInclude Include="..\..\..\addons\ofxWarping\libs\glm\detail\intrinsic_exponential.hpp">
      <Filter>addons\ofxWarping\libs\glm\detail</Filter>
    </ClInclude>
    <ClInclude Include="..\..\..\addons\ofxWarping\libs\glm\detail\intrinsic_geometric.hpp">
      <Filter>addons\ofxWarping\libs\glm\detail</Filter>
    </ClInclude>
    <ClInclude Include="..\..\..\addons\ofxWarping\libs\glm\detail\intrinsic_integer.hpp">
      <Filter>addons\ofxWarping\libs\glm\detail</Filter>
    </ClInclude>
    <ClInclude Include="..\..\..\addons\ofxWarping\libs\glm\detail\intrinsic_matrix.hpp">
      <Filter>addons\ofxWarping\libs\glm\detail</Filter>
    </ClInclude>
    <ClInclude Include="..\..\..\addons\ofxWarping\libs\glm\detail\intrinsic_trigonometric.hpp">
      <Filter>addons\ofxWarping\libs\glm\detail</Filter>
    </ClInclude>
    <ClInclude Include="..\..\..\addons\ofxWarping\libs\glm\detail\intrinsic_vector_relational.hpp">
      <Filter>addons\ofxWarping\libs\glm\detail</Filter>
    </ClInclude>
    <ClInclude Include="..\..\..\addons\ofxWarping\libs\glm\detail\precision.hpp">
      <Filter>addons\ofxWarping\libs\glm\detail</Filter>
    </ClInclude>
    <ClInclude Include="..\..\..\addons\ofxWarping\libs\glm\detail\setup.hpp">
      <Filter>addons\ofxWarping\libs\glm\detail</Filter>
    </ClInclude>
    <ClInclude Include="..\..\..\addons\ofxWarping\libs\glm\detail\type_float.hpp">
      <Filter>addons\ofxWarping\libs\glm\detail</Filter>
    </ClInclude>
    <ClInclude Include="..\..\..\addons\ofxWarping\libs\glm\detail\type_gentype.hpp">
      <Filter>addons\ofxWarping\libs\glm\detail</Filter>
    </ClInclude>
    <ClInclude Include="..\..\..\addons\ofxWarping\libs\glm\detail\type_half.hpp">
      <Filter>addons\ofxWarping\libs\glm\detail</Filter>
    </ClInclude>
    <ClInclude Include="..\..\..\addons\ofxWarping\libs\glm\detail\type_int.hpp">
      <Filter>addons\ofxWarping\libs\glm\detail</Filter>
    </ClInclude>
    <ClInclude Include="..\..\..\addons\ofxWarping\libs\glm\detail\type_mat.hpp">
      <Filter>addons\ofxWarping\libs\glm\detail</Filter>
    </ClInclude>
    <ClInclude Include="..\..\..\addons\ofxWarping\libs\glm\detail\type_mat2x2.hpp">
      <Filter>addons\ofxWarping\libs\glm\detail</Filter>
    </ClInclude>
    <ClInclude Include="..\..\..\addons\ofxWarping\libs\glm\detail\type_mat2x3.hpp">
      <Filter>addons\ofxWarping\libs\glm\detail</Filter>
    </ClInclude>
    <ClInclude Include="..\..\..\addons\ofxWarping\libs\glm\detail\type_mat2x4.hpp">
      <Filter>addons\ofxWarping\libs\glm\detail</Filter>
    </ClInclude>
    <ClInclude Include="..\..\..\addons\ofxWarping\libs\glm\detail\type_mat3x2.hpp">
      <Filter>addons\ofxWarping\libs\glm\detail</Filter>
    </ClInclude>
    <ClInclude Include="..\..\..\addons\ofxWarping\libs\glm\detail\type_mat3x3.hpp">
      <Filter>addons\ofxWarping\libs\glm\detail</Filter>
    </ClInclude>
    <ClInclude Include="..\..\..\addons\ofxWarping\libs\glm\detail\type_mat3x4.hpp">
      <Filter>addons\ofxWarping\libs\glm\detail</Filter>
    </ClInclude>
    <ClInclude Include="..\..\..\addons\ofxWarping\libs\glm\detail\type_mat4x2.hpp">
      <Filter>addons\ofxWarping\libs\glm\detail</Filter>
    </ClInclude>
    <ClInclude Include="..\..\..\addons\ofxWarping\libs\glm\detail\type_mat4x3.hpp">
      <Filter>addons\ofxWarping\libs\glm\detail</Filter>
    </ClInclude>
    <ClInclude Include="..\..\..\addons\ofxWarping\libs\glm\detail\type_mat4x4.hpp">
      <Filter>addons\ofxWarping\libs\glm\detail</Filter>
    </ClInclude>
    <ClInclude Include="..\..\..\addons\ofxWarping\libs\glm\detail\type_vec.hpp">
      <Filter>addons\ofxWarping\libs\glm\detail</Filter>
    </ClInclude>
    <ClInclude Include="..\..\..\addons\ofxWarping\libs\glm\detail\type_vec1.hpp">
      <Filter>addons\ofxWarping\libs\glm\detail</Filter>
    </ClInclude>
    <ClInclude Include="..\..\..\addons\ofxWarping\libs\glm\detail\type_vec2.hpp">
      <Filter>addons\ofxWarping\libs\glm\detail</Filter>
    </ClInclude>
    <ClInclude Include="..\..\..\addons\ofxWarping\libs\glm\detail\type_vec3.hpp">
      <Filter>addons\ofxWarping\libs\glm\detail</Filter>
    </ClInclude>
    <ClInclude Include="..\..\..\addons\ofxWarping\libs\glm\detail\type_vec4.hpp">
      <Filter>addons\ofxWarping\libs\glm\detail</Filter>
    </ClInclude>
    <ClInclude Include="..\..\..\addons\ofxWarping\libs\glm\detail\_features.hpp">
      <Filter>addons\ofxWarping\libs\glm\detail</Filter>
    </ClInclude>
    <ClInclude Include="..\..\..\addons\ofxWarping\libs\glm\detail\_fixes.hpp">
      <Filter>addons\ofxWarping\libs\glm\detail</Filter>
    </ClInclude>
    <ClInclude Include="..\..\..\addons\ofxWarping\libs\glm\detail\_noise.hpp">
      <Filter>addons\ofxWarping\libs\glm\detail</Filter>
    </ClInclude>
    <ClInclude Include="..\..\..\addons\ofxWarping\libs\glm\detail\_swizzle.hpp">
      <Filter>addons\ofxWarping\libs\glm\detail</Filter>
    </ClInclude>
    <ClInclude Include="..\..\..\addons\ofxWarping\libs\glm\detail\_swizzle_func.hpp">
      <Filter>addons\ofxWarping\libs\glm\detail</Filter>
    </ClInclude>
    <ClInclude Include="..\..\..\addons\ofxWarping\libs\glm\detail\_vectorize.hpp">
      <Filter>addons\ofxWarping\libs\glm\detail</Filter>
    </ClInclude>
    <ClInclude Include="..\..\..\addons\ofxWarping\libs\glm\exponential.hpp">
      <Filter>addons\ofxWarping\libs\glm</Filter>
    </ClInclude>
    <ClInclude Include="..\..\..\addons\ofxWarping\libs\glm\ext.hpp">
      <Filter>addons\ofxWarping\libs\glm</Filter>
    </ClInclude>
    <ClInclude Include="..\..\..\addons\ofxWarping\libs\glm\fwd.hpp">
      <Filter>addons\ofxWarping\libs\glm</Filter>
    </ClInclude>
    <ClInclude Include="..\..\..\addons\ofxWarping\libs\glm\geometric.hpp">
      <Filter>addons\ofxWarping\libs\glm</Filter>
    </ClInclude>
    <ClInclude Include="..\..\..\addons\ofxWarping\libs\glm\glm.hpp">
      <Filter>addons\ofxWarping\libs\glm</Filter>
    </ClInclude>
    <ClInclude Include="..\..\..\addons\ofxWarping\libs\glm\gtc\bitfield.hpp">
      <Filter>addons\ofxWarping\libs\glm\gtc</Filter>
    </ClInclude>
    <ClInclude Include="..\..\..\addons\ofxWarping\libs\glm\gtc\constants.hpp">
      <Filter>addons\ofxWarping\libs\glm\gtc</Filter>
    </ClInclude>
    <ClInclude Include="..\..\..\addons\ofxWarping\libs\glm\gtc\epsilon.hpp">
      <Filter>addons\ofxWarping\libs\glm\gtc</Filter>
    </ClInclude>
    <ClInclude Include="..\..\..\addons\ofxWarping\libs\glm\gtc\integer.hpp">
      <Filter>addons\ofxWarping\libs\glm\gtc</Filter>
    </ClInclude>
    <ClInclude Include="..\..\..\addons\ofxWarping\libs\glm\gtc\matrix_access.hpp">
      <Filter>addons\ofxWarping\libs\glm\gtc</Filter>
    </ClInclude>
    <ClInclude Include="..\..\..\addons\ofxWarping\libs\glm\gtc\matrix_integer.hpp">
      <Filter>addons\ofxWarping\libs\glm\gtc</Filter>
    </ClInclude>
    <ClInclude Include="..\..\..\addons\ofxWarping\libs\glm\gtc\matrix_inverse.hpp">
      <Filter>addons\ofxWarping\libs\glm\gtc</Filter>
    </ClInclude>
    <ClInclude Include="..\..\..\addons\ofxWarping\libs\glm\gtc\matrix_transform.hpp">
      <Filter>addons\ofxWarping\libs\glm\gtc</Filter>
    </ClInclude>
    <ClInclude Include="..\..\..\addons\ofxWarping\libs\glm\gtc\noise.hpp">
      <Filter>addons\ofxWarping\libs\glm\gtc</Filter>
    </ClInclude>
    <ClInclude Include="..\..\..\addons\ofxWarping\libs\glm\gtc\packing.hpp">
      <Filter>addons\ofxWarping\libs\glm\gtc</Filter>
    </ClInclude>
    <ClInclude Include="..\..\..\addons\ofxWarping\libs\glm\gtc\quaternion.hpp">
      <Filter>addons\ofxWarping\libs\glm\gtc</Filter>
    </ClInclude>
    <ClInclude Include="..\..\..\addons\ofxWarping\libs\glm\gtc\random.hpp">
      <Filter>addons\ofxWarping\libs\glm\gtc</Filter>
    </ClInclude>
    <ClInclude Include="..\..\..\addons\ofxWarping\libs\glm\gtc\reciprocal.hpp">
      <Filter>addons\ofxWarping\libs\glm\gtc</Filter>
    </ClInclude>
    <ClInclude Include="..\..\..\addons\ofxWarping\libs\glm\gtc\round.hpp">
      <Filter>addons\ofxWarping\libs\glm\gtc</Filter>
    </ClInclude>
    <ClInclude Include="..\..\..\addons\ofxWarping\libs\glm\gtc\type_precision.hpp">
      <Filter>addons\ofxWarping\libs\glm\gtc</Filter>
    </ClInclude>
    <ClInclude Include="..\..\..\addons\ofxWarping\libs\glm\gtc\type_ptr.hpp">
      <Filter>addons\ofxWarping\libs\glm\gtc</Filter>
    </ClInclude>
    <ClInclude Include="..\..\..\addons\ofxWarping\libs\glm\gtc\ulp.hpp">
      <Filter>addons\ofxWarping\libs\glm\gtc</Filter>
    </ClInclude>
    <ClInclude Include="..\..\..\addons\ofxWarping\libs\glm\gtc\vec1.hpp">
      <Filter>addons\ofxWarping\libs\glm\gtc</Filter>
    </ClInclude>
    <ClInclude Include="..\..\..\addons\ofxWarping\libs\glm\gtx\associated_min_max.hpp">
      <Filter>addons\ofxWarping\libs\glm\gtx</Filter>
    </ClInclude>
    <ClInclude Include="..\..\..\addons\ofxWarping\libs\glm\gtx\bit.hpp">
      <Filter>addons\ofxWarping\libs\glm\gtx</Filter>
    </ClInclude>
    <ClInclude Include="..\..\..\addons\ofxWarping\libs\glm\gtx\closest_point.hpp">
      <Filter>addons\ofxWarping\libs\glm\gtx</Filter>
    </ClInclude>
    <ClInclude Include="..\..\..\addons\ofxWarping\libs\glm\gtx\color_space.hpp">
      <Filter>addons\ofxWarping\libs\glm\gtx</Filter>
    </ClInclude>
    <ClInclude Include="..\..\..\addons\ofxWarping\libs\glm\gtx\color_space_YCoCg.hpp">
      <Filter>addons\ofxWarping\libs\glm\gtx</Filter>
    </ClInclude>
    <ClInclude Include="..\..\..\addons\ofxWarping\libs\glm\gtx\common.hpp">
      <Filter>addons\ofxWarping\libs\glm\gtx</Filter>
    </ClInclude>
    <ClInclude Include="..\..\..\addons\ofxWarping\libs\glm\gtx\compatibility.hpp">
      <Filter>addons\ofxWarping\libs\glm\gtx</Filter>
    </ClInclude>
    <ClInclude Include="..\..\..\addons\ofxWarping\libs\glm\gtx\component_wise.hpp">
      <Filter>addons\ofxWarping\libs\glm\gtx</Filter>
    </ClInclude>
    <ClInclude Include="..\..\..\addons\ofxWarping\libs\glm\gtx\dual_quaternion.hpp">
      <Filter>addons\ofxWarping\libs\glm\gtx</Filter>
    </ClInclude>
    <ClInclude Include="..\..\..\addons\ofxWarping\libs\glm\gtx\euler_angles.hpp">
      <Filter>addons\ofxWarping\libs\glm\gtx</Filter>
    </ClInclude>
    <ClInclude Include="..\..\..\addons\ofxWarping\libs\glm\gtx\extend.hpp">
      <Filter>addons\ofxWarping\libs\glm\gtx</Filter>
    </ClInclude>
    <ClInclude Include="..\..\..\addons\ofxWarping\libs\glm\gtx\extented_min_max.hpp">
      <Filter>addons\ofxWarping\libs\glm\gtx</Filter>
    </ClInclude>
    <ClInclude Include="..\..\..\addons\ofxWarping\libs\glm\gtx\fast_exponential.hpp">
      <Filter>addons\ofxWarping\libs\glm\gtx</Filter>
    </ClInclude>
    <ClInclude Include="..\..\..\addons\ofxWarping\libs\glm\gtx\fast_square_root.hpp">
      <Filter>addons\ofxWarping\libs\glm\gtx</Filter>
    </ClInclude>
    <ClInclude Include="..\..\..\addons\ofxWarping\libs\glm\gtx\fast_trigonometry.hpp">
      <Filter>addons\ofxWarping\libs\glm\gtx</Filter>
    </ClInclude>
    <ClInclude Include="..\..\..\addons\ofxWarping\libs\glm\gtx\gradient_paint.hpp">
      <Filter>addons\ofxWarping\libs\glm\gtx</Filter>
    </ClInclude>
    <ClInclude Include="..\..\..\addons\ofxWarping\libs\glm\gtx\handed_coordinate_space.hpp">
      <Filter>addons\ofxWarping\libs\glm\gtx</Filter>
    </ClInclude>
    <ClInclude Include="..\..\..\addons\ofxWarping\libs\glm\gtx\integer.hpp">
      <Filter>addons\ofxWarping\libs\glm\gtx</Filter>
    </ClInclude>
    <ClInclude Include="..\..\..\addons\ofxWarping\libs\glm\gtx\intersect.hpp">
      <Filter>addons\ofxWarping\libs\glm\gtx</Filter>
    </ClInclude>
    <ClInclude Include="..\..\..\addons\ofxWarping\libs\glm\gtx\io.hpp">
      <Filter>addons\ofxWarping\libs\glm\gtx</Filter>
    </ClInclude>
    <ClInclude Include="..\..\..\addons\ofxWarping\libs\glm\gtx\log_base.hpp">
      <Filter>addons\ofxWarping\libs\glm\gtx</Filter>
    </ClInclude>
    <ClInclude Include="..\..\..\addons\ofxWarping\libs\glm\gtx\matrix_cross_product.hpp">
      <Filter>addons\ofxWarping\libs\glm\gtx</Filter>
    </ClInclude>
    <ClInclude Include="..\..\..\addons\ofxWarping\libs\glm\gtx\matrix_decompose.hpp">
      <Filter>addons\ofxWarping\libs\glm\gtx</Filter>
    </ClInclude>
    <ClInclude Include="..\..\..\addons\ofxWarping\libs\glm\gtx\matrix_interpolation.hpp">
      <Filter>addons\ofxWarping\libs\glm\gtx</Filter>
    </ClInclude>
    <ClInclude Include="..\..\..\addons\ofxWarping\libs\glm\gtx\matrix_major_storage.hpp">
      <Filter>addons\ofxWarping\libs\glm\gtx</Filter>
    </ClInclude>
    <ClInclude Include="..\..\..\addons\ofxWarping\libs\glm\gtx\matrix_operation.hpp">
      <Filter>addons\ofxWarping\libs\glm\gtx</Filter>
    </ClInclude>
    <ClInclude Include="..\..\..\addons\ofxWarping\libs\glm\gtx\matrix_query.hpp">
      <Filter>addons\ofxWarping\libs\glm\gtx</Filter>
    </ClInclude>
    <ClInclude Include="..\..\..\addons\ofxWarping\libs\glm\gtx\matrix_transform_2d.hpp">
      <Filter>addons\ofxWarping\libs\glm\gtx</Filter>
    </ClInclude>
    <ClInclude Include="..\..\..\addons\ofxWarping\libs\glm\gtx\mixed_product.hpp">
      <Filter>addons\ofxWarping\libs\glm\gtx</Filter>
    </ClInclude>
    <ClInclude Include="..\..\..\addons\ofxWarping\libs\glm\gtx\multiple.hpp">
      <Filter>addons\ofxWarping\libs\glm\gtx</Filter>
    </ClInclude>
    <ClInclude Include="..\..\..\addons\ofxWarping\libs\glm\gtx\norm.hpp">
      <Filter>addons\ofxWarping\libs\glm\gtx</Filter>
    </ClInclude>
    <ClInclude Include="..\..\..\addons\ofxWarping\libs\glm\gtx\normal.hpp">
      <Filter>addons\ofxWarping\libs\glm\gtx</Filter>
    </ClInclude>
    <ClInclude Include="..\..\..\addons\ofxWarping\libs\glm\gtx\normalize_dot.hpp">
      <Filter>addons\ofxWarping\libs\glm\gtx</Filter>
    </ClInclude>
    <ClInclude Include="..\..\..\addons\ofxWarping\libs\glm\gtx\number_precision.hpp">
      <Filter>addons\ofxWarping\libs\glm\gtx</Filter>
    </ClInclude>
    <ClInclude Include="..\..\..\addons\ofxWarping\libs\glm\gtx\optimum_pow.hpp">
      <Filter>addons\ofxWarping\libs\glm\gtx</Filter>
    </ClInclude>
    <ClInclude Include="..\..\..\addons\ofxWarping\libs\glm\gtx\orthonormalize.hpp">
      <Filter>addons\ofxWarping\libs\glm\gtx</Filter>
    </ClInclude>
    <ClInclude Include="..\..\..\addons\ofxWarping\libs\glm\gtx\perpendicular.hpp">
      <Filter>addons\ofxWarping\libs\glm\gtx</Filter>
    </ClInclude>
    <ClInclude Include="..\..\..\addons\ofxWarping\libs\glm\gtx\polar_coordinates.hpp">
      <Filter>addons\ofxWarping\libs\glm\gtx</Filter>
    </ClInclude>
    <ClInclude Include="..\..\..\addons\ofxWarping\libs\glm\gtx\projection.hpp">
      <Filter>addons\ofxWarping\libs\glm\gtx</Filter>
    </ClInclude>
    <ClInclude Include="..\..\..\addons\ofxWarping\libs\glm\gtx\quaternion.hpp">
      <Filter>addons\ofxWarping\libs\glm\gtx</Filter>
    </ClInclude>
    <ClInclude Include="..\..\..\addons\ofxWarping\libs\glm\gtx\range.hpp">
      <Filter>addons\ofxWarping\libs\glm\gtx</Filter>
    </ClInclude>
    <ClInclude Include="..\..\..\addons\ofxWarping\libs\glm\gtx\raw_data.hpp">
      <Filter>addons\ofxWarping\libs\glm\gtx</Filter>
    </ClInclude>
    <ClInclude Include="..\..\..\addons\ofxWarping\libs\glm\gtx\rotate_normalized_axis.hpp">
      <Filter>addons\ofxWarping\libs\glm\gtx</Filter>
    </ClInclude>
    <ClInclude Include="..\..\..\addons\ofxWarping\libs\glm\gtx\rotate_vector.hpp">
      <Filter>addons\ofxWarping\libs\glm\gtx</Filter>
    </ClInclude>
    <ClInclude Include="..\..\..\addons\ofxWarping\libs\glm\gtx\scalar_multiplication.hpp">
      <Filter>addons\ofxWarping\libs\glm\gtx</Filter>
    </ClInclude>
    <ClInclude Include="..\..\..\addons\ofxWarping\libs\glm\gtx\scalar_relational.hpp">
      <Filter>addons\ofxWarping\libs\glm\gtx</Filter>
    </ClInclude>
    <ClInclude Include="..\..\..\addons\ofxWarping\libs\glm\gtx\simd_mat4.hpp">
      <Filter>addons\ofxWarping\libs\glm\gtx</Filter>
    </ClInclude>
    <ClInclude Include="..\..\..\addons\ofxWarping\libs\glm\gtx\simd_quat.hpp">
      <Filter>addons\ofxWarping\libs\glm\gtx</Filter>
    </ClInclude>
    <ClInclude Include="..\..\..\addons\ofxWarping\libs\glm\gtx\simd_vec4.hpp">
      <Filter>addons\ofxWarping\libs\glm\gtx</Filter>
    </ClInclude>
    <ClInclude Include="..\..\..\addons\ofxWarping\libs\glm\gtx\spline.hpp">
      <Filter>addons\ofxWarping\libs\glm\gtx</Filter>
    </ClInclude>
    <ClInclude Include="..\..\..\addons\ofxWarping\libs\glm\gtx\std_based_type.hpp">
      <Filter>addons\ofxWarping\libs\glm\gtx</Filter>
    </ClInclude>
    <ClInclude Include="..\..\..\addons\ofxWarping\libs\glm\gtx\string_cast.hpp">
      <Filter>addons\ofxWarping\libs\glm\gtx</Filter>
    </ClInclude>
    <ClInclude Include="..\..\..\addons\ofxWarping\libs\glm\gtx\transform.hpp">
      <Filter>addons\ofxWarping\libs\glm\gtx</Filter>
    </ClInclude>
    <ClInclude Include="..\..\..\addons\ofxWarping\libs\glm\gtx\transform2.hpp">
      <Filter>addons\ofxWarping\libs\glm\gtx</Filter>
    </ClInclude>
    <ClInclude Include="..\..\..\addons\ofxWarping\libs\glm\gtx\type_aligned.hpp">
      <Filter>addons\ofxWarping\libs\glm\gtx</Filter>
    </ClInclude>
    <ClInclude Include="..\..\..\addons\ofxWarping\libs\glm\gtx\vector_angle.hpp">
      <Filter>addons\ofxWarping\libs\glm\gtx</Filter>
    </ClInclude>
    <ClInclude Include="..\..\..\addons\ofxWarping\libs\glm\gtx\vector_query.hpp">
      <Filter>addons\ofxWarping\libs\glm\gtx</Filter>
    </ClInclude>
    <ClInclude Include="..\..\..\addons\ofxWarping\libs\glm\gtx\wrap.hpp">
      <Filter>addons\ofxWarping\libs\glm\gtx</Filter>
    </ClInclude>
    <ClInclude Include="..\..\..\addons\ofxWarping\libs\glm\integer.hpp">
      <Filter>addons\ofxWarping\libs\glm</Filter>
    </ClInclude>
    <ClInclude Include="..\..\..\addons\ofxWarping\libs\glm\mat2x2.hpp">
      <Filter>addons\ofxWarping\libs\glm</Filter>
    </ClInclude>
    <ClInclude Include="..\..\..\addons\ofxWarping\libs\glm\mat2x3.hpp">
      <Filter>addons\ofxWarping\libs\glm</Filter>
    </ClInclude>
    <ClInclude Include="..\..\..\addons\ofxWarping\libs\glm\mat2x4.hpp">
      <Filter>addons\ofxWarping\libs\glm</Filter>
    </ClInclude>
    <ClInclude Include="..\..\..\addons\ofxWarping\libs\glm\mat3x2.hpp">
      <Filter>addons\ofxWarping\libs\glm</Filter>
    </ClInclude>
    <ClInclude Include="..\..\..\addons\ofxWarping\libs\glm\mat3x3.hpp">
      <Filter>addons\ofxWarping\libs\glm</Filter>
    </ClInclude>
    <ClInclude Include="..\..\..\addons\ofxWarping\libs\glm\mat3x4.hpp">
      <Filter>addons\ofxWarping\libs\glm</Filter>
    </ClInclude>
    <ClInclude Include="..\..\..\addons\ofxWarping\libs\glm\mat4x2.hpp">
      <Filter>addons\ofxWarping\libs\glm</Filter>
    </ClInclude>
    <ClInclude Include="..\..\..\addons\ofxWarping\libs\glm\mat4x3.hpp">
      <Filter>addons\ofxWarping\libs\glm</Filter>
    </ClInclude>
    <ClInclude Include="..\..\..\addons\ofxWarping\libs\glm\mat4x4.hpp">
      <Filter>addons\ofxWarping\libs\glm</Filter>
    </ClInclude>
    <ClInclude Include="..\..\..\addons\ofxWarping\libs\glm\matrix.hpp">
      <Filter>addons\ofxWarping\libs\glm</Filter>
    </ClInclude>
    <ClInclude Include="..\..\..\addons\ofxWarping\libs\glm\packing.hpp">
      <Filter>addons\ofxWarping\libs\glm</Filter>
    </ClInclude>
    <ClInclude Include="..\..\..\addons\ofxWarping\libs\glm\trigonometric.hpp">
      <Filter>addons\ofxWarping\libs\glm</Filter>
    </ClInclude>
    <ClInclude Include="..\..\..\addons\ofxWarping\libs\glm\vec2.hpp">
      <Filter>addons\ofxWarping\libs\glm</Filter>
    </ClInclude>
    <ClInclude Include="..\..\..\addons\ofxWarping\libs\glm\vec3.hpp">
      <Filter>addons\ofxWarping\libs\glm</Filter>
    </ClInclude>
    <ClInclude Include="..\..\..\addons\ofxWarping\libs\glm\vec4.hpp">
      <Filter>addons\ofxWarping\libs\glm</Filter>
    </ClInclude>
    <ClInclude Include="..\..\..\addons\ofxWarping\libs\glm\vector_relational.hpp">
      <Filter>addons\ofxWarping\libs\glm</Filter>
    </ClInclude>
    <ClInclude Include="..\..\..\addons\ofxWMFVideoPlayer\src\ofxWMFVideoPlayer.h">
      <Filter>addons\ofxWMFVideoPlayer\src</Filter>
    </ClInclude>
    <ClInclude Include="..\..\..\addons\ofxWMFVideoPlayer\src\ofxWMFVideoPlayerUtils.h">
      <Filter>addons\ofxWMFVideoPlayer\src</Filter>
    </ClInclude>
    <ClInclude Include="..\..\..\addons\ofxWMFVideoPlayer\src\presenter\common\AsyncCB.h">
      <Filter>addons\ofxWMFVideoPlayer\src\presenter\common</Filter>
    </ClInclude>
    <ClInclude Include="..\..\..\addons\ofxWMFVideoPlayer\src\presenter\common\BufferLock.h">
      <Filter>addons\ofxWMFVideoPlayer\src\presenter\common</Filter>
    </ClInclude>
    <ClInclude Include="..\..\..\addons\ofxWMFVideoPlayer\src\presenter\common\ClassFactory.h">
      <Filter>addons\ofxWMFVideoPlayer\src\presenter\common</Filter>
    </ClInclude>
    <ClInclude Include="..\..\..\addons\ofxWMFVideoPlayer\src\presenter\common\common.h">
      <Filter>addons\ofxWMFVideoPlayer\src\presenter\common</Filter>
    </ClInclude>
    <ClInclude Include="..\..\..\addons\ofxWMFVideoPlayer\src\presenter\common\critsec.h">
      <Filter>addons\ofxWMFVideoPlayer\src\presenter\common</Filter>
    </ClInclude>
    <ClInclude Include="..\..\..\addons\ofxWMFVideoPlayer\src\presenter\common\GrowArray.h">
      <Filter>addons\ofxWMFVideoPlayer\src\presenter\common</Filter>
    </ClInclude>
    <ClInclude Include="..\..\..\addons\ofxWMFVideoPlayer\src\presenter\common\linklist.h">
      <Filter>addons\ofxWMFVideoPlayer\src\presenter\common</Filter>
    </ClInclude>
    <ClInclude Include="..\..\..\addons\ofxWMFVideoPlayer\src\presenter\common\logging.h">
      <Filter>addons\ofxWMFVideoPlayer\src\presenter\common</Filter>
    </ClInclude>
    <ClInclude Include="..\..\..\addons\ofxWMFVideoPlayer\src\presenter\common\logmediatype.h">
      <Filter>addons\ofxWMFVideoPlayer\src\presenter\common</Filter>
    </ClInclude>
    <ClInclude Include="..\..\..\addons\ofxWMFVideoPlayer\src\presenter\common\mediatype.h">
      <Filter>addons\ofxWMFVideoPlayer\src\presenter\common</Filter>
    </ClInclude>
    <ClInclude Include="..\..\..\addons\ofxWMFVideoPlayer\src\presenter\common\mfutils.h">
      <Filter>addons\ofxWMFVideoPlayer\src\presenter\common</Filter>
    </ClInclude>
    <ClInclude Include="..\..\..\addons\ofxWMFVideoPlayer\src\presenter\common\PropVar.h">
      <Filter>addons\ofxWMFVideoPlayer\src\presenter\common</Filter>
    </ClInclude>
    <ClInclude Include="..\..\..\addons\ofxWMFVideoPlayer\src\presenter\common\registry.h">
      <Filter>addons\ofxWMFVideoPlayer\src\presenter\common</Filter>
    </ClInclude>
    <ClInclude Include="..\..\..\addons\ofxWMFVideoPlayer\src\presenter\common\TinyMap.h">
      <Filter>addons\ofxWMFVideoPlayer\src\presenter\common</Filter>
    </ClInclude>
    <ClInclude Include="..\..\..\addons\ofxWMFVideoPlayer\src\presenter\common\trace.h">
      <Filter>addons\ofxWMFVideoPlayer\src\presenter\common</Filter>
    </ClInclude>
    <ClInclude Include="..\..\..\addons\ofxWMFVideoPlayer\src\presenter\EVRPresenter.h">
      <Filter>addons\ofxWMFVideoPlayer\src\presenter</Filter>
    </ClInclude>
    <ClInclude Include="..\..\..\addons\ofxWMFVideoPlayer\src\presenter\EVRPresenterUuid.h">
      <Filter>addons\ofxWMFVideoPlayer\src\presenter</Filter>
    </ClInclude>
    <ClInclude Include="..\..\..\addons\ofxWMFVideoPlayer\src\presenter\Helpers.h">
      <Filter>addons\ofxWMFVideoPlayer\src\presenter</Filter>
    </ClInclude>
    <ClInclude Include="..\..\..\addons\ofxWMFVideoPlayer\src\presenter\PresentEngine.h">
      <Filter>addons\ofxWMFVideoPlayer\src\presenter</Filter>
    </ClInclude>
    <ClInclude Include="..\..\..\addons\ofxWMFVideoPlayer\src\presenter\Presenter.h">
      <Filter>addons\ofxWMFVideoPlayer\src\presenter</Filter>
    </ClInclude>
    <ClInclude Include="..\..\..\addons\ofxWMFVideoPlayer\src\presenter\scheduler.h">
      <Filter>addons\ofxWMFVideoPlayer\src\presenter</Filter>
    </ClInclude>
    <ClInclude Include="src\vdome\vdome.h">
      <Filter>src\vdome</Filter>
    </ClInclude>
    <ClInclude Include="src\vdome\input\capture.h">
      <Filter>src\vdome\input</Filter>
    </ClInclude>
    <ClInclude Include="src\vdome\input\color.h">
      <Filter>src\vdome\input</Filter>
    </ClInclude>
    <ClInclude Include="src\vdome\input\input.h">
      <Filter>src\vdome\input</Filter>
    </ClInclude>
    <ClInclude Include="src\vdome\input\media\image.h">
      <Filter>src\vdome\input\media</Filter>
    </ClInclude>
    <ClInclude Include="src\vdome\input\media\media.h">
      <Filter>src\vdome\input\media</Filter>
    </ClInclude>
    <ClInclude Include="src\vdome\input\media\video.h">
      <Filter>src\vdome\input\media</Filter>
    </ClInclude>
    <ClInclude Include="src\vdome\input\media\video\videoWMF.h">
      <Filter>src\vdome\input\media\video</Filter>
    </ClInclude>
    <ClInclude Include="src\vdome\input\spout\spoutR.h">
      <Filter>src\vdome\input\spout</Filter>
    </ClInclude>
    <ClInclude Include="src\vdome\input\spout\SpoutSDK\Spout.h">
      <Filter>src\vdome\input\spout\SpoutSDK</Filter>
    </ClInclude>
    <ClInclude Include="src\vdome\input\spout\SpoutSDK\SpoutCommon.h">
      <Filter>src\vdome\input\spout\SpoutSDK</Filter>
    </ClInclude>
    <ClInclude Include="src\vdome\input\spout\SpoutSDK\SpoutDirectX.h">
      <Filter>src\vdome\input\spout\SpoutSDK</Filter>
    </ClInclude>
    <ClInclude Include="src\vdome\input\spout\SpoutSDK\SpoutGLDXinterop.h">
      <Filter>src\vdome\input\spout\SpoutSDK</Filter>
    </ClInclude>
    <ClInclude Include="src\vdome\input\spout\SpoutSDK\SpoutGLextensions.h">
      <Filter>src\vdome\input\spout\SpoutSDK</Filter>
    </ClInclude>
    <ClInclude Include="src\vdome\input\spout\SpoutSDK\SpoutMemoryShare.h">
      <Filter>src\vdome\input\spout\SpoutSDK</Filter>
    </ClInclude>
    <ClInclude Include="src\vdome\input\spout\SpoutSDK\SpoutReceiver.h">
      <Filter>src\vdome\input\spout\SpoutSDK</Filter>
    </ClInclude>
    <ClInclude Include="src\vdome\input\spout\SpoutSDK\SpoutSDK.h">
      <Filter>src\vdome\input\spout\SpoutSDK</Filter>
    </ClInclude>
    <ClInclude Include="src\vdome\input\spout\SpoutSDK\SpoutSender.h">
      <Filter>src\vdome\input\spout\SpoutSDK</Filter>
    </ClInclude>
    <ClInclude Include="src\vdome\input\spout\SpoutSDK\SpoutSenderNames.h">
      <Filter>src\vdome\input\spout\SpoutSDK</Filter>
    </ClInclude>
    <ClInclude Include="src\vdome\input\spout\SpoutSDK\SpoutSharedMemory.h">
      <Filter>src\vdome\input\spout\SpoutSDK</Filter>
    </ClInclude>
    <ClInclude Include="src\vdome\menu\command.h">
      <Filter>src\vdome\menu</Filter>
    </ClInclude>
    <ClInclude Include="src\vdome\menu\commands.h">
      <Filter>src\vdome\menu</Filter>
    </ClInclude>
    <ClInclude Include="src\vdome\menu\menu.h">
      <Filter>src\vdome\menu</Filter>
    </ClInclude>
    <ClInclude Include="src\vdome\menu\saveThread.h">
      <Filter>src\vdome\menu</Filter>
    </ClInclude>
    <ClInclude Include="src\vdome\menu\socket.h">
      <Filter>src\vdome\menu</Filter>
    </ClInclude>
    <ClInclude Include="src\vdome\renderer\model.h">
      <Filter>src\vdome\renderer</Filter>
    </ClInclude>
    <ClInclude Include="src\vdome\renderer\window.h">
      <Filter>src\vdome\renderer</Filter>
    </ClInclude>
    <ClInclude Include="src\vdome\renderer\projector\curves.h">
      <Filter>src\vdome\renderer\projector</Filter>
    </ClInclude>
    <ClInclude Include="src\vdome\renderer\projector\projector.h">
      <Filter>src\vdome\renderer\projector</Filter>
    </ClInclude>
    <ClInclude Include="src\vdome\menu\systemUtil.h">
      <Filter>src\vdome\menu</Filter>
    </ClInclude>
  </ItemGroup>
  <ItemGroup>
    <ResourceCompile Include="icon.rc" />
  </ItemGroup>
</Project>