// !$*UTF8*$!
{
	archiveVersion = 1;
	classes = {
	};
	objectVersion = 46;
	objects = {

/* Begin PBXBuildFile section */
		0546D1A38E13BD319CC9755B /* OscReceivedElements.cpp in Sources */ = {isa = PBXBuildFile; fileRef = 9BF3AA0D4FAA89D0F8A0E545 /* OscReceivedElements.cpp */; };
		11DF9AB1B4EAA63E3B190CA0 /* ofxSyphonServerDirectory.mm in Sources */ = {isa = PBXBuildFile; fileRef = E723BEF4C55D236E24639608 /* ofxSyphonServerDirectory.mm */; };
		1F558B76FB3412843DDAA031 /* ofxSyphonClient.mm in Sources */ = {isa = PBXBuildFile; fileRef = 03EA4DA95B5E1B8409FC058E /* ofxSyphonClient.mm */; };
		368CCF86BF3EF63BAFDFA84A /* ofxCurvesTool.cpp in Sources */ = {isa = PBXBuildFile; fileRef = 778CD81BE8E76BB260EF07E9 /* ofxCurvesTool.cpp */; };
		459596D199A343354F3AC4DF /* BSpline.cpp in Sources */ = {isa = PBXBuildFile; fileRef = CC2D375E90EDE09E629F1EFB /* BSpline.cpp */; };
		4ADB88E2FB52E76A471065DE /* ofxOscParameterSync.cpp in Sources */ = {isa = PBXBuildFile; fileRef = 0AED834CE4DEC5260AF302A2 /* ofxOscParameterSync.cpp */; };
		4D508D34156E7076531D9084 /* Syphon.framework in CopyFiles */ = {isa = PBXBuildFile; fileRef = D58DCB2C0AEFDE6171E29540 /* Syphon.framework */; };
		510CAFE035E576A4E1502D52 /* UdpSocket.cpp in Sources */ = {isa = PBXBuildFile; fileRef = E6DEF695B88BA5FAACEAA937 /* UdpSocket.cpp */; };
		5613C2D01C83E07C000CFFDB /* systemUtil.cpp in Sources */ = {isa = PBXBuildFile; fileRef = 5613C2CE1C83E07C000CFFDB /* systemUtil.cpp */; };
		56F1FF161C2284AA00391F3C /* capture.cpp in Sources */ = {isa = PBXBuildFile; fileRef = 56F1FECF1C2284AA00391F3C /* capture.cpp */; };
		56F1FF171C2284AA00391F3C /* color.cpp in Sources */ = {isa = PBXBuildFile; fileRef = 56F1FED11C2284AA00391F3C /* color.cpp */; };
		56F1FF181C2284AA00391F3C /* input.cpp in Sources */ = {isa = PBXBuildFile; fileRef = 56F1FED31C2284AA00391F3C /* input.cpp */; };
		56F1FF191C2284AA00391F3C /* image.cpp in Sources */ = {isa = PBXBuildFile; fileRef = 56F1FED61C2284AA00391F3C /* image.cpp */; };
		56F1FF1A1C2284AA00391F3C /* media.cpp in Sources */ = {isa = PBXBuildFile; fileRef = 56F1FED81C2284AA00391F3C /* media.cpp */; };
		56F1FF1D1C2284AA00391F3C /* video.cpp in Sources */ = {isa = PBXBuildFile; fileRef = 56F1FEE01C2284AA00391F3C /* video.cpp */; };
		56F1FF281C2284AA00391F3C /* command.cpp in Sources */ = {isa = PBXBuildFile; fileRef = 56F1FEFC1C2284AA00391F3C /* command.cpp */; };
		56F1FF291C2284AA00391F3C /* menu.cpp in Sources */ = {isa = PBXBuildFile; fileRef = 56F1FEFF1C2284AA00391F3C /* menu.cpp */; };
		56F1FF2A1C2284AA00391F3C /* socket.cpp in Sources */ = {isa = PBXBuildFile; fileRef = 56F1FF021C2284AA00391F3C /* socket.cpp */; };
		56F1FF2B1C2284AA00391F3C /* model.cpp in Sources */ = {isa = PBXBuildFile; fileRef = 56F1FF051C2284AA00391F3C /* model.cpp */; };
		56F1FF2D1C2284AA00391F3C /* curves.cpp in Sources */ = {isa = PBXBuildFile; fileRef = 56F1FF0A1C2284AA00391F3C /* curves.cpp */; };
		56F1FF301C2284AA00391F3C /* projector.cpp in Sources */ = {isa = PBXBuildFile; fileRef = 56F1FF101C2284AA00391F3C /* projector.cpp */; };
		56F1FF311C2284AA00391F3C /* window.cpp in Sources */ = {isa = PBXBuildFile; fileRef = 56F1FF121C2284AA00391F3C /* window.cpp */; };
		56F1FF321C2284AA00391F3C /* vdome.cpp in Sources */ = {isa = PBXBuildFile; fileRef = 56F1FF141C2284AA00391F3C /* vdome.cpp */; };
		5864AD82E20F15536D054EA3 /* ofxOscMessage.cpp in Sources */ = {isa = PBXBuildFile; fileRef = DF49D76C45D5DB505A234880 /* ofxOscMessage.cpp */; };
		62545D179C94265CA1389D4A /* OscOutboundPacketStream.cpp in Sources */ = {isa = PBXBuildFile; fileRef = 63A47AC60FFAFC3BF093EC0F /* OscOutboundPacketStream.cpp */; };
		640279EE111671BD026CB013 /* ofxOscReceiver.cpp in Sources */ = {isa = PBXBuildFile; fileRef = C2FAC65C491D4231379F3298 /* ofxOscReceiver.cpp */; };
		67FE4C7B15C2F0478C8126C2 /* NetworkingUtils.cpp in Sources */ = {isa = PBXBuildFile; fileRef = 3B361208CD4107E479F04E7B /* NetworkingUtils.cpp */; };
		72A929D3561B8232A182ABFC /* ofxOscBundle.cpp in Sources */ = {isa = PBXBuildFile; fileRef = 65EEFA3DA3526E9CDD9C21F9 /* ofxOscBundle.cpp */; };
		7924EDE836E0C48B86B865AB /* WarpBilinear.cpp in Sources */ = {isa = PBXBuildFile; fileRef = E66AFF545C75ED14E1C316AB /* WarpBilinear.cpp */; };
		879A251454401BC0B6E4F238 /* OscTypes.cpp in Sources */ = {isa = PBXBuildFile; fileRef = D9BFFBBF4CC43DEE890B3C3E /* OscTypes.cpp */; };
		8D60C222CBD3F869382832E9 /* ofxSyphonServer.mm in Sources */ = {isa = PBXBuildFile; fileRef = 32D6F27DC6308427F9A278C1 /* ofxSyphonServer.mm */; };
		8F5205AEF8861EF234F0651A /* ofxOscSender.cpp in Sources */ = {isa = PBXBuildFile; fileRef = 81967292BFC87A0144BD32C6 /* ofxOscSender.cpp */; };
		ADE367465D2A8EBAD4C7A8D9 /* IpEndpointName.cpp in Sources */ = {isa = PBXBuildFile; fileRef = ADD194746185E2DA11468377 /* IpEndpointName.cpp */; };
		B71078A985140C75B7621F14 /* Warp.cpp in Sources */ = {isa = PBXBuildFile; fileRef = 326D0624FE92B9755AA52504 /* Warp.cpp */; };
		BC9466A98441AB0C69F65832 /* WarpPerspectiveBilinear.cpp in Sources */ = {isa = PBXBuildFile; fileRef = 8F868E326085086F291876B4 /* WarpPerspectiveBilinear.cpp */; };
		C4782ECC372420ACE0615B74 /* OscPrintReceivedElements.cpp in Sources */ = {isa = PBXBuildFile; fileRef = BC8881B3C8C0A1C45F042E7A /* OscPrintReceivedElements.cpp */; };
		C9109422648B170B07A778CF /* SyphonNameboundClient.m in Sources */ = {isa = PBXBuildFile; fileRef = E3405C5AE387BDDC2AD19473 /* SyphonNameboundClient.m */; };
		CABA2A99CFDFE993141568F9 /* CurveLut.cpp in Sources */ = {isa = PBXBuildFile; fileRef = 46806B2A6D449C0728C1E5B0 /* CurveLut.cpp */; };
		E027BC090005DA62697AD054 /* WarpPerspective.cpp in Sources */ = {isa = PBXBuildFile; fileRef = 9A30D530D8AB3923AB58A412 /* WarpPerspective.cpp */; };
		E1A3FD40C8BCD507345F1126 /* Syphon.framework in Frameworks */ = {isa = PBXBuildFile; fileRef = D58DCB2C0AEFDE6171E29540 /* Syphon.framework */; };
		E4328149138ABC9F0047C5CB /* openFrameworksDebug.a in Frameworks */ = {isa = PBXBuildFile; fileRef = E4328148138ABC890047C5CB /* openFrameworksDebug.a */; };
		E4B69E200A3A1BDC003C02F2 /* main.cpp in Sources */ = {isa = PBXBuildFile; fileRef = E4B69E1D0A3A1BDC003C02F2 /* main.cpp */; };
/* End PBXBuildFile section */

/* Begin PBXContainerItemProxy section */
		E4328147138ABC890047C5CB /* PBXContainerItemProxy */ = {
			isa = PBXContainerItemProxy;
			containerPortal = E4328143138ABC890047C5CB /* openFrameworksLib.xcodeproj */;
			proxyType = 2;
			remoteGlobalIDString = E4B27C1510CBEB8E00536013;
			remoteInfo = openFrameworks;
		};
		E4EEB9AB138B136A00A80321 /* PBXContainerItemProxy */ = {
			isa = PBXContainerItemProxy;
			containerPortal = E4328143138ABC890047C5CB /* openFrameworksLib.xcodeproj */;
			proxyType = 1;
			remoteGlobalIDString = E4B27C1410CBEB8E00536013;
			remoteInfo = openFrameworks;
		};
/* End PBXContainerItemProxy section */

/* Begin PBXCopyFilesBuildPhase section */
		E4C2427710CC5ABF004149E2 /* CopyFiles */ = {
			isa = PBXCopyFilesBuildPhase;
			buildActionMask = 2147483647;
			dstPath = "";
			dstSubfolderSpec = 10;
			files = (
				4D508D34156E7076531D9084 /* Syphon.framework in CopyFiles */,
			);
			runOnlyForDeploymentPostprocessing = 0;
		};
/* End PBXCopyFilesBuildPhase section */

/* Begin PBXFileReference section */
		00D6D32B84B099226431108C /* ofxOsc.h */ = {isa = PBXFileReference; explicitFileType = sourcecode.c.h; fileEncoding = 30; name = ofxOsc.h; path = ../../../addons/ofxOsc/src/ofxOsc.h; sourceTree = SOURCE_ROOT; };
		01FAC3552E00C3620035EA2F /* ofxSyphonClient.h */ = {isa = PBXFileReference; explicitFileType = sourcecode.c.h; fileEncoding = 30; name = ofxSyphonClient.h; path = ../../../addons/ofxSyphon/src/ofxSyphonClient.h; sourceTree = SOURCE_ROOT; };
		029684CF678F70F6D3537A29 /* OscOutboundPacketStream.h */ = {isa = PBXFileReference; explicitFileType = sourcecode.c.h; fileEncoding = 30; name = OscOutboundPacketStream.h; path = ../../../addons/ofxOsc/libs/oscpack/src/osc/OscOutboundPacketStream.h; sourceTree = SOURCE_ROOT; };
		03EA4DA95B5E1B8409FC058E /* ofxSyphonClient.mm */ = {isa = PBXFileReference; explicitFileType = sourcecode.cpp.objcpp; fileEncoding = 30; name = ofxSyphonClient.mm; path = ../../../addons/ofxSyphon/src/ofxSyphonClient.mm; sourceTree = SOURCE_ROOT; };
		0AED834CE4DEC5260AF302A2 /* ofxOscParameterSync.cpp */ = {isa = PBXFileReference; explicitFileType = sourcecode.cpp.cpp; fileEncoding = 30; name = ofxOscParameterSync.cpp; path = ../../../addons/ofxOsc/src/ofxOscParameterSync.cpp; sourceTree = SOURCE_ROOT; };
		0FB83AC7747296DD35C1C295 /* ofxSyphon.h */ = {isa = PBXFileReference; explicitFileType = sourcecode.c.h; fileEncoding = 30; name = ofxSyphon.h; path = ../../../addons/ofxSyphon/src/ofxSyphon.h; sourceTree = SOURCE_ROOT; };
		20F35AFADAF0068B067E713F /* OscReceivedElements.h */ = {isa = PBXFileReference; explicitFileType = sourcecode.c.h; fileEncoding = 30; name = OscReceivedElements.h; path = ../../../addons/ofxOsc/libs/oscpack/src/osc/OscReceivedElements.h; sourceTree = SOURCE_ROOT; };
		23640F57DF6C4BB6BFC5DA4C /* PacketListener.h */ = {isa = PBXFileReference; explicitFileType = sourcecode.c.h; fileEncoding = 30; name = PacketListener.h; path = ../../../addons/ofxOsc/libs/oscpack/src/ip/PacketListener.h; sourceTree = SOURCE_ROOT; };
		239C9CB0C2CF227CCB73D602 /* Warp.h */ = {isa = PBXFileReference; explicitFileType = sourcecode.c.h; fileEncoding = 30; name = Warp.h; path = ../../../addons/ofxWarping/src/Warp.h; sourceTree = SOURCE_ROOT; };
		2FD4B0329909D3527F003494 /* UdpSocket.h */ = {isa = PBXFileReference; explicitFileType = sourcecode.c.h; fileEncoding = 30; name = UdpSocket.h; path = ../../../addons/ofxOsc/libs/oscpack/src/ip/UdpSocket.h; sourceTree = SOURCE_ROOT; };
		326D0624FE92B9755AA52504 /* Warp.cpp */ = {isa = PBXFileReference; explicitFileType = sourcecode.cpp.cpp; fileEncoding = 30; name = Warp.cpp; path = ../../../addons/ofxWarping/src/Warp.cpp; sourceTree = SOURCE_ROOT; };
		32D6F27DC6308427F9A278C1 /* ofxSyphonServer.mm */ = {isa = PBXFileReference; explicitFileType = sourcecode.cpp.objcpp; fileEncoding = 30; name = ofxSyphonServer.mm; path = ../../../addons/ofxSyphon/src/ofxSyphonServer.mm; sourceTree = SOURCE_ROOT; };
		337B812806A0E7D26A029E5A /* ofxSyphonServerDirectory.h */ = {isa = PBXFileReference; explicitFileType = sourcecode.c.h; fileEncoding = 30; name = ofxSyphonServerDirectory.h; path = ../../../addons/ofxSyphon/src/ofxSyphonServerDirectory.h; sourceTree = SOURCE_ROOT; };
		3B361208CD4107E479F04E7B /* NetworkingUtils.cpp */ = {isa = PBXFileReference; explicitFileType = sourcecode.cpp.cpp; fileEncoding = 30; name = NetworkingUtils.cpp; path = ../../../addons/ofxOsc/libs/oscpack/src/ip/posix/NetworkingUtils.cpp; sourceTree = SOURCE_ROOT; };
		444657A12E59D0ED86981498 /* TimerListener.h */ = {isa = PBXFileReference; explicitFileType = sourcecode.c.h; fileEncoding = 30; name = TimerListener.h; path = ../../../addons/ofxOsc/libs/oscpack/src/ip/TimerListener.h; sourceTree = SOURCE_ROOT; };
		46806B2A6D449C0728C1E5B0 /* CurveLut.cpp */ = {isa = PBXFileReference; explicitFileType = sourcecode.cpp.cpp; fileEncoding = 30; name = CurveLut.cpp; path = ../../../addons/ofxCurvesTool/src/CurveLut.cpp; sourceTree = SOURCE_ROOT; };
		46BBCC26D60B589958BF0D03 /* ofxSyphonServer.h */ = {isa = PBXFileReference; explicitFileType = sourcecode.c.h; fileEncoding = 30; name = ofxSyphonServer.h; path = ../../../addons/ofxSyphon/src/ofxSyphonServer.h; sourceTree = SOURCE_ROOT; };
		48974F980F51769171D0B2F5 /* IpEndpointName.h */ = {isa = PBXFileReference; explicitFileType = sourcecode.c.h; fileEncoding = 30; name = IpEndpointName.h; path = ../../../addons/ofxOsc/libs/oscpack/src/ip/IpEndpointName.h; sourceTree = SOURCE_ROOT; };
		4E95FB446A9C9C6F0DE12D75 /* OscPrintReceivedElements.h */ = {isa = PBXFileReference; explicitFileType = sourcecode.c.h; fileEncoding = 30; name = OscPrintReceivedElements.h; path = ../../../addons/ofxOsc/libs/oscpack/src/osc/OscPrintReceivedElements.h; sourceTree = SOURCE_ROOT; };
		5613C2CE1C83E07C000CFFDB /* systemUtil.cpp */ = {isa = PBXFileReference; explicitFileType = sourcecode.cpp.objcpp; fileEncoding = 4; path = systemUtil.cpp; sourceTree = "<group>"; };
		5613C2CF1C83E07C000CFFDB /* systemUtil.h */ = {isa = PBXFileReference; fileEncoding = 4; lastKnownFileType = sourcecode.c.h; path = systemUtil.h; sourceTree = "<group>"; };
		56F1FECF1C2284AA00391F3C /* capture.cpp */ = {isa = PBXFileReference; fileEncoding = 4; lastKnownFileType = sourcecode.cpp.cpp; path = capture.cpp; sourceTree = "<group>"; };
		56F1FED01C2284AA00391F3C /* capture.h */ = {isa = PBXFileReference; fileEncoding = 4; lastKnownFileType = sourcecode.c.h; path = capture.h; sourceTree = "<group>"; };
		56F1FED11C2284AA00391F3C /* color.cpp */ = {isa = PBXFileReference; fileEncoding = 4; lastKnownFileType = sourcecode.cpp.cpp; path = color.cpp; sourceTree = "<group>"; };
		56F1FED21C2284AA00391F3C /* color.h */ = {isa = PBXFileReference; fileEncoding = 4; lastKnownFileType = sourcecode.c.h; path = color.h; sourceTree = "<group>"; };
		56F1FED31C2284AA00391F3C /* input.cpp */ = {isa = PBXFileReference; fileEncoding = 4; lastKnownFileType = sourcecode.cpp.cpp; path = input.cpp; sourceTree = "<group>"; };
		56F1FED41C2284AA00391F3C /* input.h */ = {isa = PBXFileReference; fileEncoding = 4; lastKnownFileType = sourcecode.c.h; path = input.h; sourceTree = "<group>"; };
		56F1FED61C2284AA00391F3C /* image.cpp */ = {isa = PBXFileReference; fileEncoding = 4; lastKnownFileType = sourcecode.cpp.cpp; path = image.cpp; sourceTree = "<group>"; };
		56F1FED71C2284AA00391F3C /* image.h */ = {isa = PBXFileReference; fileEncoding = 4; lastKnownFileType = sourcecode.c.h; path = image.h; sourceTree = "<group>"; };
		56F1FED81C2284AA00391F3C /* media.cpp */ = {isa = PBXFileReference; fileEncoding = 4; lastKnownFileType = sourcecode.cpp.cpp; path = media.cpp; sourceTree = "<group>"; };
		56F1FED91C2284AA00391F3C /* media.h */ = {isa = PBXFileReference; fileEncoding = 4; lastKnownFileType = sourcecode.c.h; path = media.h; sourceTree = "<group>"; };
		56F1FEE01C2284AA00391F3C /* video.cpp */ = {isa = PBXFileReference; fileEncoding = 4; lastKnownFileType = sourcecode.cpp.cpp; path = video.cpp; sourceTree = "<group>"; };
		56F1FEE11C2284AA00391F3C /* video.h */ = {isa = PBXFileReference; fileEncoding = 4; lastKnownFileType = sourcecode.c.h; path = video.h; sourceTree = "<group>"; };
		56F1FEFC1C2284AA00391F3C /* command.cpp */ = {isa = PBXFileReference; fileEncoding = 4; lastKnownFileType = sourcecode.cpp.cpp; path = command.cpp; sourceTree = "<group>"; };
		56F1FEFD1C2284AA00391F3C /* command.h */ = {isa = PBXFileReference; fileEncoding = 4; lastKnownFileType = sourcecode.c.h; path = command.h; sourceTree = "<group>"; };
		56F1FEFE1C2284AA00391F3C /* commands.h */ = {isa = PBXFileReference; fileEncoding = 4; lastKnownFileType = sourcecode.c.h; path = commands.h; sourceTree = "<group>"; };
		56F1FEFF1C2284AA00391F3C /* menu.cpp */ = {isa = PBXFileReference; fileEncoding = 4; lastKnownFileType = sourcecode.cpp.cpp; path = menu.cpp; sourceTree = "<group>"; };
		56F1FF001C2284AA00391F3C /* menu.h */ = {isa = PBXFileReference; fileEncoding = 4; lastKnownFileType = sourcecode.c.h; path = menu.h; sourceTree = "<group>"; };
		56F1FF011C2284AA00391F3C /* saveThread.h */ = {isa = PBXFileReference; fileEncoding = 4; lastKnownFileType = sourcecode.c.h; path = saveThread.h; sourceTree = "<group>"; };
		56F1FF021C2284AA00391F3C /* socket.cpp */ = {isa = PBXFileReference; fileEncoding = 4; lastKnownFileType = sourcecode.cpp.cpp; path = socket.cpp; sourceTree = "<group>"; };
		56F1FF031C2284AA00391F3C /* socket.h */ = {isa = PBXFileReference; fileEncoding = 4; lastKnownFileType = sourcecode.c.h; path = socket.h; sourceTree = "<group>"; };
		56F1FF051C2284AA00391F3C /* model.cpp */ = {isa = PBXFileReference; fileEncoding = 4; lastKnownFileType = sourcecode.cpp.cpp; path = model.cpp; sourceTree = "<group>"; };
		56F1FF061C2284AA00391F3C /* model.h */ = {isa = PBXFileReference; fileEncoding = 4; lastKnownFileType = sourcecode.c.h; path = model.h; sourceTree = "<group>"; };
		56F1FF0A1C2284AA00391F3C /* curves.cpp */ = {isa = PBXFileReference; fileEncoding = 4; lastKnownFileType = sourcecode.cpp.cpp; path = curves.cpp; sourceTree = "<group>"; };
		56F1FF0B1C2284AA00391F3C /* curves.h */ = {isa = PBXFileReference; fileEncoding = 4; lastKnownFileType = sourcecode.c.h; path = curves.h; sourceTree = "<group>"; };
		56F1FF101C2284AA00391F3C /* projector.cpp */ = {isa = PBXFileReference; fileEncoding = 4; lastKnownFileType = sourcecode.cpp.cpp; path = projector.cpp; sourceTree = "<group>"; };
		56F1FF111C2284AA00391F3C /* projector.h */ = {isa = PBXFileReference; fileEncoding = 4; lastKnownFileType = sourcecode.c.h; path = projector.h; sourceTree = "<group>"; };
		56F1FF121C2284AA00391F3C /* window.cpp */ = {isa = PBXFileReference; fileEncoding = 4; lastKnownFileType = sourcecode.cpp.cpp; path = window.cpp; sourceTree = "<group>"; };
		56F1FF131C2284AA00391F3C /* window.h */ = {isa = PBXFileReference; fileEncoding = 4; lastKnownFileType = sourcecode.c.h; path = window.h; sourceTree = "<group>"; };
		56F1FF141C2284AA00391F3C /* vdome.cpp */ = {isa = PBXFileReference; fileEncoding = 4; lastKnownFileType = sourcecode.cpp.cpp; path = vdome.cpp; sourceTree = "<group>"; };
		56F1FF151C2284AA00391F3C /* vdome.h */ = {isa = PBXFileReference; fileEncoding = 4; lastKnownFileType = sourcecode.c.h; path = vdome.h; sourceTree = "<group>"; };
		63A47AC60FFAFC3BF093EC0F /* OscOutboundPacketStream.cpp */ = {isa = PBXFileReference; explicitFileType = sourcecode.cpp.cpp; fileEncoding = 30; name = OscOutboundPacketStream.cpp; path = ../../../addons/ofxOsc/libs/oscpack/src/osc/OscOutboundPacketStream.cpp; sourceTree = SOURCE_ROOT; };
		65EEFA3DA3526E9CDD9C21F9 /* ofxOscBundle.cpp */ = {isa = PBXFileReference; explicitFileType = sourcecode.cpp.cpp; fileEncoding = 30; name = ofxOscBundle.cpp; path = ../../../addons/ofxOsc/src/ofxOscBundle.cpp; sourceTree = SOURCE_ROOT; };
		6B65E6930994CC4B2D2B8B33 /* OscPacketListener.h */ = {isa = PBXFileReference; explicitFileType = sourcecode.c.h; fileEncoding = 30; name = OscPacketListener.h; path = ../../../addons/ofxOsc/libs/oscpack/src/osc/OscPacketListener.h; sourceTree = SOURCE_ROOT; };
		71FFD50EA75BCC76F0C58D12 /* SyphonNameboundClient.h */ = {isa = PBXFileReference; explicitFileType = sourcecode.c.h; fileEncoding = 30; name = SyphonNameboundClient.h; path = ../../../addons/ofxSyphon/libs/Syphon/src/SyphonNameboundClient.h; sourceTree = SOURCE_ROOT; };
		7689F8A0F3D0B7635A8C3104 /* ofxOscArg.h */ = {isa = PBXFileReference; explicitFileType = sourcecode.c.h; fileEncoding = 30; name = ofxOscArg.h; path = ../../../addons/ofxOsc/src/ofxOscArg.h; sourceTree = SOURCE_ROOT; };
		778CD81BE8E76BB260EF07E9 /* ofxCurvesTool.cpp */ = {isa = PBXFileReference; explicitFileType = sourcecode.cpp.cpp; fileEncoding = 30; name = ofxCurvesTool.cpp; path = ../../../addons/ofxCurvesTool/src/ofxCurvesTool.cpp; sourceTree = SOURCE_ROOT; };
		81967292BFC87A0144BD32C6 /* ofxOscSender.cpp */ = {isa = PBXFileReference; explicitFileType = sourcecode.cpp.cpp; fileEncoding = 30; name = ofxOscSender.cpp; path = ../../../addons/ofxOsc/src/ofxOscSender.cpp; sourceTree = SOURCE_ROOT; };
		8B30E93FD3D3475EED522A0E /* ofxOscBundle.h */ = {isa = PBXFileReference; explicitFileType = sourcecode.c.h; fileEncoding = 30; name = ofxOscBundle.h; path = ../../../addons/ofxOsc/src/ofxOscBundle.h; sourceTree = SOURCE_ROOT; };
		8C75AFC8774A62495DD53464 /* ofxOscReceiver.h */ = {isa = PBXFileReference; explicitFileType = sourcecode.c.h; fileEncoding = 30; name = ofxOscReceiver.h; path = ../../../addons/ofxOsc/src/ofxOscReceiver.h; sourceTree = SOURCE_ROOT; };
		8F868E326085086F291876B4 /* WarpPerspectiveBilinear.cpp */ = {isa = PBXFileReference; explicitFileType = sourcecode.cpp.cpp; fileEncoding = 30; name = WarpPerspectiveBilinear.cpp; path = ../../../addons/ofxWarping/src/WarpPerspectiveBilinear.cpp; sourceTree = SOURCE_ROOT; };
		9A30D530D8AB3923AB58A412 /* WarpPerspective.cpp */ = {isa = PBXFileReference; explicitFileType = sourcecode.cpp.cpp; fileEncoding = 30; name = WarpPerspective.cpp; path = ../../../addons/ofxWarping/src/WarpPerspective.cpp; sourceTree = SOURCE_ROOT; };
		9BF3AA0D4FAA89D0F8A0E545 /* OscReceivedElements.cpp */ = {isa = PBXFileReference; explicitFileType = sourcecode.cpp.cpp; fileEncoding = 30; name = OscReceivedElements.cpp; path = ../../../addons/ofxOsc/libs/oscpack/src/osc/OscReceivedElements.cpp; sourceTree = SOURCE_ROOT; };
		9F7986DC4EB05E75FCE2C777 /* ofxOscSender.h */ = {isa = PBXFileReference; explicitFileType = sourcecode.c.h; fileEncoding = 30; name = ofxOscSender.h; path = ../../../addons/ofxOsc/src/ofxOscSender.h; sourceTree = SOURCE_ROOT; };
		A2AAA8CA403479E6FCDF920E /* OscHostEndianness.h */ = {isa = PBXFileReference; explicitFileType = sourcecode.c.h; fileEncoding = 30; name = OscHostEndianness.h; path = ../../../addons/ofxOsc/libs/oscpack/src/osc/OscHostEndianness.h; sourceTree = SOURCE_ROOT; };
		ADD194746185E2DA11468377 /* IpEndpointName.cpp */ = {isa = PBXFileReference; explicitFileType = sourcecode.cpp.cpp; fileEncoding = 30; name = IpEndpointName.cpp; path = ../../../addons/ofxOsc/libs/oscpack/src/ip/IpEndpointName.cpp; sourceTree = SOURCE_ROOT; };
		AE335EB4709BFD4671EEAC84 /* MessageMappingOscPacketListener.h */ = {isa = PBXFileReference; explicitFileType = sourcecode.c.h; fileEncoding = 30; name = MessageMappingOscPacketListener.h; path = ../../../addons/ofxOsc/libs/oscpack/src/osc/MessageMappingOscPacketListener.h; sourceTree = SOURCE_ROOT; };
		B31C608870ECEB2490A93736 /* ofxOscParameterSync.h */ = {isa = PBXFileReference; explicitFileType = sourcecode.c.h; fileEncoding = 30; name = ofxOscParameterSync.h; path = ../../../addons/ofxOsc/src/ofxOscParameterSync.h; sourceTree = SOURCE_ROOT; };
		BC8881B3C8C0A1C45F042E7A /* OscPrintReceivedElements.cpp */ = {isa = PBXFileReference; explicitFileType = sourcecode.cpp.cpp; fileEncoding = 30; name = OscPrintReceivedElements.cpp; path = ../../../addons/ofxOsc/libs/oscpack/src/osc/OscPrintReceivedElements.cpp; sourceTree = SOURCE_ROOT; };
		C2FAC65C491D4231379F3298 /* ofxOscReceiver.cpp */ = {isa = PBXFileReference; explicitFileType = sourcecode.cpp.cpp; fileEncoding = 30; name = ofxOscReceiver.cpp; path = ../../../addons/ofxOsc/src/ofxOscReceiver.cpp; sourceTree = SOURCE_ROOT; };
		C58862C6D212C8E8A83810F4 /* ofxOscMessage.h */ = {isa = PBXFileReference; explicitFileType = sourcecode.c.h; fileEncoding = 30; name = ofxOscMessage.h; path = ../../../addons/ofxOsc/src/ofxOscMessage.h; sourceTree = SOURCE_ROOT; };
		C6937888E126BADC8777423B /* OscTypes.h */ = {isa = PBXFileReference; explicitFileType = sourcecode.c.h; fileEncoding = 30; name = OscTypes.h; path = ../../../addons/ofxOsc/libs/oscpack/src/osc/OscTypes.h; sourceTree = SOURCE_ROOT; };
		CC2D375E90EDE09E629F1EFB /* BSpline.cpp */ = {isa = PBXFileReference; explicitFileType = sourcecode.cpp.cpp; fileEncoding = 30; name = BSpline.cpp; path = ../../../addons/ofxWarping/libs/BSpline.cpp; sourceTree = SOURCE_ROOT; };
		D58DCB2C0AEFDE6171E29540 /* Syphon.framework */ = {isa = PBXFileReference; lastKnownFileType = wrapper.framework; name = Syphon.framework; path = ../../../addons/ofxSyphon/libs/Syphon/lib/osx/Syphon.framework; sourceTree = "<group>"; };
		D9BFFBBF4CC43DEE890B3C3E /* OscTypes.cpp */ = {isa = PBXFileReference; explicitFileType = sourcecode.cpp.cpp; fileEncoding = 30; name = OscTypes.cpp; path = ../../../addons/ofxOsc/libs/oscpack/src/osc/OscTypes.cpp; sourceTree = SOURCE_ROOT; };
		DF27CC1BDEE86E17685B13B7 /* ofxCurvesTool.h */ = {isa = PBXFileReference; explicitFileType = sourcecode.c.h; fileEncoding = 30; name = ofxCurvesTool.h; path = ../../../addons/ofxCurvesTool/src/ofxCurvesTool.h; sourceTree = SOURCE_ROOT; };
		DF49D76C45D5DB505A234880 /* ofxOscMessage.cpp */ = {isa = PBXFileReference; explicitFileType = sourcecode.cpp.cpp; fileEncoding = 30; name = ofxOscMessage.cpp; path = ../../../addons/ofxOsc/src/ofxOscMessage.cpp; sourceTree = SOURCE_ROOT; };
		E3405C5AE387BDDC2AD19473 /* SyphonNameboundClient.m */ = {isa = PBXFileReference; explicitFileType = sourcecode.cpp.objcpp; fileEncoding = 30; name = SyphonNameboundClient.m; path = ../../../addons/ofxSyphon/libs/Syphon/src/SyphonNameboundClient.m; sourceTree = SOURCE_ROOT; };
		E4328143138ABC890047C5CB /* openFrameworksLib.xcodeproj */ = {isa = PBXFileReference; lastKnownFileType = "wrapper.pb-project"; name = openFrameworksLib.xcodeproj; path = ../../../libs/openFrameworksCompiled/project/osx/openFrameworksLib.xcodeproj; sourceTree = SOURCE_ROOT; };
		E4B69B5B0A3A1756003C02F2 /* vDomeDebug.app */ = {isa = PBXFileReference; explicitFileType = wrapper.application; includeInIndex = 0; path = vDomeDebug.app; sourceTree = BUILT_PRODUCTS_DIR; };
		E4B69E1D0A3A1BDC003C02F2 /* main.cpp */ = {isa = PBXFileReference; fileEncoding = 30; lastKnownFileType = sourcecode.cpp.cpp; name = main.cpp; path = src/main.cpp; sourceTree = SOURCE_ROOT; };
		E4B6FCAD0C3E899E008CF71C /* openFrameworks-Info.plist */ = {isa = PBXFileReference; fileEncoding = 30; lastKnownFileType = text.plist.xml; path = "openFrameworks-Info.plist"; sourceTree = "<group>"; };
		E4EB691F138AFCF100A09F29 /* CoreOF.xcconfig */ = {isa = PBXFileReference; fileEncoding = 4; lastKnownFileType = text.xcconfig; name = CoreOF.xcconfig; path = ../../../libs/openFrameworksCompiled/project/osx/CoreOF.xcconfig; sourceTree = SOURCE_ROOT; };
		E4EB6923138AFD0F00A09F29 /* Project.xcconfig */ = {isa = PBXFileReference; fileEncoding = 4; lastKnownFileType = text.xcconfig; path = Project.xcconfig; sourceTree = "<group>"; };
		E66AFF545C75ED14E1C316AB /* WarpBilinear.cpp */ = {isa = PBXFileReference; explicitFileType = sourcecode.cpp.cpp; fileEncoding = 30; name = WarpBilinear.cpp; path = ../../../addons/ofxWarping/src/WarpBilinear.cpp; sourceTree = SOURCE_ROOT; };
		E6DEF695B88BA5FAACEAA937 /* UdpSocket.cpp */ = {isa = PBXFileReference; explicitFileType = sourcecode.cpp.cpp; fileEncoding = 30; name = UdpSocket.cpp; path = ../../../addons/ofxOsc/libs/oscpack/src/ip/posix/UdpSocket.cpp; sourceTree = SOURCE_ROOT; };
		E723BEF4C55D236E24639608 /* ofxSyphonServerDirectory.mm */ = {isa = PBXFileReference; explicitFileType = sourcecode.cpp.objcpp; fileEncoding = 30; name = ofxSyphonServerDirectory.mm; path = ../../../addons/ofxSyphon/src/ofxSyphonServerDirectory.mm; sourceTree = SOURCE_ROOT; };
		F4F5B6B8BA2BD52C646ED908 /* OscException.h */ = {isa = PBXFileReference; explicitFileType = sourcecode.c.h; fileEncoding = 30; name = OscException.h; path = ../../../addons/ofxOsc/libs/oscpack/src/osc/OscException.h; sourceTree = SOURCE_ROOT; };
		F7FBC56859535E597B24BB91 /* NetworkingUtils.h */ = {isa = PBXFileReference; explicitFileType = sourcecode.c.h; fileEncoding = 30; name = NetworkingUtils.h; path = ../../../addons/ofxOsc/libs/oscpack/src/ip/NetworkingUtils.h; sourceTree = SOURCE_ROOT; };
		FD33B7340EDEB58594932152 /* BSpline.h */ = {isa = PBXFileReference; explicitFileType = sourcecode.c.h; fileEncoding = 30; name = BSpline.h; path = ../../../addons/ofxWarping/libs/BSpline.h; sourceTree = SOURCE_ROOT; };
		FDC7E48CDC4CEFDBBCA9DBAC /* CurveLut.h */ = {isa = PBXFileReference; explicitFileType = sourcecode.c.h; fileEncoding = 30; name = CurveLut.h; path = ../../../addons/ofxCurvesTool/src/CurveLut.h; sourceTree = SOURCE_ROOT; };
/* End PBXFileReference section */

/* Begin PBXFrameworksBuildPhase section */
		E4B69B590A3A1756003C02F2 /* Frameworks */ = {
			isa = PBXFrameworksBuildPhase;
			buildActionMask = 2147483647;
			files = (
				E4328149138ABC9F0047C5CB /* openFrameworksDebug.a in Frameworks */,
				E1A3FD40C8BCD507345F1126 /* Syphon.framework in Frameworks */,
			);
			runOnlyForDeploymentPostprocessing = 0;
		};
/* End PBXFrameworksBuildPhase section */

/* Begin PBXGroup section */
		20FC95435D1FC200D4265565 /* ofxCurvesTool */ = {
			isa = PBXGroup;
			children = (
				33B5C9EE7906A41F4DB818C4 /* src */,
			);
			name = ofxCurvesTool;
			sourceTree = "<group>";
		};
		2317994671CD76BBA16927B8 /* libs */ = {
			isa = PBXGroup;
			children = (
				65F3085962B3A8825746C3C2 /* Syphon */,
			);
			name = libs;
			sourceTree = "<group>";
		};
		30CB364908817057B430D528 /* osc */ = {
			isa = PBXGroup;
			children = (
				AE335EB4709BFD4671EEAC84 /* MessageMappingOscPacketListener.h */,
				F4F5B6B8BA2BD52C646ED908 /* OscException.h */,
				A2AAA8CA403479E6FCDF920E /* OscHostEndianness.h */,
				63A47AC60FFAFC3BF093EC0F /* OscOutboundPacketStream.cpp */,
				029684CF678F70F6D3537A29 /* OscOutboundPacketStream.h */,
				6B65E6930994CC4B2D2B8B33 /* OscPacketListener.h */,
				BC8881B3C8C0A1C45F042E7A /* OscPrintReceivedElements.cpp */,
				4E95FB446A9C9C6F0DE12D75 /* OscPrintReceivedElements.h */,
				9BF3AA0D4FAA89D0F8A0E545 /* OscReceivedElements.cpp */,
				20F35AFADAF0068B067E713F /* OscReceivedElements.h */,
				D9BFFBBF4CC43DEE890B3C3E /* OscTypes.cpp */,
				C6937888E126BADC8777423B /* OscTypes.h */,
			);
			name = osc;
			sourceTree = "<group>";
		};
		33B5C9EE7906A41F4DB818C4 /* src */ = {
			isa = PBXGroup;
			children = (
				46806B2A6D449C0728C1E5B0 /* CurveLut.cpp */,
				FDC7E48CDC4CEFDBBCA9DBAC /* CurveLut.h */,
				778CD81BE8E76BB260EF07E9 /* ofxCurvesTool.cpp */,
				DF27CC1BDEE86E17685B13B7 /* ofxCurvesTool.h */,
			);
			name = src;
			sourceTree = "<group>";
		};
		38871A5825686AE018EC2BF0 /* libs */ = {
			isa = PBXGroup;
			children = (
				86D2677079A3AF4A5A88E29A /* oscpack */,
			);
			name = libs;
			sourceTree = "<group>";
		};
		398D2AD7D162CE13BF40CD4F /* lib */ = {
			isa = PBXGroup;
			children = (
				821159A073ABA066739FD401 /* osx */,
			);
			name = lib;
			sourceTree = "<group>";
		};
		49A9E39C52C2DF4DDA1E185F /* src */ = {
			isa = PBXGroup;
			children = (
				0FB83AC7747296DD35C1C295 /* ofxSyphon.h */,
				01FAC3552E00C3620035EA2F /* ofxSyphonClient.h */,
				03EA4DA95B5E1B8409FC058E /* ofxSyphonClient.mm */,
				46BBCC26D60B589958BF0D03 /* ofxSyphonServer.h */,
				32D6F27DC6308427F9A278C1 /* ofxSyphonServer.mm */,
				337B812806A0E7D26A029E5A /* ofxSyphonServerDirectory.h */,
				E723BEF4C55D236E24639608 /* ofxSyphonServerDirectory.mm */,
			);
			name = src;
			sourceTree = "<group>";
		};
		4A2466B49C6387AA7926FADC /* ofxWarping */ = {
			isa = PBXGroup;
			children = (
				9C72EFA592CC4E04BA5B23AF /* src */,
				4F31E908E587106FFCE4CF75 /* libs */,
			);
			name = ofxWarping;
			sourceTree = "<group>";
		};
		4F31E908E587106FFCE4CF75 /* libs */ = {
			isa = PBXGroup;
			children = (
				CC2D375E90EDE09E629F1EFB /* BSpline.cpp */,
				FD33B7340EDEB58594932152 /* BSpline.h */,
			);
			name = libs;
			sourceTree = "<group>";
		};
		50EAFB5FF7C5722E7B4895C7 /* src */ = {
			isa = PBXGroup;
			children = (
				71FFD50EA75BCC76F0C58D12 /* SyphonNameboundClient.h */,
				E3405C5AE387BDDC2AD19473 /* SyphonNameboundClient.m */,
			);
			name = src;
			sourceTree = "<group>";
		};
		56F1FECD1C2284AA00391F3C /* vdome */ = {
			isa = PBXGroup;
			children = (
				56F1FECE1C2284AA00391F3C /* input */,
				56F1FEFB1C2284AA00391F3C /* menu */,
				56F1FF041C2284AA00391F3C /* renderer */,
				56F1FF141C2284AA00391F3C /* vdome.cpp */,
				56F1FF151C2284AA00391F3C /* vdome.h */,
			);
			path = vdome;
			sourceTree = "<group>";
		};
		56F1FECE1C2284AA00391F3C /* input */ = {
			isa = PBXGroup;
			children = (
				56F1FECF1C2284AA00391F3C /* capture.cpp */,
				56F1FED01C2284AA00391F3C /* capture.h */,
				56F1FED11C2284AA00391F3C /* color.cpp */,
				56F1FED21C2284AA00391F3C /* color.h */,
				56F1FED31C2284AA00391F3C /* input.cpp */,
				56F1FED41C2284AA00391F3C /* input.h */,
				56F1FED51C2284AA00391F3C /* media */,
			);
			path = input;
			sourceTree = "<group>";
		};
		56F1FED51C2284AA00391F3C /* media */ = {
			isa = PBXGroup;
			children = (
				56F1FED61C2284AA00391F3C /* image.cpp */,
				56F1FED71C2284AA00391F3C /* image.h */,
				56F1FED81C2284AA00391F3C /* media.cpp */,
				56F1FED91C2284AA00391F3C /* media.h */,
				56F1FEE01C2284AA00391F3C /* video.cpp */,
				56F1FEE11C2284AA00391F3C /* video.h */,
			);
			path = media;
			sourceTree = "<group>";
		};
		56F1FEFB1C2284AA00391F3C /* menu */ = {
			isa = PBXGroup;
			children = (
				5613C2CE1C83E07C000CFFDB /* systemUtil.cpp */,
				5613C2CF1C83E07C000CFFDB /* systemUtil.h */,
				56F1FEFC1C2284AA00391F3C /* command.cpp */,
				56F1FEFD1C2284AA00391F3C /* command.h */,
				56F1FEFE1C2284AA00391F3C /* commands.h */,
				56F1FEFF1C2284AA00391F3C /* menu.cpp */,
				56F1FF001C2284AA00391F3C /* menu.h */,
				56F1FF011C2284AA00391F3C /* saveThread.h */,
				56F1FF021C2284AA00391F3C /* socket.cpp */,
				56F1FF031C2284AA00391F3C /* socket.h */,
			);
			path = menu;
			sourceTree = "<group>";
		};
		56F1FF041C2284AA00391F3C /* renderer */ = {
			isa = PBXGroup;
			children = (
				56F1FF051C2284AA00391F3C /* model.cpp */,
				56F1FF061C2284AA00391F3C /* model.h */,
				56F1FF071C2284AA00391F3C /* projector */,
				56F1FF121C2284AA00391F3C /* window.cpp */,
				56F1FF131C2284AA00391F3C /* window.h */,
			);
			path = renderer;
			sourceTree = "<group>";
		};
		56F1FF071C2284AA00391F3C /* projector */ = {
			isa = PBXGroup;
			children = (
				56F1FF0A1C2284AA00391F3C /* curves.cpp */,
				56F1FF0B1C2284AA00391F3C /* curves.h */,
				56F1FF101C2284AA00391F3C /* projector.cpp */,
				56F1FF111C2284AA00391F3C /* projector.h */,
			);
			path = projector;
			sourceTree = "<group>";
		};
		641362CA659FAFEE4E81001B /* posix */ = {
			isa = PBXGroup;
			children = (
				3B361208CD4107E479F04E7B /* NetworkingUtils.cpp */,
				E6DEF695B88BA5FAACEAA937 /* UdpSocket.cpp */,
			);
			name = posix;
			sourceTree = "<group>";
		};
		65F3085962B3A8825746C3C2 /* Syphon */ = {
			isa = PBXGroup;
			children = (
				50EAFB5FF7C5722E7B4895C7 /* src */,
				398D2AD7D162CE13BF40CD4F /* lib */,
			);
			name = Syphon;
			sourceTree = "<group>";
		};
		6948EE371B920CB800B5AC1A /* local_addons */ = {
			isa = PBXGroup;
			children = (
			);
			name = local_addons;
			sourceTree = "<group>";
		};
		7F3C04577424427D348B1425 /* ofxSyphon */ = {
			isa = PBXGroup;
			children = (
				49A9E39C52C2DF4DDA1E185F /* src */,
				2317994671CD76BBA16927B8 /* libs */,
			);
			name = ofxSyphon;
			sourceTree = "<group>";
		};
		821159A073ABA066739FD401 /* osx */ = {
			isa = PBXGroup;
			children = (
				D58DCB2C0AEFDE6171E29540 /* Syphon.framework */,
			);
			name = osx;
			sourceTree = "<group>";
		};
		86D2677079A3AF4A5A88E29A /* oscpack */ = {
			isa = PBXGroup;
			children = (
				D27B2221A225CA523C019676 /* src */,
			);
			name = oscpack;
			sourceTree = "<group>";
		};
		9C72EFA592CC4E04BA5B23AF /* src */ = {
			isa = PBXGroup;
			children = (
				326D0624FE92B9755AA52504 /* Warp.cpp */,
				239C9CB0C2CF227CCB73D602 /* Warp.h */,
				E66AFF545C75ED14E1C316AB /* WarpBilinear.cpp */,
				9A30D530D8AB3923AB58A412 /* WarpPerspective.cpp */,
				8F868E326085086F291876B4 /* WarpPerspectiveBilinear.cpp */,
			);
			name = src;
			sourceTree = "<group>";
		};
		BB4B014C10F69532006C3DED /* addons */ = {
			isa = PBXGroup;
			children = (
				20FC95435D1FC200D4265565 /* ofxCurvesTool */,
				E6053AB7FEC63D5F83825B88 /* ofxOsc */,
				7F3C04577424427D348B1425 /* ofxSyphon */,
				4A2466B49C6387AA7926FADC /* ofxWarping */,
			);
			name = addons;
			sourceTree = "<group>";
		};
		BD2F1A9F8D0C05EDB29122D0 /* src */ = {
			isa = PBXGroup;
			children = (
				00D6D32B84B099226431108C /* ofxOsc.h */,
				7689F8A0F3D0B7635A8C3104 /* ofxOscArg.h */,
				65EEFA3DA3526E9CDD9C21F9 /* ofxOscBundle.cpp */,
				8B30E93FD3D3475EED522A0E /* ofxOscBundle.h */,
				DF49D76C45D5DB505A234880 /* ofxOscMessage.cpp */,
				C58862C6D212C8E8A83810F4 /* ofxOscMessage.h */,
				0AED834CE4DEC5260AF302A2 /* ofxOscParameterSync.cpp */,
				B31C608870ECEB2490A93736 /* ofxOscParameterSync.h */,
				C2FAC65C491D4231379F3298 /* ofxOscReceiver.cpp */,
				8C75AFC8774A62495DD53464 /* ofxOscReceiver.h */,
				81967292BFC87A0144BD32C6 /* ofxOscSender.cpp */,
				9F7986DC4EB05E75FCE2C777 /* ofxOscSender.h */,
			);
			name = src;
			sourceTree = "<group>";
		};
		D27B2221A225CA523C019676 /* src */ = {
			isa = PBXGroup;
			children = (
				FF8CDF57858E9B94E3237115 /* ip */,
				30CB364908817057B430D528 /* osc */,
			);
			name = src;
			sourceTree = "<group>";
		};
		E4328144138ABC890047C5CB /* Products */ = {
			isa = PBXGroup;
			children = (
				E4328148138ABC890047C5CB /* openFrameworksDebug.a */,
			);
			name = Products;
			sourceTree = "<group>";
		};
		E4B69B4A0A3A1720003C02F2 = {
			isa = PBXGroup;
			children = (
				E4B6FCAD0C3E899E008CF71C /* openFrameworks-Info.plist */,
				E4EB6923138AFD0F00A09F29 /* Project.xcconfig */,
				E4B69E1C0A3A1BDC003C02F2 /* src */,
				E4EEC9E9138DF44700A80321 /* openFrameworks */,
				BB4B014C10F69532006C3DED /* addons */,
				6948EE371B920CB800B5AC1A /* local_addons */,
				E4B69B5B0A3A1756003C02F2 /* vDomeDebug.app */,
			);
			sourceTree = "<group>";
		};
		E4B69E1C0A3A1BDC003C02F2 /* src */ = {
			isa = PBXGroup;
			children = (
				56F1FECD1C2284AA00391F3C /* vdome */,
				E4B69E1D0A3A1BDC003C02F2 /* main.cpp */,
			);
			path = src;
			sourceTree = SOURCE_ROOT;
		};
		E4EEC9E9138DF44700A80321 /* openFrameworks */ = {
			isa = PBXGroup;
			children = (
				E4EB691F138AFCF100A09F29 /* CoreOF.xcconfig */,
				E4328143138ABC890047C5CB /* openFrameworksLib.xcodeproj */,
			);
			name = openFrameworks;
			sourceTree = "<group>";
		};
		E6053AB7FEC63D5F83825B88 /* ofxOsc */ = {
			isa = PBXGroup;
			children = (
				BD2F1A9F8D0C05EDB29122D0 /* src */,
				38871A5825686AE018EC2BF0 /* libs */,
			);
			name = ofxOsc;
			sourceTree = "<group>";
		};
		FF8CDF57858E9B94E3237115 /* ip */ = {
			isa = PBXGroup;
			children = (
				ADD194746185E2DA11468377 /* IpEndpointName.cpp */,
				48974F980F51769171D0B2F5 /* IpEndpointName.h */,
				F7FBC56859535E597B24BB91 /* NetworkingUtils.h */,
				23640F57DF6C4BB6BFC5DA4C /* PacketListener.h */,
				641362CA659FAFEE4E81001B /* posix */,
				444657A12E59D0ED86981498 /* TimerListener.h */,
				2FD4B0329909D3527F003494 /* UdpSocket.h */,
			);
			name = ip;
			sourceTree = "<group>";
		};
/* End PBXGroup section */

/* Begin PBXNativeTarget section */
		E4B69B5A0A3A1756003C02F2 /* vDome */ = {
			isa = PBXNativeTarget;
			buildConfigurationList = E4B69B5F0A3A1757003C02F2 /* Build configuration list for PBXNativeTarget "vDome" */;
			buildPhases = (
				E4B69B580A3A1756003C02F2 /* Sources */,
				E4B69B590A3A1756003C02F2 /* Frameworks */,
				E4B6FFFD0C3F9AB9008CF71C /* ShellScript */,
				E4C2427710CC5ABF004149E2 /* CopyFiles */,
			);
			buildRules = (
			);
			dependencies = (
				E4EEB9AC138B136A00A80321 /* PBXTargetDependency */,
			);
			name = vDome;
			productName = myOFApp;
			productReference = E4B69B5B0A3A1756003C02F2 /* vDomeDebug.app */;
			productType = "com.apple.product-type.application";
		};
/* End PBXNativeTarget section */

/* Begin PBXProject section */
		E4B69B4C0A3A1720003C02F2 /* Project object */ = {
			isa = PBXProject;
			attributes = {
				LastUpgradeCheck = 0600;
			};
			buildConfigurationList = E4B69B4D0A3A1720003C02F2 /* Build configuration list for PBXProject "vDome" */;
			compatibilityVersion = "Xcode 3.2";
			developmentRegion = English;
			hasScannedForEncodings = 0;
			knownRegions = (
				English,
				Japanese,
				French,
				German,
			);
			mainGroup = E4B69B4A0A3A1720003C02F2;
			productRefGroup = E4B69B4A0A3A1720003C02F2;
			projectDirPath = "";
			projectReferences = (
				{
					ProductGroup = E4328144138ABC890047C5CB /* Products */;
					ProjectRef = E4328143138ABC890047C5CB /* openFrameworksLib.xcodeproj */;
				},
			);
			projectRoot = "";
			targets = (
				E4B69B5A0A3A1756003C02F2 /* vDome */,
			);
		};
/* End PBXProject section */

/* Begin PBXReferenceProxy section */
		E4328148138ABC890047C5CB /* openFrameworksDebug.a */ = {
			isa = PBXReferenceProxy;
			fileType = archive.ar;
			path = openFrameworksDebug.a;
			remoteRef = E4328147138ABC890047C5CB /* PBXContainerItemProxy */;
			sourceTree = BUILT_PRODUCTS_DIR;
		};
/* End PBXReferenceProxy section */

/* Begin PBXShellScriptBuildPhase section */
		E4B6FFFD0C3F9AB9008CF71C /* ShellScript */ = {
			isa = PBXShellScriptBuildPhase;
			buildActionMask = 2147483647;
			files = (
			);
			inputPaths = (
			);
			outputPaths = (
			);
			runOnlyForDeploymentPostprocessing = 0;
			shellPath = /bin/sh;
			shellScript = "rsync -aved ../../../libs/fmodex/lib/osx/libfmodex.dylib \"$TARGET_BUILD_DIR/$PRODUCT_NAME.app/Contents/MacOS/\"; install_name_tool -change ./libfmodex.dylib @executable_path/libfmodex.dylib \"$TARGET_BUILD_DIR/$PRODUCT_NAME.app/Contents/MacOS/$PRODUCT_NAME\";\nmkdir -p \"$TARGET_BUILD_DIR/$PRODUCT_NAME.app/Contents/Resources/\"\nrsync -aved \"$ICON_FILE\" \"$TARGET_BUILD_DIR/$PRODUCT_NAME.app/Contents/Resources/\"\nrsync -aved ../../../libs/glut/lib/osx/GLUT.framework \"$TARGET_BUILD_DIR/$PRODUCT_NAME.app/Contents/Frameworks/\"\n";
		};
/* End PBXShellScriptBuildPhase section */

/* Begin PBXSourcesBuildPhase section */
		E4B69B580A3A1756003C02F2 /* Sources */ = {
			isa = PBXSourcesBuildPhase;
			buildActionMask = 2147483647;
			files = (
				E4B69E200A3A1BDC003C02F2 /* main.cpp in Sources */,
				CABA2A99CFDFE993141568F9 /* CurveLut.cpp in Sources */,
				56F1FF2A1C2284AA00391F3C /* socket.cpp in Sources */,
				368CCF86BF3EF63BAFDFA84A /* ofxCurvesTool.cpp in Sources */,
				72A929D3561B8232A182ABFC /* ofxOscBundle.cpp in Sources */,
				5864AD82E20F15536D054EA3 /* ofxOscMessage.cpp in Sources */,
				5613C2D01C83E07C000CFFDB /* systemUtil.cpp in Sources */,
				4ADB88E2FB52E76A471065DE /* ofxOscParameterSync.cpp in Sources */,
				640279EE111671BD026CB013 /* ofxOscReceiver.cpp in Sources */,
				8F5205AEF8861EF234F0651A /* ofxOscSender.cpp in Sources */,
				56F1FF2B1C2284AA00391F3C /* model.cpp in Sources */,
				ADE367465D2A8EBAD4C7A8D9 /* IpEndpointName.cpp in Sources */,
				67FE4C7B15C2F0478C8126C2 /* NetworkingUtils.cpp in Sources */,
				510CAFE035E576A4E1502D52 /* UdpSocket.cpp in Sources */,
				62545D179C94265CA1389D4A /* OscOutboundPacketStream.cpp in Sources */,
				56F1FF161C2284AA00391F3C /* capture.cpp in Sources */,
				C4782ECC372420ACE0615B74 /* OscPrintReceivedElements.cpp in Sources */,
				0546D1A38E13BD319CC9755B /* OscReceivedElements.cpp in Sources */,
				879A251454401BC0B6E4F238 /* OscTypes.cpp in Sources */,
				56F1FF291C2284AA00391F3C /* menu.cpp in Sources */,
				1F558B76FB3412843DDAA031 /* ofxSyphonClient.mm in Sources */,
				56F1FF191C2284AA00391F3C /* image.cpp in Sources */,
				56F1FF181C2284AA00391F3C /* input.cpp in Sources */,
				8D60C222CBD3F869382832E9 /* ofxSyphonServer.mm in Sources */,
				11DF9AB1B4EAA63E3B190CA0 /* ofxSyphonServerDirectory.mm in Sources */,
				56F1FF281C2284AA00391F3C /* command.cpp in Sources */,
				C9109422648B170B07A778CF /* SyphonNameboundClient.m in Sources */,
				B71078A985140C75B7621F14 /* Warp.cpp in Sources */,
				56F1FF321C2284AA00391F3C /* vdome.cpp in Sources */,
				7924EDE836E0C48B86B865AB /* WarpBilinear.cpp in Sources */,
				E027BC090005DA62697AD054 /* WarpPerspective.cpp in Sources */,
				56F1FF1A1C2284AA00391F3C /* media.cpp in Sources */,
				BC9466A98441AB0C69F65832 /* WarpPerspectiveBilinear.cpp in Sources */,
				56F1FF2D1C2284AA00391F3C /* curves.cpp in Sources */,
				459596D199A343354F3AC4DF /* BSpline.cpp in Sources */,
				56F1FF1D1C2284AA00391F3C /* video.cpp in Sources */,
				56F1FF301C2284AA00391F3C /* projector.cpp in Sources */,
				56F1FF171C2284AA00391F3C /* color.cpp in Sources */,
				56F1FF311C2284AA00391F3C /* window.cpp in Sources */,
			);
			runOnlyForDeploymentPostprocessing = 0;
		};
/* End PBXSourcesBuildPhase section */

/* Begin PBXTargetDependency section */
		E4EEB9AC138B136A00A80321 /* PBXTargetDependency */ = {
			isa = PBXTargetDependency;
			name = openFrameworks;
			targetProxy = E4EEB9AB138B136A00A80321 /* PBXContainerItemProxy */;
		};
/* End PBXTargetDependency section */

/* Begin XCBuildConfiguration section */
		E4B69B4E0A3A1720003C02F2 /* Debug */ = {
			isa = XCBuildConfiguration;
			baseConfigurationReference = E4EB6923138AFD0F00A09F29 /* Project.xcconfig */;
			buildSettings = {
				CONFIGURATION_BUILD_DIR = "$(SRCROOT)/bin/";
				COPY_PHASE_STRIP = NO;
				DEAD_CODE_STRIPPING = YES;
				GCC_AUTO_VECTORIZATION = YES;
				GCC_ENABLE_SSE3_EXTENSIONS = YES;
				GCC_ENABLE_SUPPLEMENTAL_SSE3_INSTRUCTIONS = YES;
				GCC_INLINES_ARE_PRIVATE_EXTERN = NO;
				GCC_OPTIMIZATION_LEVEL = 0;
				GCC_SYMBOLS_PRIVATE_EXTERN = NO;
				GCC_WARN_ABOUT_DEPRECATED_FUNCTIONS = YES;
				GCC_WARN_ABOUT_INVALID_OFFSETOF_MACRO = NO;
				GCC_WARN_ALLOW_INCOMPLETE_PROTOCOL = NO;
				GCC_WARN_UNINITIALIZED_AUTOS = NO;
				GCC_WARN_UNUSED_VALUE = NO;
				GCC_WARN_UNUSED_VARIABLE = NO;
				HEADER_SEARCH_PATHS = (
					"$(OF_CORE_HEADERS)",
					../../../addons/ofxCurvesTool/src,
					../../../addons/ofxOsc/libs,
					../../../addons/ofxOsc/libs/oscpack,
					../../../addons/ofxOsc/libs/oscpack/src,
					../../../addons/ofxOsc/libs/oscpack/src/ip,
					../../../addons/ofxOsc/libs/oscpack/src/ip/posix,
					../../../addons/ofxOsc/libs/oscpack/src/ip/win32,
					../../../addons/ofxOsc/libs/oscpack/src/osc,
					../../../addons/ofxOsc/src,
					../../../addons/ofxSyphon/libs,
					../../../addons/ofxSyphon/libs/Syphon,
					../../../addons/ofxSyphon/libs/Syphon/lib,
					../../../addons/ofxSyphon/libs/Syphon/lib/osx,
					../../../addons/ofxSyphon/libs/Syphon/src,
					../../../addons/ofxSyphon/src,
					../../../addons/ofxWarping/libs,
					../../../addons/ofxWarping/libs/glm,
					../../../addons/ofxWarping/libs/glm/detail,
					../../../addons/ofxWarping/libs/glm/gtc,
					../../../addons/ofxWarping/libs/glm/gtx,
					../../../addons/ofxWarping/src,
				);
				MACOSX_DEPLOYMENT_TARGET = 10.8;
				ONLY_ACTIVE_ARCH = YES;
				OTHER_CPLUSPLUSFLAGS = (
					"-D__MACOSX_CORE__",
					"-mtune=native",
				);
				SDKROOT = macosx;
			};
			name = Debug;
		};
		E4B69B4F0A3A1720003C02F2 /* Release */ = {
			isa = XCBuildConfiguration;
			baseConfigurationReference = E4EB6923138AFD0F00A09F29 /* Project.xcconfig */;
			buildSettings = {
				CONFIGURATION_BUILD_DIR = "$(SRCROOT)/bin/";
				COPY_PHASE_STRIP = YES;
				DEAD_CODE_STRIPPING = YES;
				GCC_AUTO_VECTORIZATION = YES;
				GCC_ENABLE_SSE3_EXTENSIONS = YES;
				GCC_ENABLE_SUPPLEMENTAL_SSE3_INSTRUCTIONS = YES;
				GCC_INLINES_ARE_PRIVATE_EXTERN = NO;
				GCC_OPTIMIZATION_LEVEL = 3;
				GCC_SYMBOLS_PRIVATE_EXTERN = NO;
				GCC_UNROLL_LOOPS = YES;
				GCC_WARN_ABOUT_DEPRECATED_FUNCTIONS = YES;
				GCC_WARN_ABOUT_INVALID_OFFSETOF_MACRO = NO;
				GCC_WARN_ALLOW_INCOMPLETE_PROTOCOL = NO;
				GCC_WARN_UNINITIALIZED_AUTOS = NO;
				GCC_WARN_UNUSED_VALUE = NO;
				GCC_WARN_UNUSED_VARIABLE = NO;
				HEADER_SEARCH_PATHS = (
					"$(OF_CORE_HEADERS)",
					../../../addons/ofxCurvesTool/src,
					../../../addons/ofxOsc/libs,
					../../../addons/ofxOsc/libs/oscpack,
					../../../addons/ofxOsc/libs/oscpack/src,
					../../../addons/ofxOsc/libs/oscpack/src/ip,
					../../../addons/ofxOsc/libs/oscpack/src/ip/posix,
					../../../addons/ofxOsc/libs/oscpack/src/ip/win32,
					../../../addons/ofxOsc/libs/oscpack/src/osc,
					../../../addons/ofxOsc/src,
					../../../addons/ofxSyphon/libs,
					../../../addons/ofxSyphon/libs/Syphon,
					../../../addons/ofxSyphon/libs/Syphon/lib,
					../../../addons/ofxSyphon/libs/Syphon/lib/osx,
					../../../addons/ofxSyphon/libs/Syphon/src,
					../../../addons/ofxSyphon/src,
					../../../addons/ofxWarping/libs,
					../../../addons/ofxWarping/libs/glm,
					../../../addons/ofxWarping/libs/glm/detail,
					../../../addons/ofxWarping/libs/glm/gtc,
					../../../addons/ofxWarping/libs/glm/gtx,
					../../../addons/ofxWarping/src,
				);
				MACOSX_DEPLOYMENT_TARGET = 10.8;
				OTHER_CPLUSPLUSFLAGS = (
					"-D__MACOSX_CORE__",
					"-mtune=native",
				);
				SDKROOT = macosx;
			};
			name = Release;
		};
		E4B69B600A3A1757003C02F2 /* Debug */ = {
			isa = XCBuildConfiguration;
			baseConfigurationReference = E4EB6923138AFD0F00A09F29 /* Project.xcconfig */;
			buildSettings = {
				COMBINE_HIDPI_IMAGES = YES;
				COPY_PHASE_STRIP = NO;
				FRAMEWORK_SEARCH_PATHS = (
					"$(inherited)",
					"$(FRAMEWORK_SEARCH_PATHS_QUOTED_FOR_TARGET_1)",
					../../../addons/ofxSyphon/libs/Syphon/lib/osx,
				);
				FRAMEWORK_SEARCH_PATHS_QUOTED_FOR_TARGET_1 = "\"$(SRCROOT)/../../../libs/glut/lib/osx\"";
				GCC_DYNAMIC_NO_PIC = NO;
				GCC_GENERATE_DEBUGGING_SYMBOLS = YES;
				GCC_MODEL_TUNING = NONE;
				HEADER_SEARCH_PATHS = (
					"$(OF_CORE_HEADERS)",
					../../../addons/ofxCurvesTool/src,
					../../../addons/ofxOsc/libs,
					../../../addons/ofxOsc/libs/oscpack,
					../../../addons/ofxOsc/libs/oscpack/src,
					../../../addons/ofxOsc/libs/oscpack/src/ip,
					../../../addons/ofxOsc/libs/oscpack/src/ip/posix,
					../../../addons/ofxOsc/libs/oscpack/src/ip/win32,
					../../../addons/ofxOsc/libs/oscpack/src/osc,
					../../../addons/ofxOsc/src,
					../../../addons/ofxSyphon/libs,
					../../../addons/ofxSyphon/libs/Syphon,
					../../../addons/ofxSyphon/libs/Syphon/lib,
					../../../addons/ofxSyphon/libs/Syphon/lib/osx,
					../../../addons/ofxSyphon/libs/Syphon/src,
					../../../addons/ofxSyphon/src,
					../../../addons/ofxWarping/libs,
					../../../addons/ofxWarping/libs/glm,
					../../../addons/ofxWarping/libs/glm/detail,
					../../../addons/ofxWarping/libs/glm/gtc,
					../../../addons/ofxWarping/libs/glm/gtx,
					../../../addons/ofxWarping/src,
				);
				ICON = "$(ICON_NAME_DEBUG)";
				ICON_FILE = "$(ICON_FILE_PATH)$(ICON)";
				INFOPLIST_FILE = "openFrameworks-Info.plist";
				INSTALL_PATH = "$(HOME)/Applications";
				LIBRARY_SEARCH_PATHS = "$(inherited)";
				MACOSX_DEPLOYMENT_TARGET = 10.10;
				PRODUCT_NAME = "$(TARGET_NAME)Debug";
				WRAPPER_EXTENSION = app;
			};
			name = Debug;
		};
		E4B69B610A3A1757003C02F2 /* Release */ = {
			isa = XCBuildConfiguration;
			baseConfigurationReference = E4EB6923138AFD0F00A09F29 /* Project.xcconfig */;
			buildSettings = {
				COMBINE_HIDPI_IMAGES = YES;
				COPY_PHASE_STRIP = YES;
				FRAMEWORK_SEARCH_PATHS = (
					"$(inherited)",
					"$(FRAMEWORK_SEARCH_PATHS_QUOTED_FOR_TARGET_1)",
					../../../addons/ofxSyphon/libs/Syphon/lib/osx,
				);
				FRAMEWORK_SEARCH_PATHS_QUOTED_FOR_TARGET_1 = "\"$(SRCROOT)/../../../libs/glut/lib/osx\"";
				GCC_GENERATE_DEBUGGING_SYMBOLS = YES;
				GCC_MODEL_TUNING = NONE;
				HEADER_SEARCH_PATHS = (
					"$(OF_CORE_HEADERS)",
					../../../addons/ofxCurvesTool/src,
					../../../addons/ofxOsc/libs,
					../../../addons/ofxOsc/libs/oscpack,
					../../../addons/ofxOsc/libs/oscpack/src,
					../../../addons/ofxOsc/libs/oscpack/src/ip,
					../../../addons/ofxOsc/libs/oscpack/src/ip/posix,
					../../../addons/ofxOsc/libs/oscpack/src/ip/win32,
					../../../addons/ofxOsc/libs/oscpack/src/osc,
					../../../addons/ofxOsc/src,
					../../../addons/ofxSyphon/libs,
					../../../addons/ofxSyphon/libs/Syphon,
					../../../addons/ofxSyphon/libs/Syphon/lib,
					../../../addons/ofxSyphon/libs/Syphon/lib/osx,
					../../../addons/ofxSyphon/libs/Syphon/src,
					../../../addons/ofxSyphon/src,
					../../../addons/ofxWarping/libs,
					../../../addons/ofxWarping/libs/glm,
					../../../addons/ofxWarping/libs/glm/detail,
					../../../addons/ofxWarping/libs/glm/gtc,
					../../../addons/ofxWarping/libs/glm/gtx,
					../../../addons/ofxWarping/src,
				);
				ICON = "$(ICON_NAME_RELEASE)";
				ICON_FILE = "$(ICON_FILE_PATH)$(ICON)";
				INFOPLIST_FILE = "openFrameworks-Info.plist";
				INSTALL_PATH = "$(HOME)/Applications";
				LIBRARY_SEARCH_PATHS = "$(inherited)";
				MACOSX_DEPLOYMENT_TARGET = 10.10;
				PRODUCT_NAME = "$(TARGET_NAME)";
				WRAPPER_EXTENSION = app;
				baseConfigurationReference = E4EB6923138AFD0F00A09F29;
			};
			name = Release;
		};
/* End XCBuildConfiguration section */

/* Begin XCConfigurationList section */
		E4B69B4D0A3A1720003C02F2 /* Build configuration list for PBXProject "vDome" */ = {
			isa = XCConfigurationList;
			buildConfigurations = (
				E4B69B4E0A3A1720003C02F2 /* Debug */,
				E4B69B4F0A3A1720003C02F2 /* Release */,
			);
			defaultConfigurationIsVisible = 0;
			defaultConfigurationName = Release;
		};
		E4B69B5F0A3A1757003C02F2 /* Build configuration list for PBXNativeTarget "vDome" */ = {
			isa = XCConfigurationList;
			buildConfigurations = (
				E4B69B600A3A1757003C02F2 /* Debug */,
				E4B69B610A3A1757003C02F2 /* Release */,
			);
			defaultConfigurationIsVisible = 0;
			defaultConfigurationName = Release;
		};
/* End XCConfigurationList section */
	};
	rootObject = E4B69B4C0A3A1720003C02F2 /* Project object */;
}
